<?xml version="1.0" encoding="utf-8"?>
<Project ToolsVersion="4.0" xmlns="http://schemas.microsoft.com/developer/msbuild/2003">
  <ItemGroup>
    <ClCompile Include="My_ConsoleGame.cpp" />
    <ClCompile Include="ConSoleObject.cpp" />
    <ClCompile Include="ConsoleScreen.cpp" />
    <ClCompile Include="Galaga.cpp" />
    <ClCompile Include="Player.cpp" />
    <ClCompile Include="Bullet.cpp" />
  </ItemGroup>
  <ItemGroup>
    <ClInclude Include="ConSoleObject.h" />
    <ClInclude Include="ConsoleScreen.h" />
    <ClInclude Include="GlobalHeader.h" />
    <ClInclude Include="MyMath.h" />
    <ClInclude Include="Galaga.h" />
    <ClInclude Include="Player.h" />
    <ClInclude Include="Bullet.h" />
    <ClInclude Include="ConSoleGameProject.h" />
  </ItemGroup>
</Project>