<?xml version="1.0" encoding="utf-8"?>
<Project ToolsVersion="4.0" xmlns="http://schemas.microsoft.com/developer/msbuild/2003">
  <ItemGroup>
    <ClCompile Include="Teacher_TextRPG.cpp" />
    <ClCompile Include="FightUnit.cpp" />
    <ClCompile Include="FightZone.cpp" />
    <ClCompile Include="Monster.cpp" />
    <ClCompile Include="Player.cpp" />
    <ClCompile Include="StatusUnit.cpp" />
  </ItemGroup>
  <ItemGroup>
    <ClInclude Include="FightUnit.h" />
    <ClInclude Include="FightZone.h" />
    <ClInclude Include="Monster.h" />
    <ClInclude Include="Player.h" />
    <ClInclude Include="StatusUnit.h" />
  </ItemGroup>
</Project>