
Microsoft Visual Studio Solution File, Format Version 12.00
# Visual Studio Version 17
VisualStudioVersion = 17.8.34330.188
MinimumVisualStudioVersion = 10.0.40219.1
Project("{8BC9CEB8-8B4A-11D0-8D11-00A0C91BC942}") = "000_CPPStart", "000_CPPStart\000_CPPStart.vcxproj", "{D77C1286-692B-4D92-98A8-D00ED7046FA9}"
EndProject
Project("{8BC9CEB8-8B4A-11D0-8D11-00A0C91BC942}") = "001_Complie", "001_Complie\001_Complie.vcxproj", "{2C892575-B425-4531-B6A1-F7843DB7F5D8}"
EndProject
Project("{8BC9CEB8-8B4A-11D0-8D11-00A0C91BC942}") = "006_VarToMemory", "006_VarToMemory\006_VarToMemory.vcxproj", "{15EABC36-71EE-4F32-B362-B8D0E2938C69}"
EndProject
Project("{8BC9CEB8-8B4A-11D0-8D11-00A0C91BC942}") = "007_GlobalVar", "007_GlobalVar\007_GlobalVar.vcxproj", "{C6924556-7573-40C8-8191-037DEAC00A32}"
EndProject
Project("{8BC9CEB8-8B4A-11D0-8D11-00A0C91BC942}") = "008_Operator", "008_Operator\008_Operator.vcxproj", "{82E1BA87-6ACA-451F-B16B-F1F4C7022F86}"
EndProject
Project("{8BC9CEB8-8B4A-11D0-8D11-00A0C91BC942}") = "0_BJO", "0000_Free\0000_Free.vcxproj", "{AC614AE0-CEE7-4196-8DB1-D2D90B873FE1}"
EndProject
Project("{8BC9CEB8-8B4A-11D0-8D11-00A0C91BC942}") = "009_FunctionEx", "009_FunctionEx\009_FunctionEx.vcxproj", "{6021C304-5463-47C0-BA27-BC618EBC5479}"
EndProject
Project("{8BC9CEB8-8B4A-11D0-8D11-00A0C91BC942}") = "010_Pointer", "010_Pointer\010_Pointer.vcxproj", "{ACA8D4E7-452D-47D3-80B0-72AFD968A2A5}"
EndProject
Project("{8BC9CEB8-8B4A-11D0-8D11-00A0C91BC942}") = "011_Casting", "011_Casting\011_Casting.vcxproj", "{900BEC9A-552A-4A0B-9711-26C3383AF406}"
EndProject
Project("{8BC9CEB8-8B4A-11D0-8D11-00A0C91BC942}") = "012_PointerOperator", "012_PointerOperator\012_PointerOperator.vcxproj", "{1A7DC208-010E-45EF-980A-934875BD4C3A}"
EndProject
Project("{8BC9CEB8-8B4A-11D0-8D11-00A0C91BC942}") = "013_Nullptr", "013_Nullptr\013_Nullptr.vcxproj", "{28DFC905-45BF-4502-8F77-272923F130E3}"
EndProject
Project("{8BC9CEB8-8B4A-11D0-8D11-00A0C91BC942}") = "014_Ref", "014_Ref\014_Ref.vcxproj", "{B4750AB5-82A9-45F8-8223-6076FC0A0285}"
EndProject
Project("{8BC9CEB8-8B4A-11D0-8D11-00A0C91BC942}") = "015_Arrary", "015_Arrary\015_Arrary.vcxproj", "{5CAD50F5-1FA8-48B9-AC79-192B0221524D}"
EndProject
Project("{2150E333-8FDC-42A3-9474-1A3956D46DE8}") = "Test", "Test", "{1EA201D8-7A5A-49F1-A8D1-E5294CEF4FF0}"
EndProject
Project("{8BC9CEB8-8B4A-11D0-8D11-00A0C91BC942}") = "Prameterinter", "Prameterinter\Prameterinter.vcxproj", "{9E26298D-BE1F-4929-AFC5-D1F1EB3A39E1}"
EndProject
Project("{8BC9CEB8-8B4A-11D0-8D11-00A0C91BC942}") = "1_Free", "1_Free\1_Free.vcxproj", "{88F54405-B1BC-4D7E-B64E-E75C08951B0C}"
EndProject
Global
	GlobalSection(SolutionConfigurationPlatforms) = preSolution
		Debug|x64 = Debug|x64
		Debug|x86 = Debug|x86
		Release|x64 = Release|x64
		Release|x86 = Release|x86
	EndGlobalSection
	GlobalSection(ProjectConfigurationPlatforms) = postSolution
		{D77C1286-692B-4D92-98A8-D00ED7046FA9}.Debug|x64.ActiveCfg = Debug|x64
		{D77C1286-692B-4D92-98A8-D00ED7046FA9}.Debug|x64.Build.0 = Debug|x64
		{D77C1286-692B-4D92-98A8-D00ED7046FA9}.Debug|x86.ActiveCfg = Debug|Win32
		{D77C1286-692B-4D92-98A8-D00ED7046FA9}.Debug|x86.Build.0 = Debug|Win32
		{D77C1286-692B-4D92-98A8-D00ED7046FA9}.Release|x64.ActiveCfg = Release|x64
		{D77C1286-692B-4D92-98A8-D00ED7046FA9}.Release|x64.Build.0 = Release|x64
		{D77C1286-692B-4D92-98A8-D00ED7046FA9}.Release|x86.ActiveCfg = Release|Win32
		{D77C1286-692B-4D92-98A8-D00ED7046FA9}.Release|x86.Build.0 = Release|Win32
		{2C892575-B425-4531-B6A1-F7843DB7F5D8}.Debug|x64.ActiveCfg = Debug|x64
		{2C892575-B425-4531-B6A1-F7843DB7F5D8}.Debug|x64.Build.0 = Debug|x64
		{2C892575-B425-4531-B6A1-F7843DB7F5D8}.Debug|x86.ActiveCfg = Debug|Win32
		{2C892575-B425-4531-B6A1-F7843DB7F5D8}.Debug|x86.Build.0 = Debug|Win32
		{2C892575-B425-4531-B6A1-F7843DB7F5D8}.Release|x64.ActiveCfg = Release|x64
		{2C892575-B425-4531-B6A1-F7843DB7F5D8}.Release|x64.Build.0 = Release|x64
		{2C892575-B425-4531-B6A1-F7843DB7F5D8}.Release|x86.ActiveCfg = Release|Win32
		{2C892575-B425-4531-B6A1-F7843DB7F5D8}.Release|x86.Build.0 = Release|Win32
		{15EABC36-71EE-4F32-B362-B8D0E2938C69}.Debug|x64.ActiveCfg = Debug|x64
		{15EABC36-71EE-4F32-B362-B8D0E2938C69}.Debug|x64.Build.0 = Debug|x64
		{15EABC36-71EE-4F32-B362-B8D0E2938C69}.Debug|x86.ActiveCfg = Debug|Win32
		{15EABC36-71EE-4F32-B362-B8D0E2938C69}.Debug|x86.Build.0 = Debug|Win32
		{15EABC36-71EE-4F32-B362-B8D0E2938C69}.Release|x64.ActiveCfg = Release|x64
		{15EABC36-71EE-4F32-B362-B8D0E2938C69}.Release|x64.Build.0 = Release|x64
		{15EABC36-71EE-4F32-B362-B8D0E2938C69}.Release|x86.ActiveCfg = Release|Win32
		{15EABC36-71EE-4F32-B362-B8D0E2938C69}.Release|x86.Build.0 = Release|Win32
		{C6924556-7573-40C8-8191-037DEAC00A32}.Debug|x64.ActiveCfg = Debug|x64
		{C6924556-7573-40C8-8191-037DEAC00A32}.Debug|x64.Build.0 = Debug|x64
		{C6924556-7573-40C8-8191-037DEAC00A32}.Debug|x86.ActiveCfg = Debug|Win32
		{C6924556-7573-40C8-8191-037DEAC00A32}.Debug|x86.Build.0 = Debug|Win32
		{C6924556-7573-40C8-8191-037DEAC00A32}.Release|x64.ActiveCfg = Release|x64
		{C6924556-7573-40C8-8191-037DEAC00A32}.Release|x64.Build.0 = Release|x64
		{C6924556-7573-40C8-8191-037DEAC00A32}.Release|x86.ActiveCfg = Release|Win32
		{C6924556-7573-40C8-8191-037DEAC00A32}.Release|x86.Build.0 = Release|Win32
		{82E1BA87-6ACA-451F-B16B-F1F4C7022F86}.Debug|x64.ActiveCfg = Debug|x64
		{82E1BA87-6ACA-451F-B16B-F1F4C7022F86}.Debug|x64.Build.0 = Debug|x64
		{82E1BA87-6ACA-451F-B16B-F1F4C7022F86}.Debug|x86.ActiveCfg = Debug|Win32
		{82E1BA87-6ACA-451F-B16B-F1F4C7022F86}.Debug|x86.Build.0 = Debug|Win32
		{82E1BA87-6ACA-451F-B16B-F1F4C7022F86}.Release|x64.ActiveCfg = Release|x64
		{82E1BA87-6ACA-451F-B16B-F1F4C7022F86}.Release|x64.Build.0 = Release|x64
		{82E1BA87-6ACA-451F-B16B-F1F4C7022F86}.Release|x86.ActiveCfg = Release|Win32
		{82E1BA87-6ACA-451F-B16B-F1F4C7022F86}.Release|x86.Build.0 = Release|Win32
		{AC614AE0-CEE7-4196-8DB1-D2D90B873FE1}.Debug|x64.ActiveCfg = Debug|x64
		{AC614AE0-CEE7-4196-8DB1-D2D90B873FE1}.Debug|x64.Build.0 = Debug|x64
		{AC614AE0-CEE7-4196-8DB1-D2D90B873FE1}.Debug|x86.ActiveCfg = Debug|Win32
		{AC614AE0-CEE7-4196-8DB1-D2D90B873FE1}.Debug|x86.Build.0 = Debug|Win32
		{AC614AE0-CEE7-4196-8DB1-D2D90B873FE1}.Release|x64.ActiveCfg = Release|x64
		{AC614AE0-CEE7-4196-8DB1-D2D90B873FE1}.Release|x64.Build.0 = Release|x64
		{AC614AE0-CEE7-4196-8DB1-D2D90B873FE1}.Release|x86.ActiveCfg = Release|Win32
		{AC614AE0-CEE7-4196-8DB1-D2D90B873FE1}.Release|x86.Build.0 = Release|Win32
		{6021C304-5463-47C0-BA27-BC618EBC5479}.Debug|x64.ActiveCfg = Debug|x64
		{6021C304-5463-47C0-BA27-BC618EBC5479}.Debug|x64.Build.0 = Debug|x64
		{6021C304-5463-47C0-BA27-BC618EBC5479}.Debug|x86.ActiveCfg = Debug|Win32
		{6021C304-5463-47C0-BA27-BC618EBC5479}.Debug|x86.Build.0 = Debug|Win32
		{6021C304-5463-47C0-BA27-BC618EBC5479}.Release|x64.ActiveCfg = Release|x64
		{6021C304-5463-47C0-BA27-BC618EBC5479}.Release|x64.Build.0 = Release|x64
		{6021C304-5463-47C0-BA27-BC618EBC5479}.Release|x86.ActiveCfg = Release|Win32
		{6021C304-5463-47C0-BA27-BC618EBC5479}.Release|x86.Build.0 = Release|Win32
		{ACA8D4E7-452D-47D3-80B0-72AFD968A2A5}.Debug|x64.ActiveCfg = Debug|x64
		{ACA8D4E7-452D-47D3-80B0-72AFD968A2A5}.Debug|x64.Build.0 = Debug|x64
		{ACA8D4E7-452D-47D3-80B0-72AFD968A2A5}.Debug|x86.ActiveCfg = Debug|Win32
		{ACA8D4E7-452D-47D3-80B0-72AFD968A2A5}.Debug|x86.Build.0 = Debug|Win32
		{ACA8D4E7-452D-47D3-80B0-72AFD968A2A5}.Release|x64.ActiveCfg = Release|x64
		{ACA8D4E7-452D-47D3-80B0-72AFD968A2A5}.Release|x64.Build.0 = Release|x64
		{ACA8D4E7-452D-47D3-80B0-72AFD968A2A5}.Release|x86.ActiveCfg = Release|Win32
		{ACA8D4E7-452D-47D3-80B0-72AFD968A2A5}.Release|x86.Build.0 = Release|Win32
		{900BEC9A-552A-4A0B-9711-26C3383AF406}.Debug|x64.ActiveCfg = Debug|x64
		{900BEC9A-552A-4A0B-9711-26C3383AF406}.Debug|x64.Build.0 = Debug|x64
		{900BEC9A-552A-4A0B-9711-26C3383AF406}.Debug|x86.ActiveCfg = Debug|Win32
		{900BEC9A-552A-4A0B-9711-26C3383AF406}.Debug|x86.Build.0 = Debug|Win32
		{900BEC9A-552A-4A0B-9711-26C3383AF406}.Release|x64.ActiveCfg = Release|x64
		{900BEC9A-552A-4A0B-9711-26C3383AF406}.Release|x64.Build.0 = Release|x64
		{900BEC9A-552A-4A0B-9711-26C3383AF406}.Release|x86.ActiveCfg = Release|Win32
		{900BEC9A-552A-4A0B-9711-26C3383AF406}.Release|x86.Build.0 = Release|Win32
		{1A7DC208-010E-45EF-980A-934875BD4C3A}.Debug|x64.ActiveCfg = Debug|x64
		{1A7DC208-010E-45EF-980A-934875BD4C3A}.Debug|x64.Build.0 = Debug|x64
		{1A7DC208-010E-45EF-980A-934875BD4C3A}.Debug|x86.ActiveCfg = Debug|Win32
		{1A7DC208-010E-45EF-980A-934875BD4C3A}.Debug|x86.Build.0 = Debug|Win32
		{1A7DC208-010E-45EF-980A-934875BD4C3A}.Release|x64.ActiveCfg = Release|x64
		{1A7DC208-010E-45EF-980A-934875BD4C3A}.Release|x64.Build.0 = Release|x64
		{1A7DC208-010E-45EF-980A-934875BD4C3A}.Release|x86.ActiveCfg = Release|Win32
		{1A7DC208-010E-45EF-980A-934875BD4C3A}.Release|x86.Build.0 = Release|Win32
		{28DFC905-45BF-4502-8F77-272923F130E3}.Debug|x64.ActiveCfg = Debug|x64
		{28DFC905-45BF-4502-8F77-272923F130E3}.Debug|x64.Build.0 = Debug|x64
		{28DFC905-45BF-4502-8F77-272923F130E3}.Debug|x86.ActiveCfg = Debug|Win32
		{28DFC905-45BF-4502-8F77-272923F130E3}.Debug|x86.Build.0 = Debug|Win32
		{28DFC905-45BF-4502-8F77-272923F130E3}.Release|x64.ActiveCfg = Release|x64
		{28DFC905-45BF-4502-8F77-272923F130E3}.Release|x64.Build.0 = Release|x64
		{28DFC905-45BF-4502-8F77-272923F130E3}.Release|x86.ActiveCfg = Release|Win32
		{28DFC905-45BF-4502-8F77-272923F130E3}.Release|x86.Build.0 = Release|Win32
		{B4750AB5-82A9-45F8-8223-6076FC0A0285}.Debug|x64.ActiveCfg = Debug|x64
		{B4750AB5-82A9-45F8-8223-6076FC0A0285}.Debug|x64.Build.0 = Debug|x64
		{B4750AB5-82A9-45F8-8223-6076FC0A0285}.Debug|x86.ActiveCfg = Debug|Win32
		{B4750AB5-82A9-45F8-8223-6076FC0A0285}.Debug|x86.Build.0 = Debug|Win32
		{B4750AB5-82A9-45F8-8223-6076FC0A0285}.Release|x64.ActiveCfg = Release|x64
		{B4750AB5-82A9-45F8-8223-6076FC0A0285}.Release|x64.Build.0 = Release|x64
		{B4750AB5-82A9-45F8-8223-6076FC0A0285}.Release|x86.ActiveCfg = Release|Win32
		{B4750AB5-82A9-45F8-8223-6076FC0A0285}.Release|x86.Build.0 = Release|Win32
		{5CAD50F5-1FA8-48B9-AC79-192B0221524D}.Debug|x64.ActiveCfg = Debug|x64
		{5CAD50F5-1FA8-48B9-AC79-192B0221524D}.Debug|x64.Build.0 = Debug|x64
		{5CAD50F5-1FA8-48B9-AC79-192B0221524D}.Debug|x86.ActiveCfg = Debug|Win32
		{5CAD50F5-1FA8-48B9-AC79-192B0221524D}.Debug|x86.Build.0 = Debug|Win32
		{5CAD50F5-1FA8-48B9-AC79-192B0221524D}.Release|x64.ActiveCfg = Release|x64
		{5CAD50F5-1FA8-48B9-AC79-192B0221524D}.Release|x64.Build.0 = Release|x64
		{5CAD50F5-1FA8-48B9-AC79-192B0221524D}.Release|x86.ActiveCfg = Release|Win32
		{5CAD50F5-1FA8-48B9-AC79-192B0221524D}.Release|x86.Build.0 = Release|Win32
		{9E26298D-BE1F-4929-AFC5-D1F1EB3A39E1}.Debug|x64.ActiveCfg = Debug|x64
		{9E26298D-BE1F-4929-AFC5-D1F1EB3A39E1}.Debug|x64.Build.0 = Debug|x64
		{9E26298D-BE1F-4929-AFC5-D1F1EB3A39E1}.Debug|x86.ActiveCfg = Debug|Win32
		{9E26298D-BE1F-4929-AFC5-D1F1EB3A39E1}.Debug|x86.Build.0 = Debug|Win32
		{9E26298D-BE1F-4929-AFC5-D1F1EB3A39E1}.Release|x64.ActiveCfg = Release|x64
		{9E26298D-BE1F-4929-AFC5-D1F1EB3A39E1}.Release|x64.Build.0 = Release|x64
		{9E26298D-BE1F-4929-AFC5-D1F1EB3A39E1}.Release|x86.ActiveCfg = Release|Win32
		{9E26298D-BE1F-4929-AFC5-D1F1EB3A39E1}.Release|x86.Build.0 = Release|Win32
		{88F54405-B1BC-4D7E-B64E-E75C08951B0C}.Debug|x64.ActiveCfg = Debug|x64
		{88F54405-B1BC-4D7E-B64E-E75C08951B0C}.Debug|x64.Build.0 = Debug|x64
		{88F54405-B1BC-4D7E-B64E-E75C08951B0C}.Debug|x86.ActiveCfg = Debug|Win32
		{88F54405-B1BC-4D7E-B64E-E75C08951B0C}.Debug|x86.Build.0 = Debug|Win32
		{88F54405-B1BC-4D7E-B64E-E75C08951B0C}.Release|x64.ActiveCfg = Release|x64
		{88F54405-B1BC-4D7E-B64E-E75C08951B0C}.Release|x64.Build.0 = Release|x64
		{88F54405-B1BC-4D7E-B64E-E75C08951B0C}.Release|x86.ActiveCfg = Release|Win32
		{88F54405-B1BC-4D7E-B64E-E75C08951B0C}.Release|x86.Build.0 = Release|Win32
	EndGlobalSection
	GlobalSection(SolutionProperties) = preSolution
		HideSolutionNode = FALSE
	EndGlobalSection
	GlobalSection(NestedProjects) = preSolution
		{AC614AE0-CEE7-4196-8DB1-D2D90B873FE1} = {1EA201D8-7A5A-49F1-A8D1-E5294CEF4FF0}
		{9E26298D-BE1F-4929-AFC5-D1F1EB3A39E1} = {1EA201D8-7A5A-49F1-A8D1-E5294CEF4FF0}
		{88F54405-B1BC-4D7E-B64E-E75C08951B0C} = {1EA201D8-7A5A-49F1-A8D1-E5294CEF4FF0}
	EndGlobalSection
	GlobalSection(ExtensibilityGlobals) = postSolution
		SolutionGuid = {363FF8B0-F0BA-49C2-9185-6B26B67E97FE}
	EndGlobalSection
EndGlobal
