
Microsoft Visual Studio Solution File, Format Version 12.00
# Visual Studio Version 17
VisualStudioVersion = 17.8.34330.188
MinimumVisualStudioVersion = 10.0.40219.1
Project("{8BC9CEB8-8B4A-11D0-8D11-00A0C91BC942}") = "000_CPPStart", "000_CPPStart\000_CPPStart.vcxproj", "{D77C1286-692B-4D92-98A8-D00ED7046FA9}"
EndProject
Project("{8BC9CEB8-8B4A-11D0-8D11-00A0C91BC942}") = "001_Complie", "001_Complie\001_Complie.vcxproj", "{2C892575-B425-4531-B6A1-F7843DB7F5D8}"
EndProject
Project("{8BC9CEB8-8B4A-11D0-8D11-00A0C91BC942}") = "006_VarToMemory", "006_VarToMemory\006_VarToMemory.vcxproj", "{15EABC36-71EE-4F32-B362-B8D0E2938C69}"
EndProject
Project("{8BC9CEB8-8B4A-11D0-8D11-00A0C91BC942}") = "007_GlobalVar", "007_GlobalVar\007_GlobalVar.vcxproj", "{C6924556-7573-40C8-8191-037DEAC00A32}"
EndProject
Project("{8BC9CEB8-8B4A-11D0-8D11-00A0C91BC942}") = "008_Operator", "008_Operator\008_Operator.vcxproj", "{82E1BA87-6ACA-451F-B16B-F1F4C7022F86}"
EndProject
Project("{8BC9CEB8-8B4A-11D0-8D11-00A0C91BC942}") = "009_FunctionEx", "009_FunctionEx\009_FunctionEx.vcxproj", "{6021C304-5463-47C0-BA27-BC618EBC5479}"
EndProject
Project("{8BC9CEB8-8B4A-11D0-8D11-00A0C91BC942}") = "010_Pointer", "010_Pointer\010_Pointer.vcxproj", "{ACA8D4E7-452D-47D3-80B0-72AFD968A2A5}"
EndProject
Project("{8BC9CEB8-8B4A-11D0-8D11-00A0C91BC942}") = "011_Casting", "011_Casting\011_Casting.vcxproj", "{900BEC9A-552A-4A0B-9711-26C3383AF406}"
EndProject
Project("{8BC9CEB8-8B4A-11D0-8D11-00A0C91BC942}") = "012_PointerOperator", "012_PointerOperator\012_PointerOperator.vcxproj", "{1A7DC208-010E-45EF-980A-934875BD4C3A}"
EndProject
Project("{8BC9CEB8-8B4A-11D0-8D11-00A0C91BC942}") = "013_Nullptr", "013_Nullptr\013_Nullptr.vcxproj", "{28DFC905-45BF-4502-8F77-272923F130E3}"
EndProject
Project("{8BC9CEB8-8B4A-11D0-8D11-00A0C91BC942}") = "014_Ref", "014_Ref\014_Ref.vcxproj", "{B4750AB5-82A9-45F8-8223-6076FC0A0285}"
EndProject
Project("{8BC9CEB8-8B4A-11D0-8D11-00A0C91BC942}") = "015_Arrary", "015_Arrary\015_Arrary.vcxproj", "{5CAD50F5-1FA8-48B9-AC79-192B0221524D}"
EndProject
Project("{2150E333-8FDC-42A3-9474-1A3956D46DE8}") = "001_Test", "001_Test", "{1EA201D8-7A5A-49F1-A8D1-E5294CEF4FF0}"
EndProject
Project("{8BC9CEB8-8B4A-11D0-8D11-00A0C91BC942}") = "Prameterinter", "Prameterinter\Prameterinter.vcxproj", "{9E26298D-BE1F-4929-AFC5-D1F1EB3A39E1}"
EndProject
Project("{8BC9CEB8-8B4A-11D0-8D11-00A0C91BC942}") = "1_Free", "1_Free\1_Free.vcxproj", "{88F54405-B1BC-4D7E-B64E-E75C08951B0C}"
EndProject
Project("{8BC9CEB8-8B4A-11D0-8D11-00A0C91BC942}") = "0_BJO", "0_BJO\0_BJO.vcxproj", "{AC614AE0-CEE7-4196-8DB1-D2D90B873FE1}"
EndProject
Project("{8BC9CEB8-8B4A-11D0-8D11-00A0C91BC942}") = "016_if", "016_if\016_if.vcxproj", "{975A4348-FC67-4EAB-88F4-297C6BADCF9E}"
EndProject
Project("{8BC9CEB8-8B4A-11D0-8D11-00A0C91BC942}") = "017_switch", "017_switch\017_switch.vcxproj", "{BA850BE0-C5EE-4A06-A4DE-F4C0C5DFF83F}"
EndProject
Project("{8BC9CEB8-8B4A-11D0-8D11-00A0C91BC942}") = "018_CharArray", "018_CharArray\018_CharArray.vcxproj", "{65AAF5E1-7E51-46FC-8A55-62BA44564A53}"
EndProject
Project("{8BC9CEB8-8B4A-11D0-8D11-00A0C91BC942}") = "019_while", "019_while\019_while.vcxproj", "{5025EBE5-4D9A-458B-8DA5-C5D0C599ACD1}"
EndProject
Project("{2150E333-8FDC-42A3-9474-1A3956D46DE8}") = "000_Doc", "000_Doc", "{5A13AE18-2559-42FA-9CB8-41E7B9120041}"
	ProjectSection(SolutionItems) = preProject
		AR코딩스탠다드.txt = AR코딩스탠다드.txt
		코딩시 명심할점.txt = 코딩시 명심할점.txt
	EndProjectSection
EndProject
Project("{8BC9CEB8-8B4A-11D0-8D11-00A0C91BC942}") = "020_For", "020_For\020_For.vcxproj", "{0A4E8AE7-BCA1-4360-B6EB-D0D929505A4E}"
EndProject
Project("{8BC9CEB8-8B4A-11D0-8D11-00A0C91BC942}") = "021_OperatorEx", "021_OperatorEx\021_OperatorEx.vcxproj", "{BB58D51F-6AC7-4512-92C6-A1F58993BB2D}"
EndProject
Project("{8BC9CEB8-8B4A-11D0-8D11-00A0C91BC942}") = "022_printf", "022_printf\022_printf.vcxproj", "{77EB4E72-A406-44A4-9143-D3E5FD7B6B31}"
EndProject
Project("{8BC9CEB8-8B4A-11D0-8D11-00A0C91BC942}") = "StringFunction000", "StringFunction000\StringFunction000.vcxproj", "{A2F8437E-F113-466E-810F-469D45AA1B47}"
EndProject
Project("{8BC9CEB8-8B4A-11D0-8D11-00A0C91BC942}") = "023_ContinueBreak", "023_ContinueBreak\023_ContinueBreak.vcxproj", "{60C55B64-0051-42DC-9333-F9DC3B596F80}"
EndProject
Project("{8BC9CEB8-8B4A-11D0-8D11-00A0C91BC942}") = "024_CallingConvention", "024_CallingConvention\024_CallingConvention.vcxproj", "{580269B6-6F46-456B-A34B-8915054DDEAF}"
EndProject
Project("{8BC9CEB8-8B4A-11D0-8D11-00A0C91BC942}") = "025_const", "025_const\025_const.vcxproj", "{EAFA0B07-C253-44A8-A2EB-930CE6E0CAD1}"
EndProject
Project("{8BC9CEB8-8B4A-11D0-8D11-00A0C91BC942}") = "026_constEx", "026_constEx\026_constEx.vcxproj", "{E457ED5F-4323-4B28-A161-D199513AA3ED}"
EndProject
Project("{8BC9CEB8-8B4A-11D0-8D11-00A0C91BC942}") = "027_charEx", "027_charEx\027_charEx.vcxproj", "{D54EE74F-34FE-4AD4-96DE-ED73898386EC}"
EndProject
Project("{8BC9CEB8-8B4A-11D0-8D11-00A0C91BC942}") = "StringToNumber", "StringToNumber\StringToNumber.vcxproj", "{5254C381-434F-4239-8906-BC6DE671154C}"
EndProject
Project("{8BC9CEB8-8B4A-11D0-8D11-00A0C91BC942}") = "028_Variableargument", "028_Variableargument\028_Variableargument.vcxproj", "{136E787F-F0B0-4C55-B92E-927A948A1C25}"
EndProject
Project("{8BC9CEB8-8B4A-11D0-8D11-00A0C91BC942}") = "029_MyPrintf", "029_MyPrintf\029_MyPrintf.vcxproj", "{946D73AC-9164-4998-9597-1CA99011A83F}"
EndProject
Project("{8BC9CEB8-8B4A-11D0-8D11-00A0C91BC942}") = "030_PointerEx", "030_PointerEx\030_PointerEx.vcxproj", "{5D395B7E-9E02-49D6-8A32-A4ED10FAA7EF}"
EndProject
Project("{8BC9CEB8-8B4A-11D0-8D11-00A0C91BC942}") = "CharConvert", "CharConvert\CharConvert.vcxproj", "{FC8290F0-C057-49FE-A2CF-0AD99094AF2E}"
EndProject
Project("{8BC9CEB8-8B4A-11D0-8D11-00A0C91BC942}") = "StringTrim", "StringTrim\StringTrim.vcxproj", "{2807E5EB-7B41-44A6-82D3-5DB97B994306}"
EndProject
Project("{8BC9CEB8-8B4A-11D0-8D11-00A0C91BC942}") = "031_ArrayEx", "031_ArrayEx\031_ArrayEx.vcxproj", "{C963FC81-4BE1-41D0-A0BD-B18A4BC4E082}"
EndProject
Project("{8BC9CEB8-8B4A-11D0-8D11-00A0C91BC942}") = "032_TextRpgStart", "032_TextRpgStart\032_TextRpgStart.vcxproj", "{06B843B4-3EBC-48D1-B7CF-2DC857EE72FB}"
EndProject
Project("{8BC9CEB8-8B4A-11D0-8D11-00A0C91BC942}") = "033_Random", "033_Random\033_Random.vcxproj", "{30617010-8675-4D94-BEC5-AABE29AF4F55}"
EndProject
Project("{8BC9CEB8-8B4A-11D0-8D11-00A0C91BC942}") = "034_unsigned", "034_unsigned\034_unsigned.vcxproj", "{2334854E-CE59-45A2-B3BC-121A394F7E0D}"
EndProject
Project("{8BC9CEB8-8B4A-11D0-8D11-00A0C91BC942}") = "035_Typedef", "035_Typedef\035_Typedef.vcxproj", "{DB0A065D-0158-4B21-A895-AAEA9CF45A17}"
EndProject
Project("{8BC9CEB8-8B4A-11D0-8D11-00A0C91BC942}") = "036_OOPStart", "036_OOPStart\036_OOPStart.vcxproj", "{6F22EE43-00BD-44D5-9B17-73DFA9150313}"
EndProject
Project("{8BC9CEB8-8B4A-11D0-8D11-00A0C91BC942}") = "037_Object", "037_Object\037_Object.vcxproj", "{EFC27D9B-68C4-4154-9B1D-08DD800E07AF}"
EndProject
Project("{2150E333-8FDC-42A3-9474-1A3956D46DE8}") = "002_BeforeOOP", "002_BeforeOOP", "{DD1383C3-B2EE-49F9-8ADC-088A4769A6C6}"
EndProject
Project("{2150E333-8FDC-42A3-9474-1A3956D46DE8}") = "003_OOP", "003_OOP", "{DCF3AAFB-0876-494E-B804-AE5610B9B4B0}"
EndProject
Project("{8BC9CEB8-8B4A-11D0-8D11-00A0C91BC942}") = "038_ClassBase", "038_ClassBase\038_ClassBase.vcxproj", "{B8D8073B-1A3C-444F-B7D8-49F0110D5B22}"
EndProject
Project("{8BC9CEB8-8B4A-11D0-8D11-00A0C91BC942}") = "039_AccessSpecifier", "039_AccessSpecifier\039_AccessSpecifier.vcxproj", "{E302F613-D91A-4BD4-B547-9F02C869C958}"
EndProject
Project("{8BC9CEB8-8B4A-11D0-8D11-00A0C91BC942}") = "040_Struct", "040_Struct\040_Struct.vcxproj", "{FED51BB5-3502-4FB6-9018-7A50AE8E976A}"
EndProject
Project("{8BC9CEB8-8B4A-11D0-8D11-00A0C91BC942}") = "041_Constructor", "041_Constructor\041_Constructor.vcxproj", "{BA08F22C-620B-4B6C-83BB-3F4B2883FD62}"
EndProject
Project("{8BC9CEB8-8B4A-11D0-8D11-00A0C91BC942}") = "042_Member", "042_Member\042_Member.vcxproj", "{F1BBB946-BF96-4A09-8AF0-1DBAE9FE5FAB}"
EndProject
Project("{8BC9CEB8-8B4A-11D0-8D11-00A0C91BC942}") = "043_Overload", "043_Overload\043_Overload.vcxproj", "{3846FD3B-C741-4598-9AF7-E8ADD759E2D1}"
EndProject
Project("{8BC9CEB8-8B4A-11D0-8D11-00A0C91BC942}") = "044_OperatorOverLoad", "044_OperatorOverLoad\044_OperatorOverLoad.vcxproj", "{98CB630C-AC3E-4F86-8CC0-EC1C8C77E7FA}"
EndProject
Project("{8BC9CEB8-8B4A-11D0-8D11-00A0C91BC942}") = "045_TextRpgClassVer", "045_TextRpgClassVer\045_TextRpgClassVer.vcxproj", "{732644A6-6344-4189-B8AC-3BE616A84CC2}"
EndProject
Project("{2150E333-8FDC-42A3-9474-1A3956D46DE8}") = "005_Game", "005_Game", "{E447D7D5-5BE9-4856-BA2B-02E5CDF563DE}"
EndProject
Project("{8BC9CEB8-8B4A-11D0-8D11-00A0C91BC942}") = "046_2DArray", "046_2DArray\046_2DArray.vcxproj", "{7140E6E5-B071-4F4C-9549-6A9EF7A2F359}"
EndProject
Project("{8BC9CEB8-8B4A-11D0-8D11-00A0C91BC942}") = "047_RefEx", "047_RefEx\047_RefEx.vcxproj", "{74F5B89B-9B83-415A-824B-ACA1A6C2A168}"
EndProject
Project("{8BC9CEB8-8B4A-11D0-8D11-00A0C91BC942}") = "048_classMemory", "048_classMemory\048_classMemory.vcxproj", "{181FF7BD-285F-49C0-9C4B-31AECFF0FCED}"
EndProject
Project("{8BC9CEB8-8B4A-11D0-8D11-00A0C91BC942}") = "050_Declaration&Realization", "050_Declaration&Realization\050_Declaration&Realization.vcxproj", "{0B4FB698-B0FB-486B-817E-2A1BAD982803}"
EndProject
Project("{8BC9CEB8-8B4A-11D0-8D11-00A0C91BC942}") = "049_this", "049_this\049_this.vcxproj", "{B399975B-265F-4A43-A6CB-6078C32633C0}"
EndProject
Project("{8BC9CEB8-8B4A-11D0-8D11-00A0C91BC942}") = "051_HeaderAndCpp", "051_HeaderAndCpp\051_HeaderAndCpp.vcxproj", "{55AF6525-ABBB-4C0C-8F37-1B83CD3F404D}"
EndProject
Project("{8BC9CEB8-8B4A-11D0-8D11-00A0C91BC942}") = "052_includeEX", "052_includeEX\052_includeEX.vcxproj", "{C206FF40-689B-44A8-8701-4E33D04D5986}"
EndProject
Project("{8BC9CEB8-8B4A-11D0-8D11-00A0C91BC942}") = "053_includeEX2", "053_includeEX2\053_includeEX2.vcxproj", "{98A9A2C6-E6E0-46F2-918D-BA4FF2F99D98}"
EndProject
Project("{8BC9CEB8-8B4A-11D0-8D11-00A0C91BC942}") = "054_CompileEx", "054_CompileEx\054_CompileEx.vcxproj", "{425F5C85-0F99-4DDE-80AF-F9672B9B22A0}"
EndProject
Project("{8BC9CEB8-8B4A-11D0-8D11-00A0C91BC942}") = "055_inheritance", "055_inheritance\055_inheritance.vcxproj", "{D8632D98-2EBE-485B-9E20-35822196146F}"
EndProject
Project("{8BC9CEB8-8B4A-11D0-8D11-00A0C91BC942}") = "056_inheritanceMemory", "056_inheritanceMemory\056_inheritanceMemory.vcxproj", "{60BC1EA4-319D-438F-9845-E344F817B9DC}"
EndProject
Project("{8BC9CEB8-8B4A-11D0-8D11-00A0C91BC942}") = "057_HasA_IsA", "057_HasA_IsA\057_HasA_IsA.vcxproj", "{F5C5588D-A8F5-4309-9DFA-A556EA6134ED}"
EndProject
Project("{8BC9CEB8-8B4A-11D0-8D11-00A0C91BC942}") = "058_MultiInheritance", "058_MultiInheritance\058_MultiInheritance.vcxproj", "{B26DD3B1-5B65-4BF4-BD6F-932DD9F2DA02}"
EndProject
Project("{8BC9CEB8-8B4A-11D0-8D11-00A0C91BC942}") = "059_DownCasting", "059_DownCasting\059_DownCasting.vcxproj", "{B09A36AC-2165-42B6-9BA5-69F7AD4250DB}"
EndProject
Project("{8BC9CEB8-8B4A-11D0-8D11-00A0C91BC942}") = "060_MemberFuctionConst", "060_MemberFuctionConst\060_MemberFuctionConst.vcxproj", "{4CBD7F13-8A5E-4999-BEFC-5DDDA09DD055}"
EndProject
Project("{8BC9CEB8-8B4A-11D0-8D11-00A0C91BC942}") = "061_Virtual", "061_Virtual\061_Virtual.vcxproj", "{FE169F18-6119-45F1-B727-09614449D2EA}"
EndProject
Project("{8BC9CEB8-8B4A-11D0-8D11-00A0C91BC942}") = "062_FunctionPointer", "062_FunctionPointer\062_FunctionPointer.vcxproj", "{E7BD2232-95B5-476B-B14C-74CCDBA1D36A}"
EndProject
Project("{8BC9CEB8-8B4A-11D0-8D11-00A0C91BC942}") = "063_VPTRTable", "063_VPTRTable\063_VPTRTable.vcxproj", "{042D0EBF-8DF1-4C8D-A11B-06767DB41BE3}"
EndProject
Project("{8BC9CEB8-8B4A-11D0-8D11-00A0C91BC942}") = "064_FunctionPointerEx", "064_FunctionPointerEx\064_FunctionPointerEx.vcxproj", "{EBB29C1E-9B87-47BD-BB5F-356E4C35A29B}"
EndProject
Project("{8BC9CEB8-8B4A-11D0-8D11-00A0C91BC942}") = "065_Enum", "065_Enum\065_Enum.vcxproj", "{C4B8D744-F0A6-49DA-84B1-D7F69D6345B5}"
EndProject
Project("{8BC9CEB8-8B4A-11D0-8D11-00A0C91BC942}") = "066_TypeDef", "066_TypeDef\066_TypeDef.vcxproj", "{2A6F9227-4157-41C8-9D40-8D88B1892EE4}"
EndProject
Project("{8BC9CEB8-8B4A-11D0-8D11-00A0C91BC942}") = "067_NameSpace", "067_NameSpace\067_NameSpace.vcxproj", "{65D3904D-DDD3-4F62-AAA4-1EB8111D1235}"
EndProject
Project("{8BC9CEB8-8B4A-11D0-8D11-00A0C91BC942}") = "068_MyCout", "068_MyCout\068_MyCout.vcxproj", "{05229B27-E7DC-449C-AE2F-B30AA475116E}"
EndProject
Project("{8BC9CEB8-8B4A-11D0-8D11-00A0C91BC942}") = "069_New", "069_New\069_New.vcxproj", "{AD71D1A8-037C-4C24-B01E-EFE201648EE1}"
EndProject
Project("{8BC9CEB8-8B4A-11D0-8D11-00A0C91BC942}") = "070_Leak", "070_Leak\070_Leak.vcxproj", "{EEAF9E69-87CA-494A-86BA-705B89B08BD6}"
EndProject
Project("{8BC9CEB8-8B4A-11D0-8D11-00A0C91BC942}") = "StringContains", "StringContains\StringContains.vcxproj", "{434E95FF-6220-4732-8CA8-4B25BCCCB979}"
EndProject
Project("{8BC9CEB8-8B4A-11D0-8D11-00A0C91BC942}") = "071_NewEx", "071_NewEx\071_NewEx.vcxproj", "{60327DDA-C504-4A4F-ADCF-8E2E3E9B25F3}"
EndProject
Project("{8BC9CEB8-8B4A-11D0-8D11-00A0C91BC942}") = "072_DanglingPointer", "072_DanglingPointer\072_DanglingPointer.vcxproj", "{EEC3E50E-F695-4ED7-83A5-A672F9BF6283}"
EndProject
Project("{2150E333-8FDC-42A3-9474-1A3956D46DE8}") = "006_Engine", "006_Engine", "{2BD54C2F-9499-4EA4-811B-C157A77FD76B}"
EndProject
Project("{8BC9CEB8-8B4A-11D0-8D11-00A0C91BC942}") = "073_Assert", "073_Assert\073_Assert.vcxproj", "{5F17C1B1-0A88-457E-9FDC-58813D275721}"
EndProject
Project("{8BC9CEB8-8B4A-11D0-8D11-00A0C91BC942}") = "074_Define", "074_Define\074_Define.vcxproj", "{EC0C9EC6-B910-4DD5-ABE5-B9D3AC1B57EA}"
EndProject
Project("{8BC9CEB8-8B4A-11D0-8D11-00A0C91BC942}") = "My_Galaga", "My_Galaga\My_Galaga.vcxproj", "{7976EA49-B80F-4541-92EE-95FA0CD89F9D}"
EndProject
Project("{8BC9CEB8-8B4A-11D0-8D11-00A0C91BC942}") = "My_TextRPG", "My_TextRPG\My_TextRPG.vcxproj", "{B563462A-DA08-45FA-BC33-907C191D2E7D}"
EndProject
Project("{8BC9CEB8-8B4A-11D0-8D11-00A0C91BC942}") = "My_ConsoleEngine", "My_ConsoleEngine\My_ConsoleEngine.vcxproj", "{EED25D97-9E96-496C-A841-E0F54508890E}"
EndProject
Project("{8BC9CEB8-8B4A-11D0-8D11-00A0C91BC942}") = "075_Destructor", "075_Destructor\075_Destructor.vcxproj", "{23B8DDD7-6DCA-4FF4-911D-7CBAF95FAD2E}"
EndProject
Project("{2150E333-8FDC-42A3-9474-1A3956D46DE8}") = "004_DataStructure", "004_DataStructure", "{0B298AA3-1DF6-458F-ADAC-B843FFEE3F3C}"
	ProjectSection(SolutionItems) = preProject
		자료구조 개론.txt = 자료구조 개론.txt
		자료구조 사용개념.txt = 자료구조 사용개념.txt
	EndProjectSection
EndProject
Project("{8BC9CEB8-8B4A-11D0-8D11-00A0C91BC942}") = "Array", "Array\Array.vcxproj", "{20F30ECE-4A73-4B92-8341-ECDAAD6CDC28}"
EndProject
Project("{8BC9CEB8-8B4A-11D0-8D11-00A0C91BC942}") = "076_Template", "076_Template\076_Template.vcxproj", "{ED43BBDE-05DB-43FE-BFC3-A8EAFD2D5EA7}"
EndProject
Project("{8BC9CEB8-8B4A-11D0-8D11-00A0C91BC942}") = "077_ClassTemplate", "077_ClassTemplate\077_ClassTemplate.vcxproj", "{9086CCA0-4ECD-4E8D-AE36-BBB2392330B3}"
EndProject
Project("{2150E333-8FDC-42A3-9474-1A3956D46DE8}") = "007_RealTest", "007_RealTest", "{AC6BB69D-4B31-4129-802D-38E7624D1684}"
EndProject
Project("{8BC9CEB8-8B4A-11D0-8D11-00A0C91BC942}") = "240109_ArrayResize", "240109_ArrayResize\240109_ArrayResize.vcxproj", "{9F18E301-17AB-460A-833C-D72FF5BB3910}"
EndProject
Project("{8BC9CEB8-8B4A-11D0-8D11-00A0C91BC942}") = "ArrayEx", "ArrayEx\ArrayEx.vcxproj", "{D2CD85E8-B155-40A3-B9C3-53DCA121DF1D}"
EndProject
Project("{8BC9CEB8-8B4A-11D0-8D11-00A0C91BC942}") = "CVector", "CVector\CVector.vcxproj", "{E377C656-9E86-45EE-8118-78EA832BCDB4}"
EndProject
Project("{8BC9CEB8-8B4A-11D0-8D11-00A0C91BC942}") = "Node", "Node\Node.vcxproj", "{71EBC467-1DDF-4642-AC74-FA304A0A4B52}"
EndProject
Project("{8BC9CEB8-8B4A-11D0-8D11-00A0C91BC942}") = "CList", "CList\CList.vcxproj", "{B9595A88-A59B-4B46-8E0A-0E81919D76B5}"
EndProject
Project("{8BC9CEB8-8B4A-11D0-8D11-00A0C91BC942}") = "078_InnerClass", "078_InnerClass\078_InnerClass.vcxproj", "{57E1EC53-EFFB-4770-AF90-E73D22A1EA7F}"
EndProject
Project("{8BC9CEB8-8B4A-11D0-8D11-00A0C91BC942}") = "079_friend", "079_friend\079_friend.vcxproj", "{8564F8BF-2607-4036-B950-8481D83C09B7}"
EndProject
Global
	GlobalSection(SolutionConfigurationPlatforms) = preSolution
		Debug|x64 = Debug|x64
		Debug|x86 = Debug|x86
		Release|x64 = Release|x64
		Release|x86 = Release|x86
	EndGlobalSection
	GlobalSection(ProjectConfigurationPlatforms) = postSolution
		{D77C1286-692B-4D92-98A8-D00ED7046FA9}.Debug|x64.ActiveCfg = Debug|x64
		{D77C1286-692B-4D92-98A8-D00ED7046FA9}.Debug|x64.Build.0 = Debug|x64
		{D77C1286-692B-4D92-98A8-D00ED7046FA9}.Debug|x86.ActiveCfg = Debug|Win32
		{D77C1286-692B-4D92-98A8-D00ED7046FA9}.Debug|x86.Build.0 = Debug|Win32
		{D77C1286-692B-4D92-98A8-D00ED7046FA9}.Release|x64.ActiveCfg = Release|x64
		{D77C1286-692B-4D92-98A8-D00ED7046FA9}.Release|x64.Build.0 = Release|x64
		{D77C1286-692B-4D92-98A8-D00ED7046FA9}.Release|x86.ActiveCfg = Release|Win32
		{D77C1286-692B-4D92-98A8-D00ED7046FA9}.Release|x86.Build.0 = Release|Win32
		{2C892575-B425-4531-B6A1-F7843DB7F5D8}.Debug|x64.ActiveCfg = Debug|x64
		{2C892575-B425-4531-B6A1-F7843DB7F5D8}.Debug|x64.Build.0 = Debug|x64
		{2C892575-B425-4531-B6A1-F7843DB7F5D8}.Debug|x86.ActiveCfg = Debug|Win32
		{2C892575-B425-4531-B6A1-F7843DB7F5D8}.Debug|x86.Build.0 = Debug|Win32
		{2C892575-B425-4531-B6A1-F7843DB7F5D8}.Release|x64.ActiveCfg = Release|x64
		{2C892575-B425-4531-B6A1-F7843DB7F5D8}.Release|x64.Build.0 = Release|x64
		{2C892575-B425-4531-B6A1-F7843DB7F5D8}.Release|x86.ActiveCfg = Release|Win32
		{2C892575-B425-4531-B6A1-F7843DB7F5D8}.Release|x86.Build.0 = Release|Win32
		{15EABC36-71EE-4F32-B362-B8D0E2938C69}.Debug|x64.ActiveCfg = Debug|x64
		{15EABC36-71EE-4F32-B362-B8D0E2938C69}.Debug|x64.Build.0 = Debug|x64
		{15EABC36-71EE-4F32-B362-B8D0E2938C69}.Debug|x86.ActiveCfg = Debug|Win32
		{15EABC36-71EE-4F32-B362-B8D0E2938C69}.Debug|x86.Build.0 = Debug|Win32
		{15EABC36-71EE-4F32-B362-B8D0E2938C69}.Release|x64.ActiveCfg = Release|x64
		{15EABC36-71EE-4F32-B362-B8D0E2938C69}.Release|x64.Build.0 = Release|x64
		{15EABC36-71EE-4F32-B362-B8D0E2938C69}.Release|x86.ActiveCfg = Release|Win32
		{15EABC36-71EE-4F32-B362-B8D0E2938C69}.Release|x86.Build.0 = Release|Win32
		{C6924556-7573-40C8-8191-037DEAC00A32}.Debug|x64.ActiveCfg = Debug|x64
		{C6924556-7573-40C8-8191-037DEAC00A32}.Debug|x64.Build.0 = Debug|x64
		{C6924556-7573-40C8-8191-037DEAC00A32}.Debug|x86.ActiveCfg = Debug|Win32
		{C6924556-7573-40C8-8191-037DEAC00A32}.Debug|x86.Build.0 = Debug|Win32
		{C6924556-7573-40C8-8191-037DEAC00A32}.Release|x64.ActiveCfg = Release|x64
		{C6924556-7573-40C8-8191-037DEAC00A32}.Release|x64.Build.0 = Release|x64
		{C6924556-7573-40C8-8191-037DEAC00A32}.Release|x86.ActiveCfg = Release|Win32
		{C6924556-7573-40C8-8191-037DEAC00A32}.Release|x86.Build.0 = Release|Win32
		{82E1BA87-6ACA-451F-B16B-F1F4C7022F86}.Debug|x64.ActiveCfg = Debug|x64
		{82E1BA87-6ACA-451F-B16B-F1F4C7022F86}.Debug|x64.Build.0 = Debug|x64
		{82E1BA87-6ACA-451F-B16B-F1F4C7022F86}.Debug|x86.ActiveCfg = Debug|Win32
		{82E1BA87-6ACA-451F-B16B-F1F4C7022F86}.Debug|x86.Build.0 = Debug|Win32
		{82E1BA87-6ACA-451F-B16B-F1F4C7022F86}.Release|x64.ActiveCfg = Release|x64
		{82E1BA87-6ACA-451F-B16B-F1F4C7022F86}.Release|x64.Build.0 = Release|x64
		{82E1BA87-6ACA-451F-B16B-F1F4C7022F86}.Release|x86.ActiveCfg = Release|Win32
		{82E1BA87-6ACA-451F-B16B-F1F4C7022F86}.Release|x86.Build.0 = Release|Win32
		{6021C304-5463-47C0-BA27-BC618EBC5479}.Debug|x64.ActiveCfg = Debug|x64
		{6021C304-5463-47C0-BA27-BC618EBC5479}.Debug|x64.Build.0 = Debug|x64
		{6021C304-5463-47C0-BA27-BC618EBC5479}.Debug|x86.ActiveCfg = Debug|Win32
		{6021C304-5463-47C0-BA27-BC618EBC5479}.Debug|x86.Build.0 = Debug|Win32
		{6021C304-5463-47C0-BA27-BC618EBC5479}.Release|x64.ActiveCfg = Release|x64
		{6021C304-5463-47C0-BA27-BC618EBC5479}.Release|x64.Build.0 = Release|x64
		{6021C304-5463-47C0-BA27-BC618EBC5479}.Release|x86.ActiveCfg = Release|Win32
		{6021C304-5463-47C0-BA27-BC618EBC5479}.Release|x86.Build.0 = Release|Win32
		{ACA8D4E7-452D-47D3-80B0-72AFD968A2A5}.Debug|x64.ActiveCfg = Debug|x64
		{ACA8D4E7-452D-47D3-80B0-72AFD968A2A5}.Debug|x64.Build.0 = Debug|x64
		{ACA8D4E7-452D-47D3-80B0-72AFD968A2A5}.Debug|x86.ActiveCfg = Debug|Win32
		{ACA8D4E7-452D-47D3-80B0-72AFD968A2A5}.Debug|x86.Build.0 = Debug|Win32
		{ACA8D4E7-452D-47D3-80B0-72AFD968A2A5}.Release|x64.ActiveCfg = Release|x64
		{ACA8D4E7-452D-47D3-80B0-72AFD968A2A5}.Release|x64.Build.0 = Release|x64
		{ACA8D4E7-452D-47D3-80B0-72AFD968A2A5}.Release|x86.ActiveCfg = Release|Win32
		{ACA8D4E7-452D-47D3-80B0-72AFD968A2A5}.Release|x86.Build.0 = Release|Win32
		{900BEC9A-552A-4A0B-9711-26C3383AF406}.Debug|x64.ActiveCfg = Debug|x64
		{900BEC9A-552A-4A0B-9711-26C3383AF406}.Debug|x64.Build.0 = Debug|x64
		{900BEC9A-552A-4A0B-9711-26C3383AF406}.Debug|x86.ActiveCfg = Debug|Win32
		{900BEC9A-552A-4A0B-9711-26C3383AF406}.Debug|x86.Build.0 = Debug|Win32
		{900BEC9A-552A-4A0B-9711-26C3383AF406}.Release|x64.ActiveCfg = Release|x64
		{900BEC9A-552A-4A0B-9711-26C3383AF406}.Release|x64.Build.0 = Release|x64
		{900BEC9A-552A-4A0B-9711-26C3383AF406}.Release|x86.ActiveCfg = Release|Win32
		{900BEC9A-552A-4A0B-9711-26C3383AF406}.Release|x86.Build.0 = Release|Win32
		{1A7DC208-010E-45EF-980A-934875BD4C3A}.Debug|x64.ActiveCfg = Debug|x64
		{1A7DC208-010E-45EF-980A-934875BD4C3A}.Debug|x64.Build.0 = Debug|x64
		{1A7DC208-010E-45EF-980A-934875BD4C3A}.Debug|x86.ActiveCfg = Debug|Win32
		{1A7DC208-010E-45EF-980A-934875BD4C3A}.Debug|x86.Build.0 = Debug|Win32
		{1A7DC208-010E-45EF-980A-934875BD4C3A}.Release|x64.ActiveCfg = Release|x64
		{1A7DC208-010E-45EF-980A-934875BD4C3A}.Release|x64.Build.0 = Release|x64
		{1A7DC208-010E-45EF-980A-934875BD4C3A}.Release|x86.ActiveCfg = Release|Win32
		{1A7DC208-010E-45EF-980A-934875BD4C3A}.Release|x86.Build.0 = Release|Win32
		{28DFC905-45BF-4502-8F77-272923F130E3}.Debug|x64.ActiveCfg = Debug|x64
		{28DFC905-45BF-4502-8F77-272923F130E3}.Debug|x64.Build.0 = Debug|x64
		{28DFC905-45BF-4502-8F77-272923F130E3}.Debug|x86.ActiveCfg = Debug|Win32
		{28DFC905-45BF-4502-8F77-272923F130E3}.Debug|x86.Build.0 = Debug|Win32
		{28DFC905-45BF-4502-8F77-272923F130E3}.Release|x64.ActiveCfg = Release|x64
		{28DFC905-45BF-4502-8F77-272923F130E3}.Release|x64.Build.0 = Release|x64
		{28DFC905-45BF-4502-8F77-272923F130E3}.Release|x86.ActiveCfg = Release|Win32
		{28DFC905-45BF-4502-8F77-272923F130E3}.Release|x86.Build.0 = Release|Win32
		{B4750AB5-82A9-45F8-8223-6076FC0A0285}.Debug|x64.ActiveCfg = Debug|x64
		{B4750AB5-82A9-45F8-8223-6076FC0A0285}.Debug|x64.Build.0 = Debug|x64
		{B4750AB5-82A9-45F8-8223-6076FC0A0285}.Debug|x86.ActiveCfg = Debug|Win32
		{B4750AB5-82A9-45F8-8223-6076FC0A0285}.Debug|x86.Build.0 = Debug|Win32
		{B4750AB5-82A9-45F8-8223-6076FC0A0285}.Release|x64.ActiveCfg = Release|x64
		{B4750AB5-82A9-45F8-8223-6076FC0A0285}.Release|x64.Build.0 = Release|x64
		{B4750AB5-82A9-45F8-8223-6076FC0A0285}.Release|x86.ActiveCfg = Release|Win32
		{B4750AB5-82A9-45F8-8223-6076FC0A0285}.Release|x86.Build.0 = Release|Win32
		{5CAD50F5-1FA8-48B9-AC79-192B0221524D}.Debug|x64.ActiveCfg = Debug|x64
		{5CAD50F5-1FA8-48B9-AC79-192B0221524D}.Debug|x64.Build.0 = Debug|x64
		{5CAD50F5-1FA8-48B9-AC79-192B0221524D}.Debug|x86.ActiveCfg = Debug|Win32
		{5CAD50F5-1FA8-48B9-AC79-192B0221524D}.Debug|x86.Build.0 = Debug|Win32
		{5CAD50F5-1FA8-48B9-AC79-192B0221524D}.Release|x64.ActiveCfg = Release|x64
		{5CAD50F5-1FA8-48B9-AC79-192B0221524D}.Release|x64.Build.0 = Release|x64
		{5CAD50F5-1FA8-48B9-AC79-192B0221524D}.Release|x86.ActiveCfg = Release|Win32
		{5CAD50F5-1FA8-48B9-AC79-192B0221524D}.Release|x86.Build.0 = Release|Win32
		{9E26298D-BE1F-4929-AFC5-D1F1EB3A39E1}.Debug|x64.ActiveCfg = Debug|x64
		{9E26298D-BE1F-4929-AFC5-D1F1EB3A39E1}.Debug|x64.Build.0 = Debug|x64
		{9E26298D-BE1F-4929-AFC5-D1F1EB3A39E1}.Debug|x86.ActiveCfg = Debug|Win32
		{9E26298D-BE1F-4929-AFC5-D1F1EB3A39E1}.Debug|x86.Build.0 = Debug|Win32
		{9E26298D-BE1F-4929-AFC5-D1F1EB3A39E1}.Release|x64.ActiveCfg = Release|x64
		{9E26298D-BE1F-4929-AFC5-D1F1EB3A39E1}.Release|x64.Build.0 = Release|x64
		{9E26298D-BE1F-4929-AFC5-D1F1EB3A39E1}.Release|x86.ActiveCfg = Release|Win32
		{9E26298D-BE1F-4929-AFC5-D1F1EB3A39E1}.Release|x86.Build.0 = Release|Win32
		{88F54405-B1BC-4D7E-B64E-E75C08951B0C}.Debug|x64.ActiveCfg = Debug|x64
		{88F54405-B1BC-4D7E-B64E-E75C08951B0C}.Debug|x64.Build.0 = Debug|x64
		{88F54405-B1BC-4D7E-B64E-E75C08951B0C}.Debug|x86.ActiveCfg = Debug|Win32
		{88F54405-B1BC-4D7E-B64E-E75C08951B0C}.Debug|x86.Build.0 = Debug|Win32
		{88F54405-B1BC-4D7E-B64E-E75C08951B0C}.Release|x64.ActiveCfg = Release|x64
		{88F54405-B1BC-4D7E-B64E-E75C08951B0C}.Release|x64.Build.0 = Release|x64
		{88F54405-B1BC-4D7E-B64E-E75C08951B0C}.Release|x86.ActiveCfg = Release|Win32
		{88F54405-B1BC-4D7E-B64E-E75C08951B0C}.Release|x86.Build.0 = Release|Win32
		{AC614AE0-CEE7-4196-8DB1-D2D90B873FE1}.Debug|x64.ActiveCfg = Debug|x64
		{AC614AE0-CEE7-4196-8DB1-D2D90B873FE1}.Debug|x64.Build.0 = Debug|x64
		{AC614AE0-CEE7-4196-8DB1-D2D90B873FE1}.Debug|x86.ActiveCfg = Debug|Win32
		{AC614AE0-CEE7-4196-8DB1-D2D90B873FE1}.Debug|x86.Build.0 = Debug|Win32
		{AC614AE0-CEE7-4196-8DB1-D2D90B873FE1}.Release|x64.ActiveCfg = Release|x64
		{AC614AE0-CEE7-4196-8DB1-D2D90B873FE1}.Release|x64.Build.0 = Release|x64
		{AC614AE0-CEE7-4196-8DB1-D2D90B873FE1}.Release|x86.ActiveCfg = Release|Win32
		{AC614AE0-CEE7-4196-8DB1-D2D90B873FE1}.Release|x86.Build.0 = Release|Win32
		{975A4348-FC67-4EAB-88F4-297C6BADCF9E}.Debug|x64.ActiveCfg = Debug|x64
		{975A4348-FC67-4EAB-88F4-297C6BADCF9E}.Debug|x64.Build.0 = Debug|x64
		{975A4348-FC67-4EAB-88F4-297C6BADCF9E}.Debug|x86.ActiveCfg = Debug|Win32
		{975A4348-FC67-4EAB-88F4-297C6BADCF9E}.Debug|x86.Build.0 = Debug|Win32
		{975A4348-FC67-4EAB-88F4-297C6BADCF9E}.Release|x64.ActiveCfg = Release|x64
		{975A4348-FC67-4EAB-88F4-297C6BADCF9E}.Release|x64.Build.0 = Release|x64
		{975A4348-FC67-4EAB-88F4-297C6BADCF9E}.Release|x86.ActiveCfg = Release|Win32
		{975A4348-FC67-4EAB-88F4-297C6BADCF9E}.Release|x86.Build.0 = Release|Win32
		{BA850BE0-C5EE-4A06-A4DE-F4C0C5DFF83F}.Debug|x64.ActiveCfg = Debug|x64
		{BA850BE0-C5EE-4A06-A4DE-F4C0C5DFF83F}.Debug|x64.Build.0 = Debug|x64
		{BA850BE0-C5EE-4A06-A4DE-F4C0C5DFF83F}.Debug|x86.ActiveCfg = Debug|Win32
		{BA850BE0-C5EE-4A06-A4DE-F4C0C5DFF83F}.Debug|x86.Build.0 = Debug|Win32
		{BA850BE0-C5EE-4A06-A4DE-F4C0C5DFF83F}.Release|x64.ActiveCfg = Release|x64
		{BA850BE0-C5EE-4A06-A4DE-F4C0C5DFF83F}.Release|x64.Build.0 = Release|x64
		{BA850BE0-C5EE-4A06-A4DE-F4C0C5DFF83F}.Release|x86.ActiveCfg = Release|Win32
		{BA850BE0-C5EE-4A06-A4DE-F4C0C5DFF83F}.Release|x86.Build.0 = Release|Win32
		{65AAF5E1-7E51-46FC-8A55-62BA44564A53}.Debug|x64.ActiveCfg = Debug|x64
		{65AAF5E1-7E51-46FC-8A55-62BA44564A53}.Debug|x64.Build.0 = Debug|x64
		{65AAF5E1-7E51-46FC-8A55-62BA44564A53}.Debug|x86.ActiveCfg = Debug|Win32
		{65AAF5E1-7E51-46FC-8A55-62BA44564A53}.Debug|x86.Build.0 = Debug|Win32
		{65AAF5E1-7E51-46FC-8A55-62BA44564A53}.Release|x64.ActiveCfg = Release|x64
		{65AAF5E1-7E51-46FC-8A55-62BA44564A53}.Release|x64.Build.0 = Release|x64
		{65AAF5E1-7E51-46FC-8A55-62BA44564A53}.Release|x86.ActiveCfg = Release|Win32
		{65AAF5E1-7E51-46FC-8A55-62BA44564A53}.Release|x86.Build.0 = Release|Win32
		{5025EBE5-4D9A-458B-8DA5-C5D0C599ACD1}.Debug|x64.ActiveCfg = Debug|x64
		{5025EBE5-4D9A-458B-8DA5-C5D0C599ACD1}.Debug|x64.Build.0 = Debug|x64
		{5025EBE5-4D9A-458B-8DA5-C5D0C599ACD1}.Debug|x86.ActiveCfg = Debug|Win32
		{5025EBE5-4D9A-458B-8DA5-C5D0C599ACD1}.Debug|x86.Build.0 = Debug|Win32
		{5025EBE5-4D9A-458B-8DA5-C5D0C599ACD1}.Release|x64.ActiveCfg = Release|x64
		{5025EBE5-4D9A-458B-8DA5-C5D0C599ACD1}.Release|x64.Build.0 = Release|x64
		{5025EBE5-4D9A-458B-8DA5-C5D0C599ACD1}.Release|x86.ActiveCfg = Release|Win32
		{5025EBE5-4D9A-458B-8DA5-C5D0C599ACD1}.Release|x86.Build.0 = Release|Win32
		{0A4E8AE7-BCA1-4360-B6EB-D0D929505A4E}.Debug|x64.ActiveCfg = Debug|x64
		{0A4E8AE7-BCA1-4360-B6EB-D0D929505A4E}.Debug|x64.Build.0 = Debug|x64
		{0A4E8AE7-BCA1-4360-B6EB-D0D929505A4E}.Debug|x86.ActiveCfg = Debug|Win32
		{0A4E8AE7-BCA1-4360-B6EB-D0D929505A4E}.Debug|x86.Build.0 = Debug|Win32
		{0A4E8AE7-BCA1-4360-B6EB-D0D929505A4E}.Release|x64.ActiveCfg = Release|x64
		{0A4E8AE7-BCA1-4360-B6EB-D0D929505A4E}.Release|x64.Build.0 = Release|x64
		{0A4E8AE7-BCA1-4360-B6EB-D0D929505A4E}.Release|x86.ActiveCfg = Release|Win32
		{0A4E8AE7-BCA1-4360-B6EB-D0D929505A4E}.Release|x86.Build.0 = Release|Win32
		{BB58D51F-6AC7-4512-92C6-A1F58993BB2D}.Debug|x64.ActiveCfg = Debug|x64
		{BB58D51F-6AC7-4512-92C6-A1F58993BB2D}.Debug|x64.Build.0 = Debug|x64
		{BB58D51F-6AC7-4512-92C6-A1F58993BB2D}.Debug|x86.ActiveCfg = Debug|Win32
		{BB58D51F-6AC7-4512-92C6-A1F58993BB2D}.Debug|x86.Build.0 = Debug|Win32
		{BB58D51F-6AC7-4512-92C6-A1F58993BB2D}.Release|x64.ActiveCfg = Release|x64
		{BB58D51F-6AC7-4512-92C6-A1F58993BB2D}.Release|x64.Build.0 = Release|x64
		{BB58D51F-6AC7-4512-92C6-A1F58993BB2D}.Release|x86.ActiveCfg = Release|Win32
		{BB58D51F-6AC7-4512-92C6-A1F58993BB2D}.Release|x86.Build.0 = Release|Win32
		{77EB4E72-A406-44A4-9143-D3E5FD7B6B31}.Debug|x64.ActiveCfg = Debug|x64
		{77EB4E72-A406-44A4-9143-D3E5FD7B6B31}.Debug|x64.Build.0 = Debug|x64
		{77EB4E72-A406-44A4-9143-D3E5FD7B6B31}.Debug|x86.ActiveCfg = Debug|Win32
		{77EB4E72-A406-44A4-9143-D3E5FD7B6B31}.Debug|x86.Build.0 = Debug|Win32
		{77EB4E72-A406-44A4-9143-D3E5FD7B6B31}.Release|x64.ActiveCfg = Release|x64
		{77EB4E72-A406-44A4-9143-D3E5FD7B6B31}.Release|x64.Build.0 = Release|x64
		{77EB4E72-A406-44A4-9143-D3E5FD7B6B31}.Release|x86.ActiveCfg = Release|Win32
		{77EB4E72-A406-44A4-9143-D3E5FD7B6B31}.Release|x86.Build.0 = Release|Win32
		{A2F8437E-F113-466E-810F-469D45AA1B47}.Debug|x64.ActiveCfg = Debug|x64
		{A2F8437E-F113-466E-810F-469D45AA1B47}.Debug|x64.Build.0 = Debug|x64
		{A2F8437E-F113-466E-810F-469D45AA1B47}.Debug|x86.ActiveCfg = Debug|Win32
		{A2F8437E-F113-466E-810F-469D45AA1B47}.Debug|x86.Build.0 = Debug|Win32
		{A2F8437E-F113-466E-810F-469D45AA1B47}.Release|x64.ActiveCfg = Release|x64
		{A2F8437E-F113-466E-810F-469D45AA1B47}.Release|x64.Build.0 = Release|x64
		{A2F8437E-F113-466E-810F-469D45AA1B47}.Release|x86.ActiveCfg = Release|Win32
		{A2F8437E-F113-466E-810F-469D45AA1B47}.Release|x86.Build.0 = Release|Win32
		{60C55B64-0051-42DC-9333-F9DC3B596F80}.Debug|x64.ActiveCfg = Debug|x64
		{60C55B64-0051-42DC-9333-F9DC3B596F80}.Debug|x64.Build.0 = Debug|x64
		{60C55B64-0051-42DC-9333-F9DC3B596F80}.Debug|x86.ActiveCfg = Debug|Win32
		{60C55B64-0051-42DC-9333-F9DC3B596F80}.Debug|x86.Build.0 = Debug|Win32
		{60C55B64-0051-42DC-9333-F9DC3B596F80}.Release|x64.ActiveCfg = Release|x64
		{60C55B64-0051-42DC-9333-F9DC3B596F80}.Release|x64.Build.0 = Release|x64
		{60C55B64-0051-42DC-9333-F9DC3B596F80}.Release|x86.ActiveCfg = Release|Win32
		{60C55B64-0051-42DC-9333-F9DC3B596F80}.Release|x86.Build.0 = Release|Win32
		{580269B6-6F46-456B-A34B-8915054DDEAF}.Debug|x64.ActiveCfg = Debug|x64
		{580269B6-6F46-456B-A34B-8915054DDEAF}.Debug|x64.Build.0 = Debug|x64
		{580269B6-6F46-456B-A34B-8915054DDEAF}.Debug|x86.ActiveCfg = Debug|Win32
		{580269B6-6F46-456B-A34B-8915054DDEAF}.Debug|x86.Build.0 = Debug|Win32
		{580269B6-6F46-456B-A34B-8915054DDEAF}.Release|x64.ActiveCfg = Release|x64
		{580269B6-6F46-456B-A34B-8915054DDEAF}.Release|x64.Build.0 = Release|x64
		{580269B6-6F46-456B-A34B-8915054DDEAF}.Release|x86.ActiveCfg = Release|Win32
		{580269B6-6F46-456B-A34B-8915054DDEAF}.Release|x86.Build.0 = Release|Win32
		{EAFA0B07-C253-44A8-A2EB-930CE6E0CAD1}.Debug|x64.ActiveCfg = Debug|x64
		{EAFA0B07-C253-44A8-A2EB-930CE6E0CAD1}.Debug|x64.Build.0 = Debug|x64
		{EAFA0B07-C253-44A8-A2EB-930CE6E0CAD1}.Debug|x86.ActiveCfg = Debug|Win32
		{EAFA0B07-C253-44A8-A2EB-930CE6E0CAD1}.Debug|x86.Build.0 = Debug|Win32
		{EAFA0B07-C253-44A8-A2EB-930CE6E0CAD1}.Release|x64.ActiveCfg = Release|x64
		{EAFA0B07-C253-44A8-A2EB-930CE6E0CAD1}.Release|x64.Build.0 = Release|x64
		{EAFA0B07-C253-44A8-A2EB-930CE6E0CAD1}.Release|x86.ActiveCfg = Release|Win32
		{EAFA0B07-C253-44A8-A2EB-930CE6E0CAD1}.Release|x86.Build.0 = Release|Win32
		{E457ED5F-4323-4B28-A161-D199513AA3ED}.Debug|x64.ActiveCfg = Debug|x64
		{E457ED5F-4323-4B28-A161-D199513AA3ED}.Debug|x64.Build.0 = Debug|x64
		{E457ED5F-4323-4B28-A161-D199513AA3ED}.Debug|x86.ActiveCfg = Debug|Win32
		{E457ED5F-4323-4B28-A161-D199513AA3ED}.Debug|x86.Build.0 = Debug|Win32
		{E457ED5F-4323-4B28-A161-D199513AA3ED}.Release|x64.ActiveCfg = Release|x64
		{E457ED5F-4323-4B28-A161-D199513AA3ED}.Release|x64.Build.0 = Release|x64
		{E457ED5F-4323-4B28-A161-D199513AA3ED}.Release|x86.ActiveCfg = Release|Win32
		{E457ED5F-4323-4B28-A161-D199513AA3ED}.Release|x86.Build.0 = Release|Win32
		{D54EE74F-34FE-4AD4-96DE-ED73898386EC}.Debug|x64.ActiveCfg = Debug|x64
		{D54EE74F-34FE-4AD4-96DE-ED73898386EC}.Debug|x64.Build.0 = Debug|x64
		{D54EE74F-34FE-4AD4-96DE-ED73898386EC}.Debug|x86.ActiveCfg = Debug|Win32
		{D54EE74F-34FE-4AD4-96DE-ED73898386EC}.Debug|x86.Build.0 = Debug|Win32
		{D54EE74F-34FE-4AD4-96DE-ED73898386EC}.Release|x64.ActiveCfg = Release|x64
		{D54EE74F-34FE-4AD4-96DE-ED73898386EC}.Release|x64.Build.0 = Release|x64
		{D54EE74F-34FE-4AD4-96DE-ED73898386EC}.Release|x86.ActiveCfg = Release|Win32
		{D54EE74F-34FE-4AD4-96DE-ED73898386EC}.Release|x86.Build.0 = Release|Win32
		{5254C381-434F-4239-8906-BC6DE671154C}.Debug|x64.ActiveCfg = Debug|x64
		{5254C381-434F-4239-8906-BC6DE671154C}.Debug|x64.Build.0 = Debug|x64
		{5254C381-434F-4239-8906-BC6DE671154C}.Debug|x86.ActiveCfg = Debug|Win32
		{5254C381-434F-4239-8906-BC6DE671154C}.Debug|x86.Build.0 = Debug|Win32
		{5254C381-434F-4239-8906-BC6DE671154C}.Release|x64.ActiveCfg = Release|x64
		{5254C381-434F-4239-8906-BC6DE671154C}.Release|x64.Build.0 = Release|x64
		{5254C381-434F-4239-8906-BC6DE671154C}.Release|x86.ActiveCfg = Release|Win32
		{5254C381-434F-4239-8906-BC6DE671154C}.Release|x86.Build.0 = Release|Win32
		{136E787F-F0B0-4C55-B92E-927A948A1C25}.Debug|x64.ActiveCfg = Debug|x64
		{136E787F-F0B0-4C55-B92E-927A948A1C25}.Debug|x64.Build.0 = Debug|x64
		{136E787F-F0B0-4C55-B92E-927A948A1C25}.Debug|x86.ActiveCfg = Debug|Win32
		{136E787F-F0B0-4C55-B92E-927A948A1C25}.Debug|x86.Build.0 = Debug|Win32
		{136E787F-F0B0-4C55-B92E-927A948A1C25}.Release|x64.ActiveCfg = Release|x64
		{136E787F-F0B0-4C55-B92E-927A948A1C25}.Release|x64.Build.0 = Release|x64
		{136E787F-F0B0-4C55-B92E-927A948A1C25}.Release|x86.ActiveCfg = Release|Win32
		{136E787F-F0B0-4C55-B92E-927A948A1C25}.Release|x86.Build.0 = Release|Win32
		{946D73AC-9164-4998-9597-1CA99011A83F}.Debug|x64.ActiveCfg = Debug|x64
		{946D73AC-9164-4998-9597-1CA99011A83F}.Debug|x64.Build.0 = Debug|x64
		{946D73AC-9164-4998-9597-1CA99011A83F}.Debug|x86.ActiveCfg = Debug|Win32
		{946D73AC-9164-4998-9597-1CA99011A83F}.Debug|x86.Build.0 = Debug|Win32
		{946D73AC-9164-4998-9597-1CA99011A83F}.Release|x64.ActiveCfg = Release|x64
		{946D73AC-9164-4998-9597-1CA99011A83F}.Release|x64.Build.0 = Release|x64
		{946D73AC-9164-4998-9597-1CA99011A83F}.Release|x86.ActiveCfg = Release|Win32
		{946D73AC-9164-4998-9597-1CA99011A83F}.Release|x86.Build.0 = Release|Win32
		{5D395B7E-9E02-49D6-8A32-A4ED10FAA7EF}.Debug|x64.ActiveCfg = Debug|x64
		{5D395B7E-9E02-49D6-8A32-A4ED10FAA7EF}.Debug|x64.Build.0 = Debug|x64
		{5D395B7E-9E02-49D6-8A32-A4ED10FAA7EF}.Debug|x86.ActiveCfg = Debug|Win32
		{5D395B7E-9E02-49D6-8A32-A4ED10FAA7EF}.Debug|x86.Build.0 = Debug|Win32
		{5D395B7E-9E02-49D6-8A32-A4ED10FAA7EF}.Release|x64.ActiveCfg = Release|x64
		{5D395B7E-9E02-49D6-8A32-A4ED10FAA7EF}.Release|x64.Build.0 = Release|x64
		{5D395B7E-9E02-49D6-8A32-A4ED10FAA7EF}.Release|x86.ActiveCfg = Release|Win32
		{5D395B7E-9E02-49D6-8A32-A4ED10FAA7EF}.Release|x86.Build.0 = Release|Win32
		{FC8290F0-C057-49FE-A2CF-0AD99094AF2E}.Debug|x64.ActiveCfg = Debug|x64
		{FC8290F0-C057-49FE-A2CF-0AD99094AF2E}.Debug|x64.Build.0 = Debug|x64
		{FC8290F0-C057-49FE-A2CF-0AD99094AF2E}.Debug|x86.ActiveCfg = Debug|Win32
		{FC8290F0-C057-49FE-A2CF-0AD99094AF2E}.Debug|x86.Build.0 = Debug|Win32
		{FC8290F0-C057-49FE-A2CF-0AD99094AF2E}.Release|x64.ActiveCfg = Release|x64
		{FC8290F0-C057-49FE-A2CF-0AD99094AF2E}.Release|x64.Build.0 = Release|x64
		{FC8290F0-C057-49FE-A2CF-0AD99094AF2E}.Release|x86.ActiveCfg = Release|Win32
		{FC8290F0-C057-49FE-A2CF-0AD99094AF2E}.Release|x86.Build.0 = Release|Win32
		{2807E5EB-7B41-44A6-82D3-5DB97B994306}.Debug|x64.ActiveCfg = Debug|x64
		{2807E5EB-7B41-44A6-82D3-5DB97B994306}.Debug|x64.Build.0 = Debug|x64
		{2807E5EB-7B41-44A6-82D3-5DB97B994306}.Debug|x86.ActiveCfg = Debug|Win32
		{2807E5EB-7B41-44A6-82D3-5DB97B994306}.Debug|x86.Build.0 = Debug|Win32
		{2807E5EB-7B41-44A6-82D3-5DB97B994306}.Release|x64.ActiveCfg = Release|x64
		{2807E5EB-7B41-44A6-82D3-5DB97B994306}.Release|x64.Build.0 = Release|x64
		{2807E5EB-7B41-44A6-82D3-5DB97B994306}.Release|x86.ActiveCfg = Release|Win32
		{2807E5EB-7B41-44A6-82D3-5DB97B994306}.Release|x86.Build.0 = Release|Win32
		{C963FC81-4BE1-41D0-A0BD-B18A4BC4E082}.Debug|x64.ActiveCfg = Debug|x64
		{C963FC81-4BE1-41D0-A0BD-B18A4BC4E082}.Debug|x64.Build.0 = Debug|x64
		{C963FC81-4BE1-41D0-A0BD-B18A4BC4E082}.Debug|x86.ActiveCfg = Debug|Win32
		{C963FC81-4BE1-41D0-A0BD-B18A4BC4E082}.Debug|x86.Build.0 = Debug|Win32
		{C963FC81-4BE1-41D0-A0BD-B18A4BC4E082}.Release|x64.ActiveCfg = Release|x64
		{C963FC81-4BE1-41D0-A0BD-B18A4BC4E082}.Release|x64.Build.0 = Release|x64
		{C963FC81-4BE1-41D0-A0BD-B18A4BC4E082}.Release|x86.ActiveCfg = Release|Win32
		{C963FC81-4BE1-41D0-A0BD-B18A4BC4E082}.Release|x86.Build.0 = Release|Win32
		{06B843B4-3EBC-48D1-B7CF-2DC857EE72FB}.Debug|x64.ActiveCfg = Debug|x64
		{06B843B4-3EBC-48D1-B7CF-2DC857EE72FB}.Debug|x64.Build.0 = Debug|x64
		{06B843B4-3EBC-48D1-B7CF-2DC857EE72FB}.Debug|x86.ActiveCfg = Debug|Win32
		{06B843B4-3EBC-48D1-B7CF-2DC857EE72FB}.Debug|x86.Build.0 = Debug|Win32
		{06B843B4-3EBC-48D1-B7CF-2DC857EE72FB}.Release|x64.ActiveCfg = Release|x64
		{06B843B4-3EBC-48D1-B7CF-2DC857EE72FB}.Release|x64.Build.0 = Release|x64
		{06B843B4-3EBC-48D1-B7CF-2DC857EE72FB}.Release|x86.ActiveCfg = Release|Win32
		{06B843B4-3EBC-48D1-B7CF-2DC857EE72FB}.Release|x86.Build.0 = Release|Win32
		{30617010-8675-4D94-BEC5-AABE29AF4F55}.Debug|x64.ActiveCfg = Debug|x64
		{30617010-8675-4D94-BEC5-AABE29AF4F55}.Debug|x64.Build.0 = Debug|x64
		{30617010-8675-4D94-BEC5-AABE29AF4F55}.Debug|x86.ActiveCfg = Debug|Win32
		{30617010-8675-4D94-BEC5-AABE29AF4F55}.Debug|x86.Build.0 = Debug|Win32
		{30617010-8675-4D94-BEC5-AABE29AF4F55}.Release|x64.ActiveCfg = Release|x64
		{30617010-8675-4D94-BEC5-AABE29AF4F55}.Release|x64.Build.0 = Release|x64
		{30617010-8675-4D94-BEC5-AABE29AF4F55}.Release|x86.ActiveCfg = Release|Win32
		{30617010-8675-4D94-BEC5-AABE29AF4F55}.Release|x86.Build.0 = Release|Win32
		{2334854E-CE59-45A2-B3BC-121A394F7E0D}.Debug|x64.ActiveCfg = Debug|x64
		{2334854E-CE59-45A2-B3BC-121A394F7E0D}.Debug|x64.Build.0 = Debug|x64
		{2334854E-CE59-45A2-B3BC-121A394F7E0D}.Debug|x86.ActiveCfg = Debug|Win32
		{2334854E-CE59-45A2-B3BC-121A394F7E0D}.Debug|x86.Build.0 = Debug|Win32
		{2334854E-CE59-45A2-B3BC-121A394F7E0D}.Release|x64.ActiveCfg = Release|x64
		{2334854E-CE59-45A2-B3BC-121A394F7E0D}.Release|x64.Build.0 = Release|x64
		{2334854E-CE59-45A2-B3BC-121A394F7E0D}.Release|x86.ActiveCfg = Release|Win32
		{2334854E-CE59-45A2-B3BC-121A394F7E0D}.Release|x86.Build.0 = Release|Win32
		{DB0A065D-0158-4B21-A895-AAEA9CF45A17}.Debug|x64.ActiveCfg = Debug|x64
		{DB0A065D-0158-4B21-A895-AAEA9CF45A17}.Debug|x64.Build.0 = Debug|x64
		{DB0A065D-0158-4B21-A895-AAEA9CF45A17}.Debug|x86.ActiveCfg = Debug|Win32
		{DB0A065D-0158-4B21-A895-AAEA9CF45A17}.Debug|x86.Build.0 = Debug|Win32
		{DB0A065D-0158-4B21-A895-AAEA9CF45A17}.Release|x64.ActiveCfg = Release|x64
		{DB0A065D-0158-4B21-A895-AAEA9CF45A17}.Release|x64.Build.0 = Release|x64
		{DB0A065D-0158-4B21-A895-AAEA9CF45A17}.Release|x86.ActiveCfg = Release|Win32
		{DB0A065D-0158-4B21-A895-AAEA9CF45A17}.Release|x86.Build.0 = Release|Win32
		{6F22EE43-00BD-44D5-9B17-73DFA9150313}.Debug|x64.ActiveCfg = Debug|x64
		{6F22EE43-00BD-44D5-9B17-73DFA9150313}.Debug|x64.Build.0 = Debug|x64
		{6F22EE43-00BD-44D5-9B17-73DFA9150313}.Debug|x86.ActiveCfg = Debug|Win32
		{6F22EE43-00BD-44D5-9B17-73DFA9150313}.Debug|x86.Build.0 = Debug|Win32
		{6F22EE43-00BD-44D5-9B17-73DFA9150313}.Release|x64.ActiveCfg = Release|x64
		{6F22EE43-00BD-44D5-9B17-73DFA9150313}.Release|x64.Build.0 = Release|x64
		{6F22EE43-00BD-44D5-9B17-73DFA9150313}.Release|x86.ActiveCfg = Release|Win32
		{6F22EE43-00BD-44D5-9B17-73DFA9150313}.Release|x86.Build.0 = Release|Win32
		{EFC27D9B-68C4-4154-9B1D-08DD800E07AF}.Debug|x64.ActiveCfg = Debug|x64
		{EFC27D9B-68C4-4154-9B1D-08DD800E07AF}.Debug|x64.Build.0 = Debug|x64
		{EFC27D9B-68C4-4154-9B1D-08DD800E07AF}.Debug|x86.ActiveCfg = Debug|Win32
		{EFC27D9B-68C4-4154-9B1D-08DD800E07AF}.Debug|x86.Build.0 = Debug|Win32
		{EFC27D9B-68C4-4154-9B1D-08DD800E07AF}.Release|x64.ActiveCfg = Release|x64
		{EFC27D9B-68C4-4154-9B1D-08DD800E07AF}.Release|x64.Build.0 = Release|x64
		{EFC27D9B-68C4-4154-9B1D-08DD800E07AF}.Release|x86.ActiveCfg = Release|Win32
		{EFC27D9B-68C4-4154-9B1D-08DD800E07AF}.Release|x86.Build.0 = Release|Win32
		{B8D8073B-1A3C-444F-B7D8-49F0110D5B22}.Debug|x64.ActiveCfg = Debug|x64
		{B8D8073B-1A3C-444F-B7D8-49F0110D5B22}.Debug|x64.Build.0 = Debug|x64
		{B8D8073B-1A3C-444F-B7D8-49F0110D5B22}.Debug|x86.ActiveCfg = Debug|Win32
		{B8D8073B-1A3C-444F-B7D8-49F0110D5B22}.Debug|x86.Build.0 = Debug|Win32
		{B8D8073B-1A3C-444F-B7D8-49F0110D5B22}.Release|x64.ActiveCfg = Release|x64
		{B8D8073B-1A3C-444F-B7D8-49F0110D5B22}.Release|x64.Build.0 = Release|x64
		{B8D8073B-1A3C-444F-B7D8-49F0110D5B22}.Release|x86.ActiveCfg = Release|Win32
		{B8D8073B-1A3C-444F-B7D8-49F0110D5B22}.Release|x86.Build.0 = Release|Win32
		{E302F613-D91A-4BD4-B547-9F02C869C958}.Debug|x64.ActiveCfg = Debug|x64
		{E302F613-D91A-4BD4-B547-9F02C869C958}.Debug|x64.Build.0 = Debug|x64
		{E302F613-D91A-4BD4-B547-9F02C869C958}.Debug|x86.ActiveCfg = Debug|Win32
		{E302F613-D91A-4BD4-B547-9F02C869C958}.Debug|x86.Build.0 = Debug|Win32
		{E302F613-D91A-4BD4-B547-9F02C869C958}.Release|x64.ActiveCfg = Release|x64
		{E302F613-D91A-4BD4-B547-9F02C869C958}.Release|x64.Build.0 = Release|x64
		{E302F613-D91A-4BD4-B547-9F02C869C958}.Release|x86.ActiveCfg = Release|Win32
		{E302F613-D91A-4BD4-B547-9F02C869C958}.Release|x86.Build.0 = Release|Win32
		{FED51BB5-3502-4FB6-9018-7A50AE8E976A}.Debug|x64.ActiveCfg = Debug|x64
		{FED51BB5-3502-4FB6-9018-7A50AE8E976A}.Debug|x64.Build.0 = Debug|x64
		{FED51BB5-3502-4FB6-9018-7A50AE8E976A}.Debug|x86.ActiveCfg = Debug|Win32
		{FED51BB5-3502-4FB6-9018-7A50AE8E976A}.Debug|x86.Build.0 = Debug|Win32
		{FED51BB5-3502-4FB6-9018-7A50AE8E976A}.Release|x64.ActiveCfg = Release|x64
		{FED51BB5-3502-4FB6-9018-7A50AE8E976A}.Release|x64.Build.0 = Release|x64
		{FED51BB5-3502-4FB6-9018-7A50AE8E976A}.Release|x86.ActiveCfg = Release|Win32
		{FED51BB5-3502-4FB6-9018-7A50AE8E976A}.Release|x86.Build.0 = Release|Win32
		{BA08F22C-620B-4B6C-83BB-3F4B2883FD62}.Debug|x64.ActiveCfg = Debug|x64
		{BA08F22C-620B-4B6C-83BB-3F4B2883FD62}.Debug|x64.Build.0 = Debug|x64
		{BA08F22C-620B-4B6C-83BB-3F4B2883FD62}.Debug|x86.ActiveCfg = Debug|Win32
		{BA08F22C-620B-4B6C-83BB-3F4B2883FD62}.Debug|x86.Build.0 = Debug|Win32
		{BA08F22C-620B-4B6C-83BB-3F4B2883FD62}.Release|x64.ActiveCfg = Release|x64
		{BA08F22C-620B-4B6C-83BB-3F4B2883FD62}.Release|x64.Build.0 = Release|x64
		{BA08F22C-620B-4B6C-83BB-3F4B2883FD62}.Release|x86.ActiveCfg = Release|Win32
		{BA08F22C-620B-4B6C-83BB-3F4B2883FD62}.Release|x86.Build.0 = Release|Win32
		{F1BBB946-BF96-4A09-8AF0-1DBAE9FE5FAB}.Debug|x64.ActiveCfg = Debug|x64
		{F1BBB946-BF96-4A09-8AF0-1DBAE9FE5FAB}.Debug|x64.Build.0 = Debug|x64
		{F1BBB946-BF96-4A09-8AF0-1DBAE9FE5FAB}.Debug|x86.ActiveCfg = Debug|Win32
		{F1BBB946-BF96-4A09-8AF0-1DBAE9FE5FAB}.Debug|x86.Build.0 = Debug|Win32
		{F1BBB946-BF96-4A09-8AF0-1DBAE9FE5FAB}.Release|x64.ActiveCfg = Release|x64
		{F1BBB946-BF96-4A09-8AF0-1DBAE9FE5FAB}.Release|x64.Build.0 = Release|x64
		{F1BBB946-BF96-4A09-8AF0-1DBAE9FE5FAB}.Release|x86.ActiveCfg = Release|Win32
		{F1BBB946-BF96-4A09-8AF0-1DBAE9FE5FAB}.Release|x86.Build.0 = Release|Win32
		{3846FD3B-C741-4598-9AF7-E8ADD759E2D1}.Debug|x64.ActiveCfg = Debug|x64
		{3846FD3B-C741-4598-9AF7-E8ADD759E2D1}.Debug|x64.Build.0 = Debug|x64
		{3846FD3B-C741-4598-9AF7-E8ADD759E2D1}.Debug|x86.ActiveCfg = Debug|Win32
		{3846FD3B-C741-4598-9AF7-E8ADD759E2D1}.Debug|x86.Build.0 = Debug|Win32
		{3846FD3B-C741-4598-9AF7-E8ADD759E2D1}.Release|x64.ActiveCfg = Release|x64
		{3846FD3B-C741-4598-9AF7-E8ADD759E2D1}.Release|x64.Build.0 = Release|x64
		{3846FD3B-C741-4598-9AF7-E8ADD759E2D1}.Release|x86.ActiveCfg = Release|Win32
		{3846FD3B-C741-4598-9AF7-E8ADD759E2D1}.Release|x86.Build.0 = Release|Win32
		{98CB630C-AC3E-4F86-8CC0-EC1C8C77E7FA}.Debug|x64.ActiveCfg = Debug|x64
		{98CB630C-AC3E-4F86-8CC0-EC1C8C77E7FA}.Debug|x64.Build.0 = Debug|x64
		{98CB630C-AC3E-4F86-8CC0-EC1C8C77E7FA}.Debug|x86.ActiveCfg = Debug|Win32
		{98CB630C-AC3E-4F86-8CC0-EC1C8C77E7FA}.Debug|x86.Build.0 = Debug|Win32
		{98CB630C-AC3E-4F86-8CC0-EC1C8C77E7FA}.Release|x64.ActiveCfg = Release|x64
		{98CB630C-AC3E-4F86-8CC0-EC1C8C77E7FA}.Release|x64.Build.0 = Release|x64
		{98CB630C-AC3E-4F86-8CC0-EC1C8C77E7FA}.Release|x86.ActiveCfg = Release|Win32
		{98CB630C-AC3E-4F86-8CC0-EC1C8C77E7FA}.Release|x86.Build.0 = Release|Win32
		{732644A6-6344-4189-B8AC-3BE616A84CC2}.Debug|x64.ActiveCfg = Debug|x64
		{732644A6-6344-4189-B8AC-3BE616A84CC2}.Debug|x64.Build.0 = Debug|x64
		{732644A6-6344-4189-B8AC-3BE616A84CC2}.Debug|x86.ActiveCfg = Debug|Win32
		{732644A6-6344-4189-B8AC-3BE616A84CC2}.Debug|x86.Build.0 = Debug|Win32
		{732644A6-6344-4189-B8AC-3BE616A84CC2}.Release|x64.ActiveCfg = Release|x64
		{732644A6-6344-4189-B8AC-3BE616A84CC2}.Release|x64.Build.0 = Release|x64
		{732644A6-6344-4189-B8AC-3BE616A84CC2}.Release|x86.ActiveCfg = Release|Win32
		{732644A6-6344-4189-B8AC-3BE616A84CC2}.Release|x86.Build.0 = Release|Win32
		{7140E6E5-B071-4F4C-9549-6A9EF7A2F359}.Debug|x64.ActiveCfg = Debug|x64
		{7140E6E5-B071-4F4C-9549-6A9EF7A2F359}.Debug|x64.Build.0 = Debug|x64
		{7140E6E5-B071-4F4C-9549-6A9EF7A2F359}.Debug|x86.ActiveCfg = Debug|Win32
		{7140E6E5-B071-4F4C-9549-6A9EF7A2F359}.Debug|x86.Build.0 = Debug|Win32
		{7140E6E5-B071-4F4C-9549-6A9EF7A2F359}.Release|x64.ActiveCfg = Release|x64
		{7140E6E5-B071-4F4C-9549-6A9EF7A2F359}.Release|x64.Build.0 = Release|x64
		{7140E6E5-B071-4F4C-9549-6A9EF7A2F359}.Release|x86.ActiveCfg = Release|Win32
		{7140E6E5-B071-4F4C-9549-6A9EF7A2F359}.Release|x86.Build.0 = Release|Win32
		{74F5B89B-9B83-415A-824B-ACA1A6C2A168}.Debug|x64.ActiveCfg = Debug|x64
		{74F5B89B-9B83-415A-824B-ACA1A6C2A168}.Debug|x64.Build.0 = Debug|x64
		{74F5B89B-9B83-415A-824B-ACA1A6C2A168}.Debug|x86.ActiveCfg = Debug|Win32
		{74F5B89B-9B83-415A-824B-ACA1A6C2A168}.Debug|x86.Build.0 = Debug|Win32
		{74F5B89B-9B83-415A-824B-ACA1A6C2A168}.Release|x64.ActiveCfg = Release|x64
		{74F5B89B-9B83-415A-824B-ACA1A6C2A168}.Release|x64.Build.0 = Release|x64
		{74F5B89B-9B83-415A-824B-ACA1A6C2A168}.Release|x86.ActiveCfg = Release|Win32
		{74F5B89B-9B83-415A-824B-ACA1A6C2A168}.Release|x86.Build.0 = Release|Win32
		{181FF7BD-285F-49C0-9C4B-31AECFF0FCED}.Debug|x64.ActiveCfg = Debug|x64
		{181FF7BD-285F-49C0-9C4B-31AECFF0FCED}.Debug|x64.Build.0 = Debug|x64
		{181FF7BD-285F-49C0-9C4B-31AECFF0FCED}.Debug|x86.ActiveCfg = Debug|Win32
		{181FF7BD-285F-49C0-9C4B-31AECFF0FCED}.Debug|x86.Build.0 = Debug|Win32
		{181FF7BD-285F-49C0-9C4B-31AECFF0FCED}.Release|x64.ActiveCfg = Release|x64
		{181FF7BD-285F-49C0-9C4B-31AECFF0FCED}.Release|x64.Build.0 = Release|x64
		{181FF7BD-285F-49C0-9C4B-31AECFF0FCED}.Release|x86.ActiveCfg = Release|Win32
		{181FF7BD-285F-49C0-9C4B-31AECFF0FCED}.Release|x86.Build.0 = Release|Win32
		{0B4FB698-B0FB-486B-817E-2A1BAD982803}.Debug|x64.ActiveCfg = Debug|x64
		{0B4FB698-B0FB-486B-817E-2A1BAD982803}.Debug|x64.Build.0 = Debug|x64
		{0B4FB698-B0FB-486B-817E-2A1BAD982803}.Debug|x86.ActiveCfg = Debug|Win32
		{0B4FB698-B0FB-486B-817E-2A1BAD982803}.Debug|x86.Build.0 = Debug|Win32
		{0B4FB698-B0FB-486B-817E-2A1BAD982803}.Release|x64.ActiveCfg = Release|x64
		{0B4FB698-B0FB-486B-817E-2A1BAD982803}.Release|x64.Build.0 = Release|x64
		{0B4FB698-B0FB-486B-817E-2A1BAD982803}.Release|x86.ActiveCfg = Release|Win32
		{0B4FB698-B0FB-486B-817E-2A1BAD982803}.Release|x86.Build.0 = Release|Win32
		{B399975B-265F-4A43-A6CB-6078C32633C0}.Debug|x64.ActiveCfg = Debug|x64
		{B399975B-265F-4A43-A6CB-6078C32633C0}.Debug|x64.Build.0 = Debug|x64
		{B399975B-265F-4A43-A6CB-6078C32633C0}.Debug|x86.ActiveCfg = Debug|Win32
		{B399975B-265F-4A43-A6CB-6078C32633C0}.Debug|x86.Build.0 = Debug|Win32
		{B399975B-265F-4A43-A6CB-6078C32633C0}.Release|x64.ActiveCfg = Release|x64
		{B399975B-265F-4A43-A6CB-6078C32633C0}.Release|x64.Build.0 = Release|x64
		{B399975B-265F-4A43-A6CB-6078C32633C0}.Release|x86.ActiveCfg = Release|Win32
		{B399975B-265F-4A43-A6CB-6078C32633C0}.Release|x86.Build.0 = Release|Win32
		{55AF6525-ABBB-4C0C-8F37-1B83CD3F404D}.Debug|x64.ActiveCfg = Debug|x64
		{55AF6525-ABBB-4C0C-8F37-1B83CD3F404D}.Debug|x64.Build.0 = Debug|x64
		{55AF6525-ABBB-4C0C-8F37-1B83CD3F404D}.Debug|x86.ActiveCfg = Debug|Win32
		{55AF6525-ABBB-4C0C-8F37-1B83CD3F404D}.Debug|x86.Build.0 = Debug|Win32
		{55AF6525-ABBB-4C0C-8F37-1B83CD3F404D}.Release|x64.ActiveCfg = Release|x64
		{55AF6525-ABBB-4C0C-8F37-1B83CD3F404D}.Release|x64.Build.0 = Release|x64
		{55AF6525-ABBB-4C0C-8F37-1B83CD3F404D}.Release|x86.ActiveCfg = Release|Win32
		{55AF6525-ABBB-4C0C-8F37-1B83CD3F404D}.Release|x86.Build.0 = Release|Win32
		{C206FF40-689B-44A8-8701-4E33D04D5986}.Debug|x64.ActiveCfg = Debug|x64
		{C206FF40-689B-44A8-8701-4E33D04D5986}.Debug|x64.Build.0 = Debug|x64
		{C206FF40-689B-44A8-8701-4E33D04D5986}.Debug|x86.ActiveCfg = Debug|Win32
		{C206FF40-689B-44A8-8701-4E33D04D5986}.Debug|x86.Build.0 = Debug|Win32
		{C206FF40-689B-44A8-8701-4E33D04D5986}.Release|x64.ActiveCfg = Release|x64
		{C206FF40-689B-44A8-8701-4E33D04D5986}.Release|x64.Build.0 = Release|x64
		{C206FF40-689B-44A8-8701-4E33D04D5986}.Release|x86.ActiveCfg = Release|Win32
		{C206FF40-689B-44A8-8701-4E33D04D5986}.Release|x86.Build.0 = Release|Win32
		{98A9A2C6-E6E0-46F2-918D-BA4FF2F99D98}.Debug|x64.ActiveCfg = Debug|x64
		{98A9A2C6-E6E0-46F2-918D-BA4FF2F99D98}.Debug|x64.Build.0 = Debug|x64
		{98A9A2C6-E6E0-46F2-918D-BA4FF2F99D98}.Debug|x86.ActiveCfg = Debug|Win32
		{98A9A2C6-E6E0-46F2-918D-BA4FF2F99D98}.Debug|x86.Build.0 = Debug|Win32
		{98A9A2C6-E6E0-46F2-918D-BA4FF2F99D98}.Release|x64.ActiveCfg = Release|x64
		{98A9A2C6-E6E0-46F2-918D-BA4FF2F99D98}.Release|x64.Build.0 = Release|x64
		{98A9A2C6-E6E0-46F2-918D-BA4FF2F99D98}.Release|x86.ActiveCfg = Release|Win32
		{98A9A2C6-E6E0-46F2-918D-BA4FF2F99D98}.Release|x86.Build.0 = Release|Win32
		{425F5C85-0F99-4DDE-80AF-F9672B9B22A0}.Debug|x64.ActiveCfg = Debug|x64
		{425F5C85-0F99-4DDE-80AF-F9672B9B22A0}.Debug|x64.Build.0 = Debug|x64
		{425F5C85-0F99-4DDE-80AF-F9672B9B22A0}.Debug|x86.ActiveCfg = Debug|Win32
		{425F5C85-0F99-4DDE-80AF-F9672B9B22A0}.Debug|x86.Build.0 = Debug|Win32
		{425F5C85-0F99-4DDE-80AF-F9672B9B22A0}.Release|x64.ActiveCfg = Release|x64
		{425F5C85-0F99-4DDE-80AF-F9672B9B22A0}.Release|x64.Build.0 = Release|x64
		{425F5C85-0F99-4DDE-80AF-F9672B9B22A0}.Release|x86.ActiveCfg = Release|Win32
		{425F5C85-0F99-4DDE-80AF-F9672B9B22A0}.Release|x86.Build.0 = Release|Win32
		{D8632D98-2EBE-485B-9E20-35822196146F}.Debug|x64.ActiveCfg = Debug|x64
		{D8632D98-2EBE-485B-9E20-35822196146F}.Debug|x64.Build.0 = Debug|x64
		{D8632D98-2EBE-485B-9E20-35822196146F}.Debug|x86.ActiveCfg = Debug|Win32
		{D8632D98-2EBE-485B-9E20-35822196146F}.Debug|x86.Build.0 = Debug|Win32
		{D8632D98-2EBE-485B-9E20-35822196146F}.Release|x64.ActiveCfg = Release|x64
		{D8632D98-2EBE-485B-9E20-35822196146F}.Release|x64.Build.0 = Release|x64
		{D8632D98-2EBE-485B-9E20-35822196146F}.Release|x86.ActiveCfg = Release|Win32
		{D8632D98-2EBE-485B-9E20-35822196146F}.Release|x86.Build.0 = Release|Win32
		{60BC1EA4-319D-438F-9845-E344F817B9DC}.Debug|x64.ActiveCfg = Debug|x64
		{60BC1EA4-319D-438F-9845-E344F817B9DC}.Debug|x64.Build.0 = Debug|x64
		{60BC1EA4-319D-438F-9845-E344F817B9DC}.Debug|x86.ActiveCfg = Debug|Win32
		{60BC1EA4-319D-438F-9845-E344F817B9DC}.Debug|x86.Build.0 = Debug|Win32
		{60BC1EA4-319D-438F-9845-E344F817B9DC}.Release|x64.ActiveCfg = Release|x64
		{60BC1EA4-319D-438F-9845-E344F817B9DC}.Release|x64.Build.0 = Release|x64
		{60BC1EA4-319D-438F-9845-E344F817B9DC}.Release|x86.ActiveCfg = Release|Win32
		{60BC1EA4-319D-438F-9845-E344F817B9DC}.Release|x86.Build.0 = Release|Win32
		{F5C5588D-A8F5-4309-9DFA-A556EA6134ED}.Debug|x64.ActiveCfg = Debug|x64
		{F5C5588D-A8F5-4309-9DFA-A556EA6134ED}.Debug|x64.Build.0 = Debug|x64
		{F5C5588D-A8F5-4309-9DFA-A556EA6134ED}.Debug|x86.ActiveCfg = Debug|Win32
		{F5C5588D-A8F5-4309-9DFA-A556EA6134ED}.Debug|x86.Build.0 = Debug|Win32
		{F5C5588D-A8F5-4309-9DFA-A556EA6134ED}.Release|x64.ActiveCfg = Release|x64
		{F5C5588D-A8F5-4309-9DFA-A556EA6134ED}.Release|x64.Build.0 = Release|x64
		{F5C5588D-A8F5-4309-9DFA-A556EA6134ED}.Release|x86.ActiveCfg = Release|Win32
		{F5C5588D-A8F5-4309-9DFA-A556EA6134ED}.Release|x86.Build.0 = Release|Win32
		{B26DD3B1-5B65-4BF4-BD6F-932DD9F2DA02}.Debug|x64.ActiveCfg = Debug|x64
		{B26DD3B1-5B65-4BF4-BD6F-932DD9F2DA02}.Debug|x64.Build.0 = Debug|x64
		{B26DD3B1-5B65-4BF4-BD6F-932DD9F2DA02}.Debug|x86.ActiveCfg = Debug|Win32
		{B26DD3B1-5B65-4BF4-BD6F-932DD9F2DA02}.Debug|x86.Build.0 = Debug|Win32
		{B26DD3B1-5B65-4BF4-BD6F-932DD9F2DA02}.Release|x64.ActiveCfg = Release|x64
		{B26DD3B1-5B65-4BF4-BD6F-932DD9F2DA02}.Release|x64.Build.0 = Release|x64
		{B26DD3B1-5B65-4BF4-BD6F-932DD9F2DA02}.Release|x86.ActiveCfg = Release|Win32
		{B26DD3B1-5B65-4BF4-BD6F-932DD9F2DA02}.Release|x86.Build.0 = Release|Win32
		{B09A36AC-2165-42B6-9BA5-69F7AD4250DB}.Debug|x64.ActiveCfg = Debug|x64
		{B09A36AC-2165-42B6-9BA5-69F7AD4250DB}.Debug|x64.Build.0 = Debug|x64
		{B09A36AC-2165-42B6-9BA5-69F7AD4250DB}.Debug|x86.ActiveCfg = Debug|Win32
		{B09A36AC-2165-42B6-9BA5-69F7AD4250DB}.Debug|x86.Build.0 = Debug|Win32
		{B09A36AC-2165-42B6-9BA5-69F7AD4250DB}.Release|x64.ActiveCfg = Release|x64
		{B09A36AC-2165-42B6-9BA5-69F7AD4250DB}.Release|x64.Build.0 = Release|x64
		{B09A36AC-2165-42B6-9BA5-69F7AD4250DB}.Release|x86.ActiveCfg = Release|Win32
		{B09A36AC-2165-42B6-9BA5-69F7AD4250DB}.Release|x86.Build.0 = Release|Win32
		{4CBD7F13-8A5E-4999-BEFC-5DDDA09DD055}.Debug|x64.ActiveCfg = Debug|x64
		{4CBD7F13-8A5E-4999-BEFC-5DDDA09DD055}.Debug|x64.Build.0 = Debug|x64
		{4CBD7F13-8A5E-4999-BEFC-5DDDA09DD055}.Debug|x86.ActiveCfg = Debug|Win32
		{4CBD7F13-8A5E-4999-BEFC-5DDDA09DD055}.Debug|x86.Build.0 = Debug|Win32
		{4CBD7F13-8A5E-4999-BEFC-5DDDA09DD055}.Release|x64.ActiveCfg = Release|x64
		{4CBD7F13-8A5E-4999-BEFC-5DDDA09DD055}.Release|x64.Build.0 = Release|x64
		{4CBD7F13-8A5E-4999-BEFC-5DDDA09DD055}.Release|x86.ActiveCfg = Release|Win32
		{4CBD7F13-8A5E-4999-BEFC-5DDDA09DD055}.Release|x86.Build.0 = Release|Win32
		{FE169F18-6119-45F1-B727-09614449D2EA}.Debug|x64.ActiveCfg = Debug|x64
		{FE169F18-6119-45F1-B727-09614449D2EA}.Debug|x64.Build.0 = Debug|x64
		{FE169F18-6119-45F1-B727-09614449D2EA}.Debug|x86.ActiveCfg = Debug|Win32
		{FE169F18-6119-45F1-B727-09614449D2EA}.Debug|x86.Build.0 = Debug|Win32
		{FE169F18-6119-45F1-B727-09614449D2EA}.Release|x64.ActiveCfg = Release|x64
		{FE169F18-6119-45F1-B727-09614449D2EA}.Release|x64.Build.0 = Release|x64
		{FE169F18-6119-45F1-B727-09614449D2EA}.Release|x86.ActiveCfg = Release|Win32
		{FE169F18-6119-45F1-B727-09614449D2EA}.Release|x86.Build.0 = Release|Win32
		{E7BD2232-95B5-476B-B14C-74CCDBA1D36A}.Debug|x64.ActiveCfg = Debug|x64
		{E7BD2232-95B5-476B-B14C-74CCDBA1D36A}.Debug|x64.Build.0 = Debug|x64
		{E7BD2232-95B5-476B-B14C-74CCDBA1D36A}.Debug|x86.ActiveCfg = Debug|Win32
		{E7BD2232-95B5-476B-B14C-74CCDBA1D36A}.Debug|x86.Build.0 = Debug|Win32
		{E7BD2232-95B5-476B-B14C-74CCDBA1D36A}.Release|x64.ActiveCfg = Release|x64
		{E7BD2232-95B5-476B-B14C-74CCDBA1D36A}.Release|x64.Build.0 = Release|x64
		{E7BD2232-95B5-476B-B14C-74CCDBA1D36A}.Release|x86.ActiveCfg = Release|Win32
		{E7BD2232-95B5-476B-B14C-74CCDBA1D36A}.Release|x86.Build.0 = Release|Win32
		{042D0EBF-8DF1-4C8D-A11B-06767DB41BE3}.Debug|x64.ActiveCfg = Debug|x64
		{042D0EBF-8DF1-4C8D-A11B-06767DB41BE3}.Debug|x64.Build.0 = Debug|x64
		{042D0EBF-8DF1-4C8D-A11B-06767DB41BE3}.Debug|x86.ActiveCfg = Debug|Win32
		{042D0EBF-8DF1-4C8D-A11B-06767DB41BE3}.Debug|x86.Build.0 = Debug|Win32
		{042D0EBF-8DF1-4C8D-A11B-06767DB41BE3}.Release|x64.ActiveCfg = Release|x64
		{042D0EBF-8DF1-4C8D-A11B-06767DB41BE3}.Release|x64.Build.0 = Release|x64
		{042D0EBF-8DF1-4C8D-A11B-06767DB41BE3}.Release|x86.ActiveCfg = Release|Win32
		{042D0EBF-8DF1-4C8D-A11B-06767DB41BE3}.Release|x86.Build.0 = Release|Win32
		{EBB29C1E-9B87-47BD-BB5F-356E4C35A29B}.Debug|x64.ActiveCfg = Debug|x64
		{EBB29C1E-9B87-47BD-BB5F-356E4C35A29B}.Debug|x64.Build.0 = Debug|x64
		{EBB29C1E-9B87-47BD-BB5F-356E4C35A29B}.Debug|x86.ActiveCfg = Debug|Win32
		{EBB29C1E-9B87-47BD-BB5F-356E4C35A29B}.Debug|x86.Build.0 = Debug|Win32
		{EBB29C1E-9B87-47BD-BB5F-356E4C35A29B}.Release|x64.ActiveCfg = Release|x64
		{EBB29C1E-9B87-47BD-BB5F-356E4C35A29B}.Release|x64.Build.0 = Release|x64
		{EBB29C1E-9B87-47BD-BB5F-356E4C35A29B}.Release|x86.ActiveCfg = Release|Win32
		{EBB29C1E-9B87-47BD-BB5F-356E4C35A29B}.Release|x86.Build.0 = Release|Win32
		{C4B8D744-F0A6-49DA-84B1-D7F69D6345B5}.Debug|x64.ActiveCfg = Debug|x64
		{C4B8D744-F0A6-49DA-84B1-D7F69D6345B5}.Debug|x64.Build.0 = Debug|x64
		{C4B8D744-F0A6-49DA-84B1-D7F69D6345B5}.Debug|x86.ActiveCfg = Debug|Win32
		{C4B8D744-F0A6-49DA-84B1-D7F69D6345B5}.Debug|x86.Build.0 = Debug|Win32
		{C4B8D744-F0A6-49DA-84B1-D7F69D6345B5}.Release|x64.ActiveCfg = Release|x64
		{C4B8D744-F0A6-49DA-84B1-D7F69D6345B5}.Release|x64.Build.0 = Release|x64
		{C4B8D744-F0A6-49DA-84B1-D7F69D6345B5}.Release|x86.ActiveCfg = Release|Win32
		{C4B8D744-F0A6-49DA-84B1-D7F69D6345B5}.Release|x86.Build.0 = Release|Win32
		{2A6F9227-4157-41C8-9D40-8D88B1892EE4}.Debug|x64.ActiveCfg = Debug|x64
		{2A6F9227-4157-41C8-9D40-8D88B1892EE4}.Debug|x64.Build.0 = Debug|x64
		{2A6F9227-4157-41C8-9D40-8D88B1892EE4}.Debug|x86.ActiveCfg = Debug|Win32
		{2A6F9227-4157-41C8-9D40-8D88B1892EE4}.Debug|x86.Build.0 = Debug|Win32
		{2A6F9227-4157-41C8-9D40-8D88B1892EE4}.Release|x64.ActiveCfg = Release|x64
		{2A6F9227-4157-41C8-9D40-8D88B1892EE4}.Release|x64.Build.0 = Release|x64
		{2A6F9227-4157-41C8-9D40-8D88B1892EE4}.Release|x86.ActiveCfg = Release|Win32
		{2A6F9227-4157-41C8-9D40-8D88B1892EE4}.Release|x86.Build.0 = Release|Win32
		{65D3904D-DDD3-4F62-AAA4-1EB8111D1235}.Debug|x64.ActiveCfg = Debug|x64
		{65D3904D-DDD3-4F62-AAA4-1EB8111D1235}.Debug|x64.Build.0 = Debug|x64
		{65D3904D-DDD3-4F62-AAA4-1EB8111D1235}.Debug|x86.ActiveCfg = Debug|Win32
		{65D3904D-DDD3-4F62-AAA4-1EB8111D1235}.Debug|x86.Build.0 = Debug|Win32
		{65D3904D-DDD3-4F62-AAA4-1EB8111D1235}.Release|x64.ActiveCfg = Release|x64
		{65D3904D-DDD3-4F62-AAA4-1EB8111D1235}.Release|x64.Build.0 = Release|x64
		{65D3904D-DDD3-4F62-AAA4-1EB8111D1235}.Release|x86.ActiveCfg = Release|Win32
		{65D3904D-DDD3-4F62-AAA4-1EB8111D1235}.Release|x86.Build.0 = Release|Win32
		{05229B27-E7DC-449C-AE2F-B30AA475116E}.Debug|x64.ActiveCfg = Debug|x64
		{05229B27-E7DC-449C-AE2F-B30AA475116E}.Debug|x64.Build.0 = Debug|x64
		{05229B27-E7DC-449C-AE2F-B30AA475116E}.Debug|x86.ActiveCfg = Debug|Win32
		{05229B27-E7DC-449C-AE2F-B30AA475116E}.Debug|x86.Build.0 = Debug|Win32
		{05229B27-E7DC-449C-AE2F-B30AA475116E}.Release|x64.ActiveCfg = Release|x64
		{05229B27-E7DC-449C-AE2F-B30AA475116E}.Release|x64.Build.0 = Release|x64
		{05229B27-E7DC-449C-AE2F-B30AA475116E}.Release|x86.ActiveCfg = Release|Win32
		{05229B27-E7DC-449C-AE2F-B30AA475116E}.Release|x86.Build.0 = Release|Win32
		{AD71D1A8-037C-4C24-B01E-EFE201648EE1}.Debug|x64.ActiveCfg = Debug|x64
		{AD71D1A8-037C-4C24-B01E-EFE201648EE1}.Debug|x64.Build.0 = Debug|x64
		{AD71D1A8-037C-4C24-B01E-EFE201648EE1}.Debug|x86.ActiveCfg = Debug|Win32
		{AD71D1A8-037C-4C24-B01E-EFE201648EE1}.Debug|x86.Build.0 = Debug|Win32
		{AD71D1A8-037C-4C24-B01E-EFE201648EE1}.Release|x64.ActiveCfg = Release|x64
		{AD71D1A8-037C-4C24-B01E-EFE201648EE1}.Release|x64.Build.0 = Release|x64
		{AD71D1A8-037C-4C24-B01E-EFE201648EE1}.Release|x86.ActiveCfg = Release|Win32
		{AD71D1A8-037C-4C24-B01E-EFE201648EE1}.Release|x86.Build.0 = Release|Win32
		{EEAF9E69-87CA-494A-86BA-705B89B08BD6}.Debug|x64.ActiveCfg = Debug|x64
		{EEAF9E69-87CA-494A-86BA-705B89B08BD6}.Debug|x64.Build.0 = Debug|x64
		{EEAF9E69-87CA-494A-86BA-705B89B08BD6}.Debug|x86.ActiveCfg = Debug|Win32
		{EEAF9E69-87CA-494A-86BA-705B89B08BD6}.Debug|x86.Build.0 = Debug|Win32
		{EEAF9E69-87CA-494A-86BA-705B89B08BD6}.Release|x64.ActiveCfg = Release|x64
		{EEAF9E69-87CA-494A-86BA-705B89B08BD6}.Release|x64.Build.0 = Release|x64
		{EEAF9E69-87CA-494A-86BA-705B89B08BD6}.Release|x86.ActiveCfg = Release|Win32
		{EEAF9E69-87CA-494A-86BA-705B89B08BD6}.Release|x86.Build.0 = Release|Win32
		{434E95FF-6220-4732-8CA8-4B25BCCCB979}.Debug|x64.ActiveCfg = Debug|x64
		{434E95FF-6220-4732-8CA8-4B25BCCCB979}.Debug|x64.Build.0 = Debug|x64
		{434E95FF-6220-4732-8CA8-4B25BCCCB979}.Debug|x86.ActiveCfg = Debug|Win32
		{434E95FF-6220-4732-8CA8-4B25BCCCB979}.Debug|x86.Build.0 = Debug|Win32
		{434E95FF-6220-4732-8CA8-4B25BCCCB979}.Release|x64.ActiveCfg = Release|x64
		{434E95FF-6220-4732-8CA8-4B25BCCCB979}.Release|x64.Build.0 = Release|x64
		{434E95FF-6220-4732-8CA8-4B25BCCCB979}.Release|x86.ActiveCfg = Release|Win32
		{434E95FF-6220-4732-8CA8-4B25BCCCB979}.Release|x86.Build.0 = Release|Win32
		{60327DDA-C504-4A4F-ADCF-8E2E3E9B25F3}.Debug|x64.ActiveCfg = Debug|x64
		{60327DDA-C504-4A4F-ADCF-8E2E3E9B25F3}.Debug|x64.Build.0 = Debug|x64
		{60327DDA-C504-4A4F-ADCF-8E2E3E9B25F3}.Debug|x86.ActiveCfg = Debug|Win32
		{60327DDA-C504-4A4F-ADCF-8E2E3E9B25F3}.Debug|x86.Build.0 = Debug|Win32
		{60327DDA-C504-4A4F-ADCF-8E2E3E9B25F3}.Release|x64.ActiveCfg = Release|x64
		{60327DDA-C504-4A4F-ADCF-8E2E3E9B25F3}.Release|x64.Build.0 = Release|x64
		{60327DDA-C504-4A4F-ADCF-8E2E3E9B25F3}.Release|x86.ActiveCfg = Release|Win32
		{60327DDA-C504-4A4F-ADCF-8E2E3E9B25F3}.Release|x86.Build.0 = Release|Win32
		{EEC3E50E-F695-4ED7-83A5-A672F9BF6283}.Debug|x64.ActiveCfg = Debug|x64
		{EEC3E50E-F695-4ED7-83A5-A672F9BF6283}.Debug|x64.Build.0 = Debug|x64
		{EEC3E50E-F695-4ED7-83A5-A672F9BF6283}.Debug|x86.ActiveCfg = Debug|Win32
		{EEC3E50E-F695-4ED7-83A5-A672F9BF6283}.Debug|x86.Build.0 = Debug|Win32
		{EEC3E50E-F695-4ED7-83A5-A672F9BF6283}.Release|x64.ActiveCfg = Release|x64
		{EEC3E50E-F695-4ED7-83A5-A672F9BF6283}.Release|x64.Build.0 = Release|x64
		{EEC3E50E-F695-4ED7-83A5-A672F9BF6283}.Release|x86.ActiveCfg = Release|Win32
		{EEC3E50E-F695-4ED7-83A5-A672F9BF6283}.Release|x86.Build.0 = Release|Win32
		{5F17C1B1-0A88-457E-9FDC-58813D275721}.Debug|x64.ActiveCfg = Debug|x64
		{5F17C1B1-0A88-457E-9FDC-58813D275721}.Debug|x64.Build.0 = Debug|x64
		{5F17C1B1-0A88-457E-9FDC-58813D275721}.Debug|x86.ActiveCfg = Debug|Win32
		{5F17C1B1-0A88-457E-9FDC-58813D275721}.Debug|x86.Build.0 = Debug|Win32
		{5F17C1B1-0A88-457E-9FDC-58813D275721}.Release|x64.ActiveCfg = Release|x64
		{5F17C1B1-0A88-457E-9FDC-58813D275721}.Release|x64.Build.0 = Release|x64
		{5F17C1B1-0A88-457E-9FDC-58813D275721}.Release|x86.ActiveCfg = Release|Win32
		{5F17C1B1-0A88-457E-9FDC-58813D275721}.Release|x86.Build.0 = Release|Win32
		{EC0C9EC6-B910-4DD5-ABE5-B9D3AC1B57EA}.Debug|x64.ActiveCfg = Debug|x64
		{EC0C9EC6-B910-4DD5-ABE5-B9D3AC1B57EA}.Debug|x64.Build.0 = Debug|x64
		{EC0C9EC6-B910-4DD5-ABE5-B9D3AC1B57EA}.Debug|x86.ActiveCfg = Debug|Win32
		{EC0C9EC6-B910-4DD5-ABE5-B9D3AC1B57EA}.Debug|x86.Build.0 = Debug|Win32
		{EC0C9EC6-B910-4DD5-ABE5-B9D3AC1B57EA}.Release|x64.ActiveCfg = Release|x64
		{EC0C9EC6-B910-4DD5-ABE5-B9D3AC1B57EA}.Release|x64.Build.0 = Release|x64
		{EC0C9EC6-B910-4DD5-ABE5-B9D3AC1B57EA}.Release|x86.ActiveCfg = Release|Win32
		{EC0C9EC6-B910-4DD5-ABE5-B9D3AC1B57EA}.Release|x86.Build.0 = Release|Win32
		{7976EA49-B80F-4541-92EE-95FA0CD89F9D}.Debug|x64.ActiveCfg = Debug|x64
		{7976EA49-B80F-4541-92EE-95FA0CD89F9D}.Debug|x64.Build.0 = Debug|x64
		{7976EA49-B80F-4541-92EE-95FA0CD89F9D}.Debug|x86.ActiveCfg = Debug|Win32
		{7976EA49-B80F-4541-92EE-95FA0CD89F9D}.Debug|x86.Build.0 = Debug|Win32
		{7976EA49-B80F-4541-92EE-95FA0CD89F9D}.Release|x64.ActiveCfg = Release|x64
		{7976EA49-B80F-4541-92EE-95FA0CD89F9D}.Release|x64.Build.0 = Release|x64
		{7976EA49-B80F-4541-92EE-95FA0CD89F9D}.Release|x86.ActiveCfg = Release|Win32
		{7976EA49-B80F-4541-92EE-95FA0CD89F9D}.Release|x86.Build.0 = Release|Win32
		{B563462A-DA08-45FA-BC33-907C191D2E7D}.Debug|x64.ActiveCfg = Debug|x64
		{B563462A-DA08-45FA-BC33-907C191D2E7D}.Debug|x64.Build.0 = Debug|x64
		{B563462A-DA08-45FA-BC33-907C191D2E7D}.Debug|x86.ActiveCfg = Debug|Win32
		{B563462A-DA08-45FA-BC33-907C191D2E7D}.Debug|x86.Build.0 = Debug|Win32
		{B563462A-DA08-45FA-BC33-907C191D2E7D}.Release|x64.ActiveCfg = Release|x64
		{B563462A-DA08-45FA-BC33-907C191D2E7D}.Release|x64.Build.0 = Release|x64
		{B563462A-DA08-45FA-BC33-907C191D2E7D}.Release|x86.ActiveCfg = Release|Win32
		{B563462A-DA08-45FA-BC33-907C191D2E7D}.Release|x86.Build.0 = Release|Win32
		{EED25D97-9E96-496C-A841-E0F54508890E}.Debug|x64.ActiveCfg = Debug|x64
		{EED25D97-9E96-496C-A841-E0F54508890E}.Debug|x64.Build.0 = Debug|x64
		{EED25D97-9E96-496C-A841-E0F54508890E}.Debug|x86.ActiveCfg = Debug|Win32
		{EED25D97-9E96-496C-A841-E0F54508890E}.Debug|x86.Build.0 = Debug|Win32
		{EED25D97-9E96-496C-A841-E0F54508890E}.Release|x64.ActiveCfg = Release|x64
		{EED25D97-9E96-496C-A841-E0F54508890E}.Release|x64.Build.0 = Release|x64
		{EED25D97-9E96-496C-A841-E0F54508890E}.Release|x86.ActiveCfg = Release|Win32
		{EED25D97-9E96-496C-A841-E0F54508890E}.Release|x86.Build.0 = Release|Win32
		{23B8DDD7-6DCA-4FF4-911D-7CBAF95FAD2E}.Debug|x64.ActiveCfg = Debug|x64
		{23B8DDD7-6DCA-4FF4-911D-7CBAF95FAD2E}.Debug|x64.Build.0 = Debug|x64
		{23B8DDD7-6DCA-4FF4-911D-7CBAF95FAD2E}.Debug|x86.ActiveCfg = Debug|Win32
		{23B8DDD7-6DCA-4FF4-911D-7CBAF95FAD2E}.Debug|x86.Build.0 = Debug|Win32
		{23B8DDD7-6DCA-4FF4-911D-7CBAF95FAD2E}.Release|x64.ActiveCfg = Release|x64
		{23B8DDD7-6DCA-4FF4-911D-7CBAF95FAD2E}.Release|x64.Build.0 = Release|x64
		{23B8DDD7-6DCA-4FF4-911D-7CBAF95FAD2E}.Release|x86.ActiveCfg = Release|Win32
		{23B8DDD7-6DCA-4FF4-911D-7CBAF95FAD2E}.Release|x86.Build.0 = Release|Win32
		{20F30ECE-4A73-4B92-8341-ECDAAD6CDC28}.Debug|x64.ActiveCfg = Debug|x64
		{20F30ECE-4A73-4B92-8341-ECDAAD6CDC28}.Debug|x64.Build.0 = Debug|x64
		{20F30ECE-4A73-4B92-8341-ECDAAD6CDC28}.Debug|x86.ActiveCfg = Debug|Win32
		{20F30ECE-4A73-4B92-8341-ECDAAD6CDC28}.Debug|x86.Build.0 = Debug|Win32
		{20F30ECE-4A73-4B92-8341-ECDAAD6CDC28}.Release|x64.ActiveCfg = Release|x64
		{20F30ECE-4A73-4B92-8341-ECDAAD6CDC28}.Release|x64.Build.0 = Release|x64
		{20F30ECE-4A73-4B92-8341-ECDAAD6CDC28}.Release|x86.ActiveCfg = Release|Win32
		{20F30ECE-4A73-4B92-8341-ECDAAD6CDC28}.Release|x86.Build.0 = Release|Win32
		{ED43BBDE-05DB-43FE-BFC3-A8EAFD2D5EA7}.Debug|x64.ActiveCfg = Debug|x64
		{ED43BBDE-05DB-43FE-BFC3-A8EAFD2D5EA7}.Debug|x64.Build.0 = Debug|x64
		{ED43BBDE-05DB-43FE-BFC3-A8EAFD2D5EA7}.Debug|x86.ActiveCfg = Debug|Win32
		{ED43BBDE-05DB-43FE-BFC3-A8EAFD2D5EA7}.Debug|x86.Build.0 = Debug|Win32
		{ED43BBDE-05DB-43FE-BFC3-A8EAFD2D5EA7}.Release|x64.ActiveCfg = Release|x64
		{ED43BBDE-05DB-43FE-BFC3-A8EAFD2D5EA7}.Release|x64.Build.0 = Release|x64
		{ED43BBDE-05DB-43FE-BFC3-A8EAFD2D5EA7}.Release|x86.ActiveCfg = Release|Win32
		{ED43BBDE-05DB-43FE-BFC3-A8EAFD2D5EA7}.Release|x86.Build.0 = Release|Win32
		{9086CCA0-4ECD-4E8D-AE36-BBB2392330B3}.Debug|x64.ActiveCfg = Debug|x64
		{9086CCA0-4ECD-4E8D-AE36-BBB2392330B3}.Debug|x64.Build.0 = Debug|x64
		{9086CCA0-4ECD-4E8D-AE36-BBB2392330B3}.Debug|x86.ActiveCfg = Debug|Win32
		{9086CCA0-4ECD-4E8D-AE36-BBB2392330B3}.Debug|x86.Build.0 = Debug|Win32
		{9086CCA0-4ECD-4E8D-AE36-BBB2392330B3}.Release|x64.ActiveCfg = Release|x64
		{9086CCA0-4ECD-4E8D-AE36-BBB2392330B3}.Release|x64.Build.0 = Release|x64
		{9086CCA0-4ECD-4E8D-AE36-BBB2392330B3}.Release|x86.ActiveCfg = Release|Win32
		{9086CCA0-4ECD-4E8D-AE36-BBB2392330B3}.Release|x86.Build.0 = Release|Win32
		{9F18E301-17AB-460A-833C-D72FF5BB3910}.Debug|x64.ActiveCfg = Debug|x64
		{9F18E301-17AB-460A-833C-D72FF5BB3910}.Debug|x64.Build.0 = Debug|x64
		{9F18E301-17AB-460A-833C-D72FF5BB3910}.Debug|x86.ActiveCfg = Debug|Win32
		{9F18E301-17AB-460A-833C-D72FF5BB3910}.Debug|x86.Build.0 = Debug|Win32
		{9F18E301-17AB-460A-833C-D72FF5BB3910}.Release|x64.ActiveCfg = Release|x64
		{9F18E301-17AB-460A-833C-D72FF5BB3910}.Release|x64.Build.0 = Release|x64
		{9F18E301-17AB-460A-833C-D72FF5BB3910}.Release|x86.ActiveCfg = Release|Win32
		{9F18E301-17AB-460A-833C-D72FF5BB3910}.Release|x86.Build.0 = Release|Win32
		{D2CD85E8-B155-40A3-B9C3-53DCA121DF1D}.Debug|x64.ActiveCfg = Debug|x64
		{D2CD85E8-B155-40A3-B9C3-53DCA121DF1D}.Debug|x64.Build.0 = Debug|x64
		{D2CD85E8-B155-40A3-B9C3-53DCA121DF1D}.Debug|x86.ActiveCfg = Debug|Win32
		{D2CD85E8-B155-40A3-B9C3-53DCA121DF1D}.Debug|x86.Build.0 = Debug|Win32
		{D2CD85E8-B155-40A3-B9C3-53DCA121DF1D}.Release|x64.ActiveCfg = Release|x64
		{D2CD85E8-B155-40A3-B9C3-53DCA121DF1D}.Release|x64.Build.0 = Release|x64
		{D2CD85E8-B155-40A3-B9C3-53DCA121DF1D}.Release|x86.ActiveCfg = Release|Win32
		{D2CD85E8-B155-40A3-B9C3-53DCA121DF1D}.Release|x86.Build.0 = Release|Win32
		{E377C656-9E86-45EE-8118-78EA832BCDB4}.Debug|x64.ActiveCfg = Debug|x64
		{E377C656-9E86-45EE-8118-78EA832BCDB4}.Debug|x64.Build.0 = Debug|x64
		{E377C656-9E86-45EE-8118-78EA832BCDB4}.Debug|x86.ActiveCfg = Debug|Win32
		{E377C656-9E86-45EE-8118-78EA832BCDB4}.Debug|x86.Build.0 = Debug|Win32
		{E377C656-9E86-45EE-8118-78EA832BCDB4}.Release|x64.ActiveCfg = Release|x64
		{E377C656-9E86-45EE-8118-78EA832BCDB4}.Release|x64.Build.0 = Release|x64
		{E377C656-9E86-45EE-8118-78EA832BCDB4}.Release|x86.ActiveCfg = Release|Win32
		{E377C656-9E86-45EE-8118-78EA832BCDB4}.Release|x86.Build.0 = Release|Win32
		{71EBC467-1DDF-4642-AC74-FA304A0A4B52}.Debug|x64.ActiveCfg = Debug|x64
		{71EBC467-1DDF-4642-AC74-FA304A0A4B52}.Debug|x64.Build.0 = Debug|x64
		{71EBC467-1DDF-4642-AC74-FA304A0A4B52}.Debug|x86.ActiveCfg = Debug|Win32
		{71EBC467-1DDF-4642-AC74-FA304A0A4B52}.Debug|x86.Build.0 = Debug|Win32
		{71EBC467-1DDF-4642-AC74-FA304A0A4B52}.Release|x64.ActiveCfg = Release|x64
		{71EBC467-1DDF-4642-AC74-FA304A0A4B52}.Release|x64.Build.0 = Release|x64
		{71EBC467-1DDF-4642-AC74-FA304A0A4B52}.Release|x86.ActiveCfg = Release|Win32
		{71EBC467-1DDF-4642-AC74-FA304A0A4B52}.Release|x86.Build.0 = Release|Win32
		{B9595A88-A59B-4B46-8E0A-0E81919D76B5}.Debug|x64.ActiveCfg = Debug|x64
		{B9595A88-A59B-4B46-8E0A-0E81919D76B5}.Debug|x64.Build.0 = Debug|x64
		{B9595A88-A59B-4B46-8E0A-0E81919D76B5}.Debug|x86.ActiveCfg = Debug|Win32
		{B9595A88-A59B-4B46-8E0A-0E81919D76B5}.Debug|x86.Build.0 = Debug|Win32
		{B9595A88-A59B-4B46-8E0A-0E81919D76B5}.Release|x64.ActiveCfg = Release|x64
		{B9595A88-A59B-4B46-8E0A-0E81919D76B5}.Release|x64.Build.0 = Release|x64
		{B9595A88-A59B-4B46-8E0A-0E81919D76B5}.Release|x86.ActiveCfg = Release|Win32
		{B9595A88-A59B-4B46-8E0A-0E81919D76B5}.Release|x86.Build.0 = Release|Win32
		{57E1EC53-EFFB-4770-AF90-E73D22A1EA7F}.Debug|x64.ActiveCfg = Debug|x64
		{57E1EC53-EFFB-4770-AF90-E73D22A1EA7F}.Debug|x64.Build.0 = Debug|x64
		{57E1EC53-EFFB-4770-AF90-E73D22A1EA7F}.Debug|x86.ActiveCfg = Debug|Win32
		{57E1EC53-EFFB-4770-AF90-E73D22A1EA7F}.Debug|x86.Build.0 = Debug|Win32
		{57E1EC53-EFFB-4770-AF90-E73D22A1EA7F}.Release|x64.ActiveCfg = Release|x64
		{57E1EC53-EFFB-4770-AF90-E73D22A1EA7F}.Release|x64.Build.0 = Release|x64
		{57E1EC53-EFFB-4770-AF90-E73D22A1EA7F}.Release|x86.ActiveCfg = Release|Win32
		{57E1EC53-EFFB-4770-AF90-E73D22A1EA7F}.Release|x86.Build.0 = Release|Win32
		{8564F8BF-2607-4036-B950-8481D83C09B7}.Debug|x64.ActiveCfg = Debug|x64
		{8564F8BF-2607-4036-B950-8481D83C09B7}.Debug|x64.Build.0 = Debug|x64
		{8564F8BF-2607-4036-B950-8481D83C09B7}.Debug|x86.ActiveCfg = Debug|Win32
		{8564F8BF-2607-4036-B950-8481D83C09B7}.Debug|x86.Build.0 = Debug|Win32
		{8564F8BF-2607-4036-B950-8481D83C09B7}.Release|x64.ActiveCfg = Release|x64
		{8564F8BF-2607-4036-B950-8481D83C09B7}.Release|x64.Build.0 = Release|x64
		{8564F8BF-2607-4036-B950-8481D83C09B7}.Release|x86.ActiveCfg = Release|Win32
		{8564F8BF-2607-4036-B950-8481D83C09B7}.Release|x86.Build.0 = Release|Win32
	EndGlobalSection
	GlobalSection(SolutionProperties) = preSolution
		HideSolutionNode = FALSE
	EndGlobalSection
	GlobalSection(NestedProjects) = preSolution
		{D77C1286-692B-4D92-98A8-D00ED7046FA9} = {DD1383C3-B2EE-49F9-8ADC-088A4769A6C6}
		{2C892575-B425-4531-B6A1-F7843DB7F5D8} = {DD1383C3-B2EE-49F9-8ADC-088A4769A6C6}
		{15EABC36-71EE-4F32-B362-B8D0E2938C69} = {DD1383C3-B2EE-49F9-8ADC-088A4769A6C6}
		{C6924556-7573-40C8-8191-037DEAC00A32} = {DD1383C3-B2EE-49F9-8ADC-088A4769A6C6}
		{82E1BA87-6ACA-451F-B16B-F1F4C7022F86} = {DD1383C3-B2EE-49F9-8ADC-088A4769A6C6}
		{6021C304-5463-47C0-BA27-BC618EBC5479} = {DD1383C3-B2EE-49F9-8ADC-088A4769A6C6}
		{ACA8D4E7-452D-47D3-80B0-72AFD968A2A5} = {DD1383C3-B2EE-49F9-8ADC-088A4769A6C6}
		{900BEC9A-552A-4A0B-9711-26C3383AF406} = {DD1383C3-B2EE-49F9-8ADC-088A4769A6C6}
		{1A7DC208-010E-45EF-980A-934875BD4C3A} = {DD1383C3-B2EE-49F9-8ADC-088A4769A6C6}
		{28DFC905-45BF-4502-8F77-272923F130E3} = {DD1383C3-B2EE-49F9-8ADC-088A4769A6C6}
		{B4750AB5-82A9-45F8-8223-6076FC0A0285} = {DD1383C3-B2EE-49F9-8ADC-088A4769A6C6}
		{5CAD50F5-1FA8-48B9-AC79-192B0221524D} = {DD1383C3-B2EE-49F9-8ADC-088A4769A6C6}
		{9E26298D-BE1F-4929-AFC5-D1F1EB3A39E1} = {1EA201D8-7A5A-49F1-A8D1-E5294CEF4FF0}
		{88F54405-B1BC-4D7E-B64E-E75C08951B0C} = {1EA201D8-7A5A-49F1-A8D1-E5294CEF4FF0}
		{AC614AE0-CEE7-4196-8DB1-D2D90B873FE1} = {1EA201D8-7A5A-49F1-A8D1-E5294CEF4FF0}
		{975A4348-FC67-4EAB-88F4-297C6BADCF9E} = {DD1383C3-B2EE-49F9-8ADC-088A4769A6C6}
		{BA850BE0-C5EE-4A06-A4DE-F4C0C5DFF83F} = {DD1383C3-B2EE-49F9-8ADC-088A4769A6C6}
		{65AAF5E1-7E51-46FC-8A55-62BA44564A53} = {DD1383C3-B2EE-49F9-8ADC-088A4769A6C6}
		{5025EBE5-4D9A-458B-8DA5-C5D0C599ACD1} = {DD1383C3-B2EE-49F9-8ADC-088A4769A6C6}
		{0A4E8AE7-BCA1-4360-B6EB-D0D929505A4E} = {DD1383C3-B2EE-49F9-8ADC-088A4769A6C6}
		{BB58D51F-6AC7-4512-92C6-A1F58993BB2D} = {DD1383C3-B2EE-49F9-8ADC-088A4769A6C6}
		{77EB4E72-A406-44A4-9143-D3E5FD7B6B31} = {DD1383C3-B2EE-49F9-8ADC-088A4769A6C6}
		{A2F8437E-F113-466E-810F-469D45AA1B47} = {1EA201D8-7A5A-49F1-A8D1-E5294CEF4FF0}
		{60C55B64-0051-42DC-9333-F9DC3B596F80} = {DD1383C3-B2EE-49F9-8ADC-088A4769A6C6}
		{580269B6-6F46-456B-A34B-8915054DDEAF} = {DD1383C3-B2EE-49F9-8ADC-088A4769A6C6}
		{EAFA0B07-C253-44A8-A2EB-930CE6E0CAD1} = {DD1383C3-B2EE-49F9-8ADC-088A4769A6C6}
		{E457ED5F-4323-4B28-A161-D199513AA3ED} = {DD1383C3-B2EE-49F9-8ADC-088A4769A6C6}
		{D54EE74F-34FE-4AD4-96DE-ED73898386EC} = {DD1383C3-B2EE-49F9-8ADC-088A4769A6C6}
		{5254C381-434F-4239-8906-BC6DE671154C} = {1EA201D8-7A5A-49F1-A8D1-E5294CEF4FF0}
		{136E787F-F0B0-4C55-B92E-927A948A1C25} = {DD1383C3-B2EE-49F9-8ADC-088A4769A6C6}
		{946D73AC-9164-4998-9597-1CA99011A83F} = {DD1383C3-B2EE-49F9-8ADC-088A4769A6C6}
		{5D395B7E-9E02-49D6-8A32-A4ED10FAA7EF} = {DD1383C3-B2EE-49F9-8ADC-088A4769A6C6}
		{FC8290F0-C057-49FE-A2CF-0AD99094AF2E} = {1EA201D8-7A5A-49F1-A8D1-E5294CEF4FF0}
		{2807E5EB-7B41-44A6-82D3-5DB97B994306} = {1EA201D8-7A5A-49F1-A8D1-E5294CEF4FF0}
		{C963FC81-4BE1-41D0-A0BD-B18A4BC4E082} = {DD1383C3-B2EE-49F9-8ADC-088A4769A6C6}
		{06B843B4-3EBC-48D1-B7CF-2DC857EE72FB} = {DD1383C3-B2EE-49F9-8ADC-088A4769A6C6}
		{30617010-8675-4D94-BEC5-AABE29AF4F55} = {DD1383C3-B2EE-49F9-8ADC-088A4769A6C6}
		{2334854E-CE59-45A2-B3BC-121A394F7E0D} = {DD1383C3-B2EE-49F9-8ADC-088A4769A6C6}
		{DB0A065D-0158-4B21-A895-AAEA9CF45A17} = {DD1383C3-B2EE-49F9-8ADC-088A4769A6C6}
		{6F22EE43-00BD-44D5-9B17-73DFA9150313} = {DCF3AAFB-0876-494E-B804-AE5610B9B4B0}
		{EFC27D9B-68C4-4154-9B1D-08DD800E07AF} = {DCF3AAFB-0876-494E-B804-AE5610B9B4B0}
		{B8D8073B-1A3C-444F-B7D8-49F0110D5B22} = {DCF3AAFB-0876-494E-B804-AE5610B9B4B0}
		{E302F613-D91A-4BD4-B547-9F02C869C958} = {DCF3AAFB-0876-494E-B804-AE5610B9B4B0}
		{FED51BB5-3502-4FB6-9018-7A50AE8E976A} = {DCF3AAFB-0876-494E-B804-AE5610B9B4B0}
		{BA08F22C-620B-4B6C-83BB-3F4B2883FD62} = {DCF3AAFB-0876-494E-B804-AE5610B9B4B0}
		{F1BBB946-BF96-4A09-8AF0-1DBAE9FE5FAB} = {DCF3AAFB-0876-494E-B804-AE5610B9B4B0}
		{3846FD3B-C741-4598-9AF7-E8ADD759E2D1} = {DCF3AAFB-0876-494E-B804-AE5610B9B4B0}
		{98CB630C-AC3E-4F86-8CC0-EC1C8C77E7FA} = {DCF3AAFB-0876-494E-B804-AE5610B9B4B0}
		{732644A6-6344-4189-B8AC-3BE616A84CC2} = {DCF3AAFB-0876-494E-B804-AE5610B9B4B0}
		{7140E6E5-B071-4F4C-9549-6A9EF7A2F359} = {DCF3AAFB-0876-494E-B804-AE5610B9B4B0}
		{74F5B89B-9B83-415A-824B-ACA1A6C2A168} = {DCF3AAFB-0876-494E-B804-AE5610B9B4B0}
		{181FF7BD-285F-49C0-9C4B-31AECFF0FCED} = {DCF3AAFB-0876-494E-B804-AE5610B9B4B0}
		{0B4FB698-B0FB-486B-817E-2A1BAD982803} = {DCF3AAFB-0876-494E-B804-AE5610B9B4B0}
		{B399975B-265F-4A43-A6CB-6078C32633C0} = {DCF3AAFB-0876-494E-B804-AE5610B9B4B0}
		{55AF6525-ABBB-4C0C-8F37-1B83CD3F404D} = {DCF3AAFB-0876-494E-B804-AE5610B9B4B0}
		{C206FF40-689B-44A8-8701-4E33D04D5986} = {DCF3AAFB-0876-494E-B804-AE5610B9B4B0}
		{98A9A2C6-E6E0-46F2-918D-BA4FF2F99D98} = {DCF3AAFB-0876-494E-B804-AE5610B9B4B0}
		{425F5C85-0F99-4DDE-80AF-F9672B9B22A0} = {DCF3AAFB-0876-494E-B804-AE5610B9B4B0}
		{D8632D98-2EBE-485B-9E20-35822196146F} = {DCF3AAFB-0876-494E-B804-AE5610B9B4B0}
		{60BC1EA4-319D-438F-9845-E344F817B9DC} = {DCF3AAFB-0876-494E-B804-AE5610B9B4B0}
		{F5C5588D-A8F5-4309-9DFA-A556EA6134ED} = {DCF3AAFB-0876-494E-B804-AE5610B9B4B0}
		{B26DD3B1-5B65-4BF4-BD6F-932DD9F2DA02} = {DCF3AAFB-0876-494E-B804-AE5610B9B4B0}
		{B09A36AC-2165-42B6-9BA5-69F7AD4250DB} = {DCF3AAFB-0876-494E-B804-AE5610B9B4B0}
		{4CBD7F13-8A5E-4999-BEFC-5DDDA09DD055} = {DCF3AAFB-0876-494E-B804-AE5610B9B4B0}
		{FE169F18-6119-45F1-B727-09614449D2EA} = {DCF3AAFB-0876-494E-B804-AE5610B9B4B0}
		{E7BD2232-95B5-476B-B14C-74CCDBA1D36A} = {DCF3AAFB-0876-494E-B804-AE5610B9B4B0}
		{042D0EBF-8DF1-4C8D-A11B-06767DB41BE3} = {DCF3AAFB-0876-494E-B804-AE5610B9B4B0}
		{EBB29C1E-9B87-47BD-BB5F-356E4C35A29B} = {DCF3AAFB-0876-494E-B804-AE5610B9B4B0}
		{C4B8D744-F0A6-49DA-84B1-D7F69D6345B5} = {DCF3AAFB-0876-494E-B804-AE5610B9B4B0}
		{2A6F9227-4157-41C8-9D40-8D88B1892EE4} = {DCF3AAFB-0876-494E-B804-AE5610B9B4B0}
		{65D3904D-DDD3-4F62-AAA4-1EB8111D1235} = {DCF3AAFB-0876-494E-B804-AE5610B9B4B0}
		{05229B27-E7DC-449C-AE2F-B30AA475116E} = {DCF3AAFB-0876-494E-B804-AE5610B9B4B0}
		{AD71D1A8-037C-4C24-B01E-EFE201648EE1} = {DCF3AAFB-0876-494E-B804-AE5610B9B4B0}
		{EEAF9E69-87CA-494A-86BA-705B89B08BD6} = {DCF3AAFB-0876-494E-B804-AE5610B9B4B0}
		{434E95FF-6220-4732-8CA8-4B25BCCCB979} = {1EA201D8-7A5A-49F1-A8D1-E5294CEF4FF0}
		{60327DDA-C504-4A4F-ADCF-8E2E3E9B25F3} = {DCF3AAFB-0876-494E-B804-AE5610B9B4B0}
		{EEC3E50E-F695-4ED7-83A5-A672F9BF6283} = {DCF3AAFB-0876-494E-B804-AE5610B9B4B0}
		{5F17C1B1-0A88-457E-9FDC-58813D275721} = {DCF3AAFB-0876-494E-B804-AE5610B9B4B0}
		{EC0C9EC6-B910-4DD5-ABE5-B9D3AC1B57EA} = {DCF3AAFB-0876-494E-B804-AE5610B9B4B0}
		{7976EA49-B80F-4541-92EE-95FA0CD89F9D} = {E447D7D5-5BE9-4856-BA2B-02E5CDF563DE}
		{B563462A-DA08-45FA-BC33-907C191D2E7D} = {E447D7D5-5BE9-4856-BA2B-02E5CDF563DE}
		{EED25D97-9E96-496C-A841-E0F54508890E} = {2BD54C2F-9499-4EA4-811B-C157A77FD76B}
		{23B8DDD7-6DCA-4FF4-911D-7CBAF95FAD2E} = {DCF3AAFB-0876-494E-B804-AE5610B9B4B0}
		{20F30ECE-4A73-4B92-8341-ECDAAD6CDC28} = {0B298AA3-1DF6-458F-ADAC-B843FFEE3F3C}
		{ED43BBDE-05DB-43FE-BFC3-A8EAFD2D5EA7} = {DCF3AAFB-0876-494E-B804-AE5610B9B4B0}
		{9086CCA0-4ECD-4E8D-AE36-BBB2392330B3} = {DCF3AAFB-0876-494E-B804-AE5610B9B4B0}
		{9F18E301-17AB-460A-833C-D72FF5BB3910} = {AC6BB69D-4B31-4129-802D-38E7624D1684}
		{D2CD85E8-B155-40A3-B9C3-53DCA121DF1D} = {0B298AA3-1DF6-458F-ADAC-B843FFEE3F3C}
		{E377C656-9E86-45EE-8118-78EA832BCDB4} = {0B298AA3-1DF6-458F-ADAC-B843FFEE3F3C}
		{71EBC467-1DDF-4642-AC74-FA304A0A4B52} = {0B298AA3-1DF6-458F-ADAC-B843FFEE3F3C}
		{B9595A88-A59B-4B46-8E0A-0E81919D76B5} = {0B298AA3-1DF6-458F-ADAC-B843FFEE3F3C}
		{57E1EC53-EFFB-4770-AF90-E73D22A1EA7F} = {DCF3AAFB-0876-494E-B804-AE5610B9B4B0}
		{8564F8BF-2607-4036-B950-8481D83C09B7} = {DCF3AAFB-0876-494E-B804-AE5610B9B4B0}
	EndGlobalSection
	GlobalSection(ExtensibilityGlobals) = postSolution
		SolutionGuid = {363FF8B0-F0BA-49C2-9185-6B26B67E97FE}
	EndGlobalSection
EndGlobal
