
Microsoft Visual Studio Solution File, Format Version 12.00
# Visual Studio Version 17
VisualStudioVersion = 17.8.34330.188
MinimumVisualStudioVersion = 10.0.40219.1
Project("{8BC9CEB8-8B4A-11D0-8D11-00A0C91BC942}") = "000_CPPStart", "000_CPPStart\000_CPPStart.vcxproj", "{D77C1286-692B-4D92-98A8-D00ED7046FA9}"
EndProject
Project("{8BC9CEB8-8B4A-11D0-8D11-00A0C91BC942}") = "001_Complie", "001_Complie\001_Complie.vcxproj", "{2C892575-B425-4531-B6A1-F7843DB7F5D8}"
EndProject
Project("{8BC9CEB8-8B4A-11D0-8D11-00A0C91BC942}") = "006_VarToMemory", "006_VarToMemory\006_VarToMemory.vcxproj", "{15EABC36-71EE-4F32-B362-B8D0E2938C69}"
EndProject
Project("{8BC9CEB8-8B4A-11D0-8D11-00A0C91BC942}") = "007_GlobalVar", "007_GlobalVar\007_GlobalVar.vcxproj", "{C6924556-7573-40C8-8191-037DEAC00A32}"
EndProject
Project("{8BC9CEB8-8B4A-11D0-8D11-00A0C91BC942}") = "008_Operator", "008_Operator\008_Operator.vcxproj", "{82E1BA87-6ACA-451F-B16B-F1F4C7022F86}"
EndProject
Project("{8BC9CEB8-8B4A-11D0-8D11-00A0C91BC942}") = "009_FunctionEx", "009_FunctionEx\009_FunctionEx.vcxproj", "{6021C304-5463-47C0-BA27-BC618EBC5479}"
EndProject
Project("{8BC9CEB8-8B4A-11D0-8D11-00A0C91BC942}") = "010_Pointer", "010_Pointer\010_Pointer.vcxproj", "{ACA8D4E7-452D-47D3-80B0-72AFD968A2A5}"
EndProject
Project("{8BC9CEB8-8B4A-11D0-8D11-00A0C91BC942}") = "011_Casting", "011_Casting\011_Casting.vcxproj", "{900BEC9A-552A-4A0B-9711-26C3383AF406}"
EndProject
Project("{8BC9CEB8-8B4A-11D0-8D11-00A0C91BC942}") = "012_PointerOperator", "012_PointerOperator\012_PointerOperator.vcxproj", "{1A7DC208-010E-45EF-980A-934875BD4C3A}"
EndProject
Project("{8BC9CEB8-8B4A-11D0-8D11-00A0C91BC942}") = "013_Nullptr", "013_Nullptr\013_Nullptr.vcxproj", "{28DFC905-45BF-4502-8F77-272923F130E3}"
EndProject
Project("{8BC9CEB8-8B4A-11D0-8D11-00A0C91BC942}") = "014_Ref", "014_Ref\014_Ref.vcxproj", "{B4750AB5-82A9-45F8-8223-6076FC0A0285}"
EndProject
Project("{8BC9CEB8-8B4A-11D0-8D11-00A0C91BC942}") = "015_Arrary", "015_Arrary\015_Arrary.vcxproj", "{5CAD50F5-1FA8-48B9-AC79-192B0221524D}"
EndProject
Project("{2150E333-8FDC-42A3-9474-1A3956D46DE8}") = "001_Test", "001_Test", "{1EA201D8-7A5A-49F1-A8D1-E5294CEF4FF0}"
EndProject
Project("{8BC9CEB8-8B4A-11D0-8D11-00A0C91BC942}") = "Prameterinter", "Prameterinter\Prameterinter.vcxproj", "{9E26298D-BE1F-4929-AFC5-D1F1EB3A39E1}"
EndProject
Project("{8BC9CEB8-8B4A-11D0-8D11-00A0C91BC942}") = "1_Free", "1_Free\1_Free.vcxproj", "{88F54405-B1BC-4D7E-B64E-E75C08951B0C}"
EndProject
Project("{8BC9CEB8-8B4A-11D0-8D11-00A0C91BC942}") = "0_BJO", "0_BJO\0_BJO.vcxproj", "{AC614AE0-CEE7-4196-8DB1-D2D90B873FE1}"
EndProject
Project("{8BC9CEB8-8B4A-11D0-8D11-00A0C91BC942}") = "016_if", "016_if\016_if.vcxproj", "{975A4348-FC67-4EAB-88F4-297C6BADCF9E}"
EndProject
Project("{8BC9CEB8-8B4A-11D0-8D11-00A0C91BC942}") = "017_switch", "017_switch\017_switch.vcxproj", "{BA850BE0-C5EE-4A06-A4DE-F4C0C5DFF83F}"
EndProject
Project("{8BC9CEB8-8B4A-11D0-8D11-00A0C91BC942}") = "018_CharArray", "018_CharArray\018_CharArray.vcxproj", "{65AAF5E1-7E51-46FC-8A55-62BA44564A53}"
EndProject
Project("{8BC9CEB8-8B4A-11D0-8D11-00A0C91BC942}") = "019_while", "019_while\019_while.vcxproj", "{5025EBE5-4D9A-458B-8DA5-C5D0C599ACD1}"
EndProject
Project("{2150E333-8FDC-42A3-9474-1A3956D46DE8}") = "000_Doc", "000_Doc", "{5A13AE18-2559-42FA-9CB8-41E7B9120041}"
	ProjectSection(SolutionItems) = preProject
		AR코딩스탠다드.txt = AR코딩스탠다드.txt
		코딩시 명심할점.txt = 코딩시 명심할점.txt
	EndProjectSection
EndProject
Project("{8BC9CEB8-8B4A-11D0-8D11-00A0C91BC942}") = "020_For", "020_For\020_For.vcxproj", "{0A4E8AE7-BCA1-4360-B6EB-D0D929505A4E}"
EndProject
Project("{8BC9CEB8-8B4A-11D0-8D11-00A0C91BC942}") = "021_OperatorEx", "021_OperatorEx\021_OperatorEx.vcxproj", "{BB58D51F-6AC7-4512-92C6-A1F58993BB2D}"
EndProject
Project("{8BC9CEB8-8B4A-11D0-8D11-00A0C91BC942}") = "022_printf", "022_printf\022_printf.vcxproj", "{77EB4E72-A406-44A4-9143-D3E5FD7B6B31}"
EndProject
Project("{8BC9CEB8-8B4A-11D0-8D11-00A0C91BC942}") = "StringFunction000", "StringFunction000\StringFunction000.vcxproj", "{A2F8437E-F113-466E-810F-469D45AA1B47}"
EndProject
Project("{8BC9CEB8-8B4A-11D0-8D11-00A0C91BC942}") = "023_ContinueBreak", "023_ContinueBreak\023_ContinueBreak.vcxproj", "{60C55B64-0051-42DC-9333-F9DC3B596F80}"
EndProject
Project("{8BC9CEB8-8B4A-11D0-8D11-00A0C91BC942}") = "024_CallingConvention", "024_CallingConvention\024_CallingConvention.vcxproj", "{580269B6-6F46-456B-A34B-8915054DDEAF}"
EndProject
Project("{8BC9CEB8-8B4A-11D0-8D11-00A0C91BC942}") = "025_const", "025_const\025_const.vcxproj", "{EAFA0B07-C253-44A8-A2EB-930CE6E0CAD1}"
EndProject
Project("{8BC9CEB8-8B4A-11D0-8D11-00A0C91BC942}") = "026_constEx", "026_constEx\026_constEx.vcxproj", "{E457ED5F-4323-4B28-A161-D199513AA3ED}"
EndProject
Project("{8BC9CEB8-8B4A-11D0-8D11-00A0C91BC942}") = "027_charEx", "027_charEx\027_charEx.vcxproj", "{D54EE74F-34FE-4AD4-96DE-ED73898386EC}"
EndProject
Project("{8BC9CEB8-8B4A-11D0-8D11-00A0C91BC942}") = "StringToNumber", "StringToNumber\StringToNumber.vcxproj", "{5254C381-434F-4239-8906-BC6DE671154C}"
EndProject
Project("{8BC9CEB8-8B4A-11D0-8D11-00A0C91BC942}") = "028_Variableargument", "028_Variableargument\028_Variableargument.vcxproj", "{136E787F-F0B0-4C55-B92E-927A948A1C25}"
EndProject
Project("{8BC9CEB8-8B4A-11D0-8D11-00A0C91BC942}") = "029_MyPrintf", "029_MyPrintf\029_MyPrintf.vcxproj", "{946D73AC-9164-4998-9597-1CA99011A83F}"
EndProject
Project("{8BC9CEB8-8B4A-11D0-8D11-00A0C91BC942}") = "030_PointerEx", "030_PointerEx\030_PointerEx.vcxproj", "{5D395B7E-9E02-49D6-8A32-A4ED10FAA7EF}"
EndProject
Project("{8BC9CEB8-8B4A-11D0-8D11-00A0C91BC942}") = "CharConvert", "CharConvert\CharConvert.vcxproj", "{FC8290F0-C057-49FE-A2CF-0AD99094AF2E}"
EndProject
Project("{8BC9CEB8-8B4A-11D0-8D11-00A0C91BC942}") = "StringTrim", "StringTrim\StringTrim.vcxproj", "{2807E5EB-7B41-44A6-82D3-5DB97B994306}"
EndProject
Project("{8BC9CEB8-8B4A-11D0-8D11-00A0C91BC942}") = "031_ArrayEx", "031_ArrayEx\031_ArrayEx.vcxproj", "{C963FC81-4BE1-41D0-A0BD-B18A4BC4E082}"
EndProject
Project("{8BC9CEB8-8B4A-11D0-8D11-00A0C91BC942}") = "032_TextRpgStart", "032_TextRpgStart\032_TextRpgStart.vcxproj", "{06B843B4-3EBC-48D1-B7CF-2DC857EE72FB}"
EndProject
Project("{8BC9CEB8-8B4A-11D0-8D11-00A0C91BC942}") = "033_Random", "033_Random\033_Random.vcxproj", "{30617010-8675-4D94-BEC5-AABE29AF4F55}"
EndProject
Project("{8BC9CEB8-8B4A-11D0-8D11-00A0C91BC942}") = "034_unsigned", "034_unsigned\034_unsigned.vcxproj", "{2334854E-CE59-45A2-B3BC-121A394F7E0D}"
EndProject
Project("{8BC9CEB8-8B4A-11D0-8D11-00A0C91BC942}") = "035_Typedef", "035_Typedef\035_Typedef.vcxproj", "{DB0A065D-0158-4B21-A895-AAEA9CF45A17}"
EndProject
Project("{8BC9CEB8-8B4A-11D0-8D11-00A0C91BC942}") = "036_OOPStart", "036_OOPStart\036_OOPStart.vcxproj", "{6F22EE43-00BD-44D5-9B17-73DFA9150313}"
EndProject
Project("{8BC9CEB8-8B4A-11D0-8D11-00A0C91BC942}") = "037_Object", "037_Object\037_Object.vcxproj", "{EFC27D9B-68C4-4154-9B1D-08DD800E07AF}"
EndProject
Project("{2150E333-8FDC-42A3-9474-1A3956D46DE8}") = "002_BeforeOOP", "002_BeforeOOP", "{DD1383C3-B2EE-49F9-8ADC-088A4769A6C6}"
EndProject
Project("{2150E333-8FDC-42A3-9474-1A3956D46DE8}") = "003_OOP", "003_OOP", "{DCF3AAFB-0876-494E-B804-AE5610B9B4B0}"
EndProject
Global
	GlobalSection(SolutionConfigurationPlatforms) = preSolution
		Debug|x64 = Debug|x64
		Debug|x86 = Debug|x86
		Release|x64 = Release|x64
		Release|x86 = Release|x86
	EndGlobalSection
	GlobalSection(ProjectConfigurationPlatforms) = postSolution
		{D77C1286-692B-4D92-98A8-D00ED7046FA9}.Debug|x64.ActiveCfg = Debug|x64
		{D77C1286-692B-4D92-98A8-D00ED7046FA9}.Debug|x64.Build.0 = Debug|x64
		{D77C1286-692B-4D92-98A8-D00ED7046FA9}.Debug|x86.ActiveCfg = Debug|Win32
		{D77C1286-692B-4D92-98A8-D00ED7046FA9}.Debug|x86.Build.0 = Debug|Win32
		{D77C1286-692B-4D92-98A8-D00ED7046FA9}.Release|x64.ActiveCfg = Release|x64
		{D77C1286-692B-4D92-98A8-D00ED7046FA9}.Release|x64.Build.0 = Release|x64
		{D77C1286-692B-4D92-98A8-D00ED7046FA9}.Release|x86.ActiveCfg = Release|Win32
		{D77C1286-692B-4D92-98A8-D00ED7046FA9}.Release|x86.Build.0 = Release|Win32
		{2C892575-B425-4531-B6A1-F7843DB7F5D8}.Debug|x64.ActiveCfg = Debug|x64
		{2C892575-B425-4531-B6A1-F7843DB7F5D8}.Debug|x64.Build.0 = Debug|x64
		{2C892575-B425-4531-B6A1-F7843DB7F5D8}.Debug|x86.ActiveCfg = Debug|Win32
		{2C892575-B425-4531-B6A1-F7843DB7F5D8}.Debug|x86.Build.0 = Debug|Win32
		{2C892575-B425-4531-B6A1-F7843DB7F5D8}.Release|x64.ActiveCfg = Release|x64
		{2C892575-B425-4531-B6A1-F7843DB7F5D8}.Release|x64.Build.0 = Release|x64
		{2C892575-B425-4531-B6A1-F7843DB7F5D8}.Release|x86.ActiveCfg = Release|Win32
		{2C892575-B425-4531-B6A1-F7843DB7F5D8}.Release|x86.Build.0 = Release|Win32
		{15EABC36-71EE-4F32-B362-B8D0E2938C69}.Debug|x64.ActiveCfg = Debug|x64
		{15EABC36-71EE-4F32-B362-B8D0E2938C69}.Debug|x64.Build.0 = Debug|x64
		{15EABC36-71EE-4F32-B362-B8D0E2938C69}.Debug|x86.ActiveCfg = Debug|Win32
		{15EABC36-71EE-4F32-B362-B8D0E2938C69}.Debug|x86.Build.0 = Debug|Win32
		{15EABC36-71EE-4F32-B362-B8D0E2938C69}.Release|x64.ActiveCfg = Release|x64
		{15EABC36-71EE-4F32-B362-B8D0E2938C69}.Release|x64.Build.0 = Release|x64
		{15EABC36-71EE-4F32-B362-B8D0E2938C69}.Release|x86.ActiveCfg = Release|Win32
		{15EABC36-71EE-4F32-B362-B8D0E2938C69}.Release|x86.Build.0 = Release|Win32
		{C6924556-7573-40C8-8191-037DEAC00A32}.Debug|x64.ActiveCfg = Debug|x64
		{C6924556-7573-40C8-8191-037DEAC00A32}.Debug|x64.Build.0 = Debug|x64
		{C6924556-7573-40C8-8191-037DEAC00A32}.Debug|x86.ActiveCfg = Debug|Win32
		{C6924556-7573-40C8-8191-037DEAC00A32}.Debug|x86.Build.0 = Debug|Win32
		{C6924556-7573-40C8-8191-037DEAC00A32}.Release|x64.ActiveCfg = Release|x64
		{C6924556-7573-40C8-8191-037DEAC00A32}.Release|x64.Build.0 = Release|x64
		{C6924556-7573-40C8-8191-037DEAC00A32}.Release|x86.ActiveCfg = Release|Win32
		{C6924556-7573-40C8-8191-037DEAC00A32}.Release|x86.Build.0 = Release|Win32
		{82E1BA87-6ACA-451F-B16B-F1F4C7022F86}.Debug|x64.ActiveCfg = Debug|x64
		{82E1BA87-6ACA-451F-B16B-F1F4C7022F86}.Debug|x64.Build.0 = Debug|x64
		{82E1BA87-6ACA-451F-B16B-F1F4C7022F86}.Debug|x86.ActiveCfg = Debug|Win32
		{82E1BA87-6ACA-451F-B16B-F1F4C7022F86}.Debug|x86.Build.0 = Debug|Win32
		{82E1BA87-6ACA-451F-B16B-F1F4C7022F86}.Release|x64.ActiveCfg = Release|x64
		{82E1BA87-6ACA-451F-B16B-F1F4C7022F86}.Release|x64.Build.0 = Release|x64
		{82E1BA87-6ACA-451F-B16B-F1F4C7022F86}.Release|x86.ActiveCfg = Release|Win32
		{82E1BA87-6ACA-451F-B16B-F1F4C7022F86}.Release|x86.Build.0 = Release|Win32
		{6021C304-5463-47C0-BA27-BC618EBC5479}.Debug|x64.ActiveCfg = Debug|x64
		{6021C304-5463-47C0-BA27-BC618EBC5479}.Debug|x64.Build.0 = Debug|x64
		{6021C304-5463-47C0-BA27-BC618EBC5479}.Debug|x86.ActiveCfg = Debug|Win32
		{6021C304-5463-47C0-BA27-BC618EBC5479}.Debug|x86.Build.0 = Debug|Win32
		{6021C304-5463-47C0-BA27-BC618EBC5479}.Release|x64.ActiveCfg = Release|x64
		{6021C304-5463-47C0-BA27-BC618EBC5479}.Release|x64.Build.0 = Release|x64
		{6021C304-5463-47C0-BA27-BC618EBC5479}.Release|x86.ActiveCfg = Release|Win32
		{6021C304-5463-47C0-BA27-BC618EBC5479}.Release|x86.Build.0 = Release|Win32
		{ACA8D4E7-452D-47D3-80B0-72AFD968A2A5}.Debug|x64.ActiveCfg = Debug|x64
		{ACA8D4E7-452D-47D3-80B0-72AFD968A2A5}.Debug|x64.Build.0 = Debug|x64
		{ACA8D4E7-452D-47D3-80B0-72AFD968A2A5}.Debug|x86.ActiveCfg = Debug|Win32
		{ACA8D4E7-452D-47D3-80B0-72AFD968A2A5}.Debug|x86.Build.0 = Debug|Win32
		{ACA8D4E7-452D-47D3-80B0-72AFD968A2A5}.Release|x64.ActiveCfg = Release|x64
		{ACA8D4E7-452D-47D3-80B0-72AFD968A2A5}.Release|x64.Build.0 = Release|x64
		{ACA8D4E7-452D-47D3-80B0-72AFD968A2A5}.Release|x86.ActiveCfg = Release|Win32
		{ACA8D4E7-452D-47D3-80B0-72AFD968A2A5}.Release|x86.Build.0 = Release|Win32
		{900BEC9A-552A-4A0B-9711-26C3383AF406}.Debug|x64.ActiveCfg = Debug|x64
		{900BEC9A-552A-4A0B-9711-26C3383AF406}.Debug|x64.Build.0 = Debug|x64
		{900BEC9A-552A-4A0B-9711-26C3383AF406}.Debug|x86.ActiveCfg = Debug|Win32
		{900BEC9A-552A-4A0B-9711-26C3383AF406}.Debug|x86.Build.0 = Debug|Win32
		{900BEC9A-552A-4A0B-9711-26C3383AF406}.Release|x64.ActiveCfg = Release|x64
		{900BEC9A-552A-4A0B-9711-26C3383AF406}.Release|x64.Build.0 = Release|x64
		{900BEC9A-552A-4A0B-9711-26C3383AF406}.Release|x86.ActiveCfg = Release|Win32
		{900BEC9A-552A-4A0B-9711-26C3383AF406}.Release|x86.Build.0 = Release|Win32
		{1A7DC208-010E-45EF-980A-934875BD4C3A}.Debug|x64.ActiveCfg = Debug|x64
		{1A7DC208-010E-45EF-980A-934875BD4C3A}.Debug|x64.Build.0 = Debug|x64
		{1A7DC208-010E-45EF-980A-934875BD4C3A}.Debug|x86.ActiveCfg = Debug|Win32
		{1A7DC208-010E-45EF-980A-934875BD4C3A}.Debug|x86.Build.0 = Debug|Win32
		{1A7DC208-010E-45EF-980A-934875BD4C3A}.Release|x64.ActiveCfg = Release|x64
		{1A7DC208-010E-45EF-980A-934875BD4C3A}.Release|x64.Build.0 = Release|x64
		{1A7DC208-010E-45EF-980A-934875BD4C3A}.Release|x86.ActiveCfg = Release|Win32
		{1A7DC208-010E-45EF-980A-934875BD4C3A}.Release|x86.Build.0 = Release|Win32
		{28DFC905-45BF-4502-8F77-272923F130E3}.Debug|x64.ActiveCfg = Debug|x64
		{28DFC905-45BF-4502-8F77-272923F130E3}.Debug|x64.Build.0 = Debug|x64
		{28DFC905-45BF-4502-8F77-272923F130E3}.Debug|x86.ActiveCfg = Debug|Win32
		{28DFC905-45BF-4502-8F77-272923F130E3}.Debug|x86.Build.0 = Debug|Win32
		{28DFC905-45BF-4502-8F77-272923F130E3}.Release|x64.ActiveCfg = Release|x64
		{28DFC905-45BF-4502-8F77-272923F130E3}.Release|x64.Build.0 = Release|x64
		{28DFC905-45BF-4502-8F77-272923F130E3}.Release|x86.ActiveCfg = Release|Win32
		{28DFC905-45BF-4502-8F77-272923F130E3}.Release|x86.Build.0 = Release|Win32
		{B4750AB5-82A9-45F8-8223-6076FC0A0285}.Debug|x64.ActiveCfg = Debug|x64
		{B4750AB5-82A9-45F8-8223-6076FC0A0285}.Debug|x64.Build.0 = Debug|x64
		{B4750AB5-82A9-45F8-8223-6076FC0A0285}.Debug|x86.ActiveCfg = Debug|Win32
		{B4750AB5-82A9-45F8-8223-6076FC0A0285}.Debug|x86.Build.0 = Debug|Win32
		{B4750AB5-82A9-45F8-8223-6076FC0A0285}.Release|x64.ActiveCfg = Release|x64
		{B4750AB5-82A9-45F8-8223-6076FC0A0285}.Release|x64.Build.0 = Release|x64
		{B4750AB5-82A9-45F8-8223-6076FC0A0285}.Release|x86.ActiveCfg = Release|Win32
		{B4750AB5-82A9-45F8-8223-6076FC0A0285}.Release|x86.Build.0 = Release|Win32
		{5CAD50F5-1FA8-48B9-AC79-192B0221524D}.Debug|x64.ActiveCfg = Debug|x64
		{5CAD50F5-1FA8-48B9-AC79-192B0221524D}.Debug|x64.Build.0 = Debug|x64
		{5CAD50F5-1FA8-48B9-AC79-192B0221524D}.Debug|x86.ActiveCfg = Debug|Win32
		{5CAD50F5-1FA8-48B9-AC79-192B0221524D}.Debug|x86.Build.0 = Debug|Win32
		{5CAD50F5-1FA8-48B9-AC79-192B0221524D}.Release|x64.ActiveCfg = Release|x64
		{5CAD50F5-1FA8-48B9-AC79-192B0221524D}.Release|x64.Build.0 = Release|x64
		{5CAD50F5-1FA8-48B9-AC79-192B0221524D}.Release|x86.ActiveCfg = Release|Win32
		{5CAD50F5-1FA8-48B9-AC79-192B0221524D}.Release|x86.Build.0 = Release|Win32
		{9E26298D-BE1F-4929-AFC5-D1F1EB3A39E1}.Debug|x64.ActiveCfg = Debug|x64
		{9E26298D-BE1F-4929-AFC5-D1F1EB3A39E1}.Debug|x64.Build.0 = Debug|x64
		{9E26298D-BE1F-4929-AFC5-D1F1EB3A39E1}.Debug|x86.ActiveCfg = Debug|Win32
		{9E26298D-BE1F-4929-AFC5-D1F1EB3A39E1}.Debug|x86.Build.0 = Debug|Win32
		{9E26298D-BE1F-4929-AFC5-D1F1EB3A39E1}.Release|x64.ActiveCfg = Release|x64
		{9E26298D-BE1F-4929-AFC5-D1F1EB3A39E1}.Release|x64.Build.0 = Release|x64
		{9E26298D-BE1F-4929-AFC5-D1F1EB3A39E1}.Release|x86.ActiveCfg = Release|Win32
		{9E26298D-BE1F-4929-AFC5-D1F1EB3A39E1}.Release|x86.Build.0 = Release|Win32
		{88F54405-B1BC-4D7E-B64E-E75C08951B0C}.Debug|x64.ActiveCfg = Debug|x64
		{88F54405-B1BC-4D7E-B64E-E75C08951B0C}.Debug|x64.Build.0 = Debug|x64
		{88F54405-B1BC-4D7E-B64E-E75C08951B0C}.Debug|x86.ActiveCfg = Debug|Win32
		{88F54405-B1BC-4D7E-B64E-E75C08951B0C}.Debug|x86.Build.0 = Debug|Win32
		{88F54405-B1BC-4D7E-B64E-E75C08951B0C}.Release|x64.ActiveCfg = Release|x64
		{88F54405-B1BC-4D7E-B64E-E75C08951B0C}.Release|x64.Build.0 = Release|x64
		{88F54405-B1BC-4D7E-B64E-E75C08951B0C}.Release|x86.ActiveCfg = Release|Win32
		{88F54405-B1BC-4D7E-B64E-E75C08951B0C}.Release|x86.Build.0 = Release|Win32
		{AC614AE0-CEE7-4196-8DB1-D2D90B873FE1}.Debug|x64.ActiveCfg = Debug|x64
		{AC614AE0-CEE7-4196-8DB1-D2D90B873FE1}.Debug|x64.Build.0 = Debug|x64
		{AC614AE0-CEE7-4196-8DB1-D2D90B873FE1}.Debug|x86.ActiveCfg = Debug|Win32
		{AC614AE0-CEE7-4196-8DB1-D2D90B873FE1}.Debug|x86.Build.0 = Debug|Win32
		{AC614AE0-CEE7-4196-8DB1-D2D90B873FE1}.Release|x64.ActiveCfg = Release|x64
		{AC614AE0-CEE7-4196-8DB1-D2D90B873FE1}.Release|x64.Build.0 = Release|x64
		{AC614AE0-CEE7-4196-8DB1-D2D90B873FE1}.Release|x86.ActiveCfg = Release|Win32
		{AC614AE0-CEE7-4196-8DB1-D2D90B873FE1}.Release|x86.Build.0 = Release|Win32
		{975A4348-FC67-4EAB-88F4-297C6BADCF9E}.Debug|x64.ActiveCfg = Debug|x64
		{975A4348-FC67-4EAB-88F4-297C6BADCF9E}.Debug|x64.Build.0 = Debug|x64
		{975A4348-FC67-4EAB-88F4-297C6BADCF9E}.Debug|x86.ActiveCfg = Debug|Win32
		{975A4348-FC67-4EAB-88F4-297C6BADCF9E}.Debug|x86.Build.0 = Debug|Win32
		{975A4348-FC67-4EAB-88F4-297C6BADCF9E}.Release|x64.ActiveCfg = Release|x64
		{975A4348-FC67-4EAB-88F4-297C6BADCF9E}.Release|x64.Build.0 = Release|x64
		{975A4348-FC67-4EAB-88F4-297C6BADCF9E}.Release|x86.ActiveCfg = Release|Win32
		{975A4348-FC67-4EAB-88F4-297C6BADCF9E}.Release|x86.Build.0 = Release|Win32
		{BA850BE0-C5EE-4A06-A4DE-F4C0C5DFF83F}.Debug|x64.ActiveCfg = Debug|x64
		{BA850BE0-C5EE-4A06-A4DE-F4C0C5DFF83F}.Debug|x64.Build.0 = Debug|x64
		{BA850BE0-C5EE-4A06-A4DE-F4C0C5DFF83F}.Debug|x86.ActiveCfg = Debug|Win32
		{BA850BE0-C5EE-4A06-A4DE-F4C0C5DFF83F}.Debug|x86.Build.0 = Debug|Win32
		{BA850BE0-C5EE-4A06-A4DE-F4C0C5DFF83F}.Release|x64.ActiveCfg = Release|x64
		{BA850BE0-C5EE-4A06-A4DE-F4C0C5DFF83F}.Release|x64.Build.0 = Release|x64
		{BA850BE0-C5EE-4A06-A4DE-F4C0C5DFF83F}.Release|x86.ActiveCfg = Release|Win32
		{BA850BE0-C5EE-4A06-A4DE-F4C0C5DFF83F}.Release|x86.Build.0 = Release|Win32
		{65AAF5E1-7E51-46FC-8A55-62BA44564A53}.Debug|x64.ActiveCfg = Debug|x64
		{65AAF5E1-7E51-46FC-8A55-62BA44564A53}.Debug|x64.Build.0 = Debug|x64
		{65AAF5E1-7E51-46FC-8A55-62BA44564A53}.Debug|x86.ActiveCfg = Debug|Win32
		{65AAF5E1-7E51-46FC-8A55-62BA44564A53}.Debug|x86.Build.0 = Debug|Win32
		{65AAF5E1-7E51-46FC-8A55-62BA44564A53}.Release|x64.ActiveCfg = Release|x64
		{65AAF5E1-7E51-46FC-8A55-62BA44564A53}.Release|x64.Build.0 = Release|x64
		{65AAF5E1-7E51-46FC-8A55-62BA44564A53}.Release|x86.ActiveCfg = Release|Win32
		{65AAF5E1-7E51-46FC-8A55-62BA44564A53}.Release|x86.Build.0 = Release|Win32
		{5025EBE5-4D9A-458B-8DA5-C5D0C599ACD1}.Debug|x64.ActiveCfg = Debug|x64
		{5025EBE5-4D9A-458B-8DA5-C5D0C599ACD1}.Debug|x64.Build.0 = Debug|x64
		{5025EBE5-4D9A-458B-8DA5-C5D0C599ACD1}.Debug|x86.ActiveCfg = Debug|Win32
		{5025EBE5-4D9A-458B-8DA5-C5D0C599ACD1}.Debug|x86.Build.0 = Debug|Win32
		{5025EBE5-4D9A-458B-8DA5-C5D0C599ACD1}.Release|x64.ActiveCfg = Release|x64
		{5025EBE5-4D9A-458B-8DA5-C5D0C599ACD1}.Release|x64.Build.0 = Release|x64
		{5025EBE5-4D9A-458B-8DA5-C5D0C599ACD1}.Release|x86.ActiveCfg = Release|Win32
		{5025EBE5-4D9A-458B-8DA5-C5D0C599ACD1}.Release|x86.Build.0 = Release|Win32
		{0A4E8AE7-BCA1-4360-B6EB-D0D929505A4E}.Debug|x64.ActiveCfg = Debug|x64
		{0A4E8AE7-BCA1-4360-B6EB-D0D929505A4E}.Debug|x64.Build.0 = Debug|x64
		{0A4E8AE7-BCA1-4360-B6EB-D0D929505A4E}.Debug|x86.ActiveCfg = Debug|Win32
		{0A4E8AE7-BCA1-4360-B6EB-D0D929505A4E}.Debug|x86.Build.0 = Debug|Win32
		{0A4E8AE7-BCA1-4360-B6EB-D0D929505A4E}.Release|x64.ActiveCfg = Release|x64
		{0A4E8AE7-BCA1-4360-B6EB-D0D929505A4E}.Release|x64.Build.0 = Release|x64
		{0A4E8AE7-BCA1-4360-B6EB-D0D929505A4E}.Release|x86.ActiveCfg = Release|Win32
		{0A4E8AE7-BCA1-4360-B6EB-D0D929505A4E}.Release|x86.Build.0 = Release|Win32
		{BB58D51F-6AC7-4512-92C6-A1F58993BB2D}.Debug|x64.ActiveCfg = Debug|x64
		{BB58D51F-6AC7-4512-92C6-A1F58993BB2D}.Debug|x64.Build.0 = Debug|x64
		{BB58D51F-6AC7-4512-92C6-A1F58993BB2D}.Debug|x86.ActiveCfg = Debug|Win32
		{BB58D51F-6AC7-4512-92C6-A1F58993BB2D}.Debug|x86.Build.0 = Debug|Win32
		{BB58D51F-6AC7-4512-92C6-A1F58993BB2D}.Release|x64.ActiveCfg = Release|x64
		{BB58D51F-6AC7-4512-92C6-A1F58993BB2D}.Release|x64.Build.0 = Release|x64
		{BB58D51F-6AC7-4512-92C6-A1F58993BB2D}.Release|x86.ActiveCfg = Release|Win32
		{BB58D51F-6AC7-4512-92C6-A1F58993BB2D}.Release|x86.Build.0 = Release|Win32
		{77EB4E72-A406-44A4-9143-D3E5FD7B6B31}.Debug|x64.ActiveCfg = Debug|x64
		{77EB4E72-A406-44A4-9143-D3E5FD7B6B31}.Debug|x64.Build.0 = Debug|x64
		{77EB4E72-A406-44A4-9143-D3E5FD7B6B31}.Debug|x86.ActiveCfg = Debug|Win32
		{77EB4E72-A406-44A4-9143-D3E5FD7B6B31}.Debug|x86.Build.0 = Debug|Win32
		{77EB4E72-A406-44A4-9143-D3E5FD7B6B31}.Release|x64.ActiveCfg = Release|x64
		{77EB4E72-A406-44A4-9143-D3E5FD7B6B31}.Release|x64.Build.0 = Release|x64
		{77EB4E72-A406-44A4-9143-D3E5FD7B6B31}.Release|x86.ActiveCfg = Release|Win32
		{77EB4E72-A406-44A4-9143-D3E5FD7B6B31}.Release|x86.Build.0 = Release|Win32
		{A2F8437E-F113-466E-810F-469D45AA1B47}.Debug|x64.ActiveCfg = Debug|x64
		{A2F8437E-F113-466E-810F-469D45AA1B47}.Debug|x64.Build.0 = Debug|x64
		{A2F8437E-F113-466E-810F-469D45AA1B47}.Debug|x86.ActiveCfg = Debug|Win32
		{A2F8437E-F113-466E-810F-469D45AA1B47}.Debug|x86.Build.0 = Debug|Win32
		{A2F8437E-F113-466E-810F-469D45AA1B47}.Release|x64.ActiveCfg = Release|x64
		{A2F8437E-F113-466E-810F-469D45AA1B47}.Release|x64.Build.0 = Release|x64
		{A2F8437E-F113-466E-810F-469D45AA1B47}.Release|x86.ActiveCfg = Release|Win32
		{A2F8437E-F113-466E-810F-469D45AA1B47}.Release|x86.Build.0 = Release|Win32
		{60C55B64-0051-42DC-9333-F9DC3B596F80}.Debug|x64.ActiveCfg = Debug|x64
		{60C55B64-0051-42DC-9333-F9DC3B596F80}.Debug|x64.Build.0 = Debug|x64
		{60C55B64-0051-42DC-9333-F9DC3B596F80}.Debug|x86.ActiveCfg = Debug|Win32
		{60C55B64-0051-42DC-9333-F9DC3B596F80}.Debug|x86.Build.0 = Debug|Win32
		{60C55B64-0051-42DC-9333-F9DC3B596F80}.Release|x64.ActiveCfg = Release|x64
		{60C55B64-0051-42DC-9333-F9DC3B596F80}.Release|x64.Build.0 = Release|x64
		{60C55B64-0051-42DC-9333-F9DC3B596F80}.Release|x86.ActiveCfg = Release|Win32
		{60C55B64-0051-42DC-9333-F9DC3B596F80}.Release|x86.Build.0 = Release|Win32
		{580269B6-6F46-456B-A34B-8915054DDEAF}.Debug|x64.ActiveCfg = Debug|x64
		{580269B6-6F46-456B-A34B-8915054DDEAF}.Debug|x64.Build.0 = Debug|x64
		{580269B6-6F46-456B-A34B-8915054DDEAF}.Debug|x86.ActiveCfg = Debug|Win32
		{580269B6-6F46-456B-A34B-8915054DDEAF}.Debug|x86.Build.0 = Debug|Win32
		{580269B6-6F46-456B-A34B-8915054DDEAF}.Release|x64.ActiveCfg = Release|x64
		{580269B6-6F46-456B-A34B-8915054DDEAF}.Release|x64.Build.0 = Release|x64
		{580269B6-6F46-456B-A34B-8915054DDEAF}.Release|x86.ActiveCfg = Release|Win32
		{580269B6-6F46-456B-A34B-8915054DDEAF}.Release|x86.Build.0 = Release|Win32
		{EAFA0B07-C253-44A8-A2EB-930CE6E0CAD1}.Debug|x64.ActiveCfg = Debug|x64
		{EAFA0B07-C253-44A8-A2EB-930CE6E0CAD1}.Debug|x64.Build.0 = Debug|x64
		{EAFA0B07-C253-44A8-A2EB-930CE6E0CAD1}.Debug|x86.ActiveCfg = Debug|Win32
		{EAFA0B07-C253-44A8-A2EB-930CE6E0CAD1}.Debug|x86.Build.0 = Debug|Win32
		{EAFA0B07-C253-44A8-A2EB-930CE6E0CAD1}.Release|x64.ActiveCfg = Release|x64
		{EAFA0B07-C253-44A8-A2EB-930CE6E0CAD1}.Release|x64.Build.0 = Release|x64
		{EAFA0B07-C253-44A8-A2EB-930CE6E0CAD1}.Release|x86.ActiveCfg = Release|Win32
		{EAFA0B07-C253-44A8-A2EB-930CE6E0CAD1}.Release|x86.Build.0 = Release|Win32
		{E457ED5F-4323-4B28-A161-D199513AA3ED}.Debug|x64.ActiveCfg = Debug|x64
		{E457ED5F-4323-4B28-A161-D199513AA3ED}.Debug|x64.Build.0 = Debug|x64
		{E457ED5F-4323-4B28-A161-D199513AA3ED}.Debug|x86.ActiveCfg = Debug|Win32
		{E457ED5F-4323-4B28-A161-D199513AA3ED}.Debug|x86.Build.0 = Debug|Win32
		{E457ED5F-4323-4B28-A161-D199513AA3ED}.Release|x64.ActiveCfg = Release|x64
		{E457ED5F-4323-4B28-A161-D199513AA3ED}.Release|x64.Build.0 = Release|x64
		{E457ED5F-4323-4B28-A161-D199513AA3ED}.Release|x86.ActiveCfg = Release|Win32
		{E457ED5F-4323-4B28-A161-D199513AA3ED}.Release|x86.Build.0 = Release|Win32
		{D54EE74F-34FE-4AD4-96DE-ED73898386EC}.Debug|x64.ActiveCfg = Debug|x64
		{D54EE74F-34FE-4AD4-96DE-ED73898386EC}.Debug|x64.Build.0 = Debug|x64
		{D54EE74F-34FE-4AD4-96DE-ED73898386EC}.Debug|x86.ActiveCfg = Debug|Win32
		{D54EE74F-34FE-4AD4-96DE-ED73898386EC}.Debug|x86.Build.0 = Debug|Win32
		{D54EE74F-34FE-4AD4-96DE-ED73898386EC}.Release|x64.ActiveCfg = Release|x64
		{D54EE74F-34FE-4AD4-96DE-ED73898386EC}.Release|x64.Build.0 = Release|x64
		{D54EE74F-34FE-4AD4-96DE-ED73898386EC}.Release|x86.ActiveCfg = Release|Win32
		{D54EE74F-34FE-4AD4-96DE-ED73898386EC}.Release|x86.Build.0 = Release|Win32
		{5254C381-434F-4239-8906-BC6DE671154C}.Debug|x64.ActiveCfg = Debug|x64
		{5254C381-434F-4239-8906-BC6DE671154C}.Debug|x64.Build.0 = Debug|x64
		{5254C381-434F-4239-8906-BC6DE671154C}.Debug|x86.ActiveCfg = Debug|Win32
		{5254C381-434F-4239-8906-BC6DE671154C}.Debug|x86.Build.0 = Debug|Win32
		{5254C381-434F-4239-8906-BC6DE671154C}.Release|x64.ActiveCfg = Release|x64
		{5254C381-434F-4239-8906-BC6DE671154C}.Release|x64.Build.0 = Release|x64
		{5254C381-434F-4239-8906-BC6DE671154C}.Release|x86.ActiveCfg = Release|Win32
		{5254C381-434F-4239-8906-BC6DE671154C}.Release|x86.Build.0 = Release|Win32
		{136E787F-F0B0-4C55-B92E-927A948A1C25}.Debug|x64.ActiveCfg = Debug|x64
		{136E787F-F0B0-4C55-B92E-927A948A1C25}.Debug|x64.Build.0 = Debug|x64
		{136E787F-F0B0-4C55-B92E-927A948A1C25}.Debug|x86.ActiveCfg = Debug|Win32
		{136E787F-F0B0-4C55-B92E-927A948A1C25}.Debug|x86.Build.0 = Debug|Win32
		{136E787F-F0B0-4C55-B92E-927A948A1C25}.Release|x64.ActiveCfg = Release|x64
		{136E787F-F0B0-4C55-B92E-927A948A1C25}.Release|x64.Build.0 = Release|x64
		{136E787F-F0B0-4C55-B92E-927A948A1C25}.Release|x86.ActiveCfg = Release|Win32
		{136E787F-F0B0-4C55-B92E-927A948A1C25}.Release|x86.Build.0 = Release|Win32
		{946D73AC-9164-4998-9597-1CA99011A83F}.Debug|x64.ActiveCfg = Debug|x64
		{946D73AC-9164-4998-9597-1CA99011A83F}.Debug|x64.Build.0 = Debug|x64
		{946D73AC-9164-4998-9597-1CA99011A83F}.Debug|x86.ActiveCfg = Debug|Win32
		{946D73AC-9164-4998-9597-1CA99011A83F}.Debug|x86.Build.0 = Debug|Win32
		{946D73AC-9164-4998-9597-1CA99011A83F}.Release|x64.ActiveCfg = Release|x64
		{946D73AC-9164-4998-9597-1CA99011A83F}.Release|x64.Build.0 = Release|x64
		{946D73AC-9164-4998-9597-1CA99011A83F}.Release|x86.ActiveCfg = Release|Win32
		{946D73AC-9164-4998-9597-1CA99011A83F}.Release|x86.Build.0 = Release|Win32
		{5D395B7E-9E02-49D6-8A32-A4ED10FAA7EF}.Debug|x64.ActiveCfg = Debug|x64
		{5D395B7E-9E02-49D6-8A32-A4ED10FAA7EF}.Debug|x64.Build.0 = Debug|x64
		{5D395B7E-9E02-49D6-8A32-A4ED10FAA7EF}.Debug|x86.ActiveCfg = Debug|Win32
		{5D395B7E-9E02-49D6-8A32-A4ED10FAA7EF}.Debug|x86.Build.0 = Debug|Win32
		{5D395B7E-9E02-49D6-8A32-A4ED10FAA7EF}.Release|x64.ActiveCfg = Release|x64
		{5D395B7E-9E02-49D6-8A32-A4ED10FAA7EF}.Release|x64.Build.0 = Release|x64
		{5D395B7E-9E02-49D6-8A32-A4ED10FAA7EF}.Release|x86.ActiveCfg = Release|Win32
		{5D395B7E-9E02-49D6-8A32-A4ED10FAA7EF}.Release|x86.Build.0 = Release|Win32
		{FC8290F0-C057-49FE-A2CF-0AD99094AF2E}.Debug|x64.ActiveCfg = Debug|x64
		{FC8290F0-C057-49FE-A2CF-0AD99094AF2E}.Debug|x64.Build.0 = Debug|x64
		{FC8290F0-C057-49FE-A2CF-0AD99094AF2E}.Debug|x86.ActiveCfg = Debug|Win32
		{FC8290F0-C057-49FE-A2CF-0AD99094AF2E}.Debug|x86.Build.0 = Debug|Win32
		{FC8290F0-C057-49FE-A2CF-0AD99094AF2E}.Release|x64.ActiveCfg = Release|x64
		{FC8290F0-C057-49FE-A2CF-0AD99094AF2E}.Release|x64.Build.0 = Release|x64
		{FC8290F0-C057-49FE-A2CF-0AD99094AF2E}.Release|x86.ActiveCfg = Release|Win32
		{FC8290F0-C057-49FE-A2CF-0AD99094AF2E}.Release|x86.Build.0 = Release|Win32
		{2807E5EB-7B41-44A6-82D3-5DB97B994306}.Debug|x64.ActiveCfg = Debug|x64
		{2807E5EB-7B41-44A6-82D3-5DB97B994306}.Debug|x64.Build.0 = Debug|x64
		{2807E5EB-7B41-44A6-82D3-5DB97B994306}.Debug|x86.ActiveCfg = Debug|Win32
		{2807E5EB-7B41-44A6-82D3-5DB97B994306}.Debug|x86.Build.0 = Debug|Win32
		{2807E5EB-7B41-44A6-82D3-5DB97B994306}.Release|x64.ActiveCfg = Release|x64
		{2807E5EB-7B41-44A6-82D3-5DB97B994306}.Release|x64.Build.0 = Release|x64
		{2807E5EB-7B41-44A6-82D3-5DB97B994306}.Release|x86.ActiveCfg = Release|Win32
		{2807E5EB-7B41-44A6-82D3-5DB97B994306}.Release|x86.Build.0 = Release|Win32
		{C963FC81-4BE1-41D0-A0BD-B18A4BC4E082}.Debug|x64.ActiveCfg = Debug|x64
		{C963FC81-4BE1-41D0-A0BD-B18A4BC4E082}.Debug|x64.Build.0 = Debug|x64
		{C963FC81-4BE1-41D0-A0BD-B18A4BC4E082}.Debug|x86.ActiveCfg = Debug|Win32
		{C963FC81-4BE1-41D0-A0BD-B18A4BC4E082}.Debug|x86.Build.0 = Debug|Win32
		{C963FC81-4BE1-41D0-A0BD-B18A4BC4E082}.Release|x64.ActiveCfg = Release|x64
		{C963FC81-4BE1-41D0-A0BD-B18A4BC4E082}.Release|x64.Build.0 = Release|x64
		{C963FC81-4BE1-41D0-A0BD-B18A4BC4E082}.Release|x86.ActiveCfg = Release|Win32
		{C963FC81-4BE1-41D0-A0BD-B18A4BC4E082}.Release|x86.Build.0 = Release|Win32
		{06B843B4-3EBC-48D1-B7CF-2DC857EE72FB}.Debug|x64.ActiveCfg = Debug|x64
		{06B843B4-3EBC-48D1-B7CF-2DC857EE72FB}.Debug|x64.Build.0 = Debug|x64
		{06B843B4-3EBC-48D1-B7CF-2DC857EE72FB}.Debug|x86.ActiveCfg = Debug|Win32
		{06B843B4-3EBC-48D1-B7CF-2DC857EE72FB}.Debug|x86.Build.0 = Debug|Win32
		{06B843B4-3EBC-48D1-B7CF-2DC857EE72FB}.Release|x64.ActiveCfg = Release|x64
		{06B843B4-3EBC-48D1-B7CF-2DC857EE72FB}.Release|x64.Build.0 = Release|x64
		{06B843B4-3EBC-48D1-B7CF-2DC857EE72FB}.Release|x86.ActiveCfg = Release|Win32
		{06B843B4-3EBC-48D1-B7CF-2DC857EE72FB}.Release|x86.Build.0 = Release|Win32
		{30617010-8675-4D94-BEC5-AABE29AF4F55}.Debug|x64.ActiveCfg = Debug|x64
		{30617010-8675-4D94-BEC5-AABE29AF4F55}.Debug|x64.Build.0 = Debug|x64
		{30617010-8675-4D94-BEC5-AABE29AF4F55}.Debug|x86.ActiveCfg = Debug|Win32
		{30617010-8675-4D94-BEC5-AABE29AF4F55}.Debug|x86.Build.0 = Debug|Win32
		{30617010-8675-4D94-BEC5-AABE29AF4F55}.Release|x64.ActiveCfg = Release|x64
		{30617010-8675-4D94-BEC5-AABE29AF4F55}.Release|x64.Build.0 = Release|x64
		{30617010-8675-4D94-BEC5-AABE29AF4F55}.Release|x86.ActiveCfg = Release|Win32
		{30617010-8675-4D94-BEC5-AABE29AF4F55}.Release|x86.Build.0 = Release|Win32
		{2334854E-CE59-45A2-B3BC-121A394F7E0D}.Debug|x64.ActiveCfg = Debug|x64
		{2334854E-CE59-45A2-B3BC-121A394F7E0D}.Debug|x64.Build.0 = Debug|x64
		{2334854E-CE59-45A2-B3BC-121A394F7E0D}.Debug|x86.ActiveCfg = Debug|Win32
		{2334854E-CE59-45A2-B3BC-121A394F7E0D}.Debug|x86.Build.0 = Debug|Win32
		{2334854E-CE59-45A2-B3BC-121A394F7E0D}.Release|x64.ActiveCfg = Release|x64
		{2334854E-CE59-45A2-B3BC-121A394F7E0D}.Release|x64.Build.0 = Release|x64
		{2334854E-CE59-45A2-B3BC-121A394F7E0D}.Release|x86.ActiveCfg = Release|Win32
		{2334854E-CE59-45A2-B3BC-121A394F7E0D}.Release|x86.Build.0 = Release|Win32
		{DB0A065D-0158-4B21-A895-AAEA9CF45A17}.Debug|x64.ActiveCfg = Debug|x64
		{DB0A065D-0158-4B21-A895-AAEA9CF45A17}.Debug|x64.Build.0 = Debug|x64
		{DB0A065D-0158-4B21-A895-AAEA9CF45A17}.Debug|x86.ActiveCfg = Debug|Win32
		{DB0A065D-0158-4B21-A895-AAEA9CF45A17}.Debug|x86.Build.0 = Debug|Win32
		{DB0A065D-0158-4B21-A895-AAEA9CF45A17}.Release|x64.ActiveCfg = Release|x64
		{DB0A065D-0158-4B21-A895-AAEA9CF45A17}.Release|x64.Build.0 = Release|x64
		{DB0A065D-0158-4B21-A895-AAEA9CF45A17}.Release|x86.ActiveCfg = Release|Win32
		{DB0A065D-0158-4B21-A895-AAEA9CF45A17}.Release|x86.Build.0 = Release|Win32
		{6F22EE43-00BD-44D5-9B17-73DFA9150313}.Debug|x64.ActiveCfg = Debug|x64
		{6F22EE43-00BD-44D5-9B17-73DFA9150313}.Debug|x64.Build.0 = Debug|x64
		{6F22EE43-00BD-44D5-9B17-73DFA9150313}.Debug|x86.ActiveCfg = Debug|Win32
		{6F22EE43-00BD-44D5-9B17-73DFA9150313}.Debug|x86.Build.0 = Debug|Win32
		{6F22EE43-00BD-44D5-9B17-73DFA9150313}.Release|x64.ActiveCfg = Release|x64
		{6F22EE43-00BD-44D5-9B17-73DFA9150313}.Release|x64.Build.0 = Release|x64
		{6F22EE43-00BD-44D5-9B17-73DFA9150313}.Release|x86.ActiveCfg = Release|Win32
		{6F22EE43-00BD-44D5-9B17-73DFA9150313}.Release|x86.Build.0 = Release|Win32
		{EFC27D9B-68C4-4154-9B1D-08DD800E07AF}.Debug|x64.ActiveCfg = Debug|x64
		{EFC27D9B-68C4-4154-9B1D-08DD800E07AF}.Debug|x64.Build.0 = Debug|x64
		{EFC27D9B-68C4-4154-9B1D-08DD800E07AF}.Debug|x86.ActiveCfg = Debug|Win32
		{EFC27D9B-68C4-4154-9B1D-08DD800E07AF}.Debug|x86.Build.0 = Debug|Win32
		{EFC27D9B-68C4-4154-9B1D-08DD800E07AF}.Release|x64.ActiveCfg = Release|x64
		{EFC27D9B-68C4-4154-9B1D-08DD800E07AF}.Release|x64.Build.0 = Release|x64
		{EFC27D9B-68C4-4154-9B1D-08DD800E07AF}.Release|x86.ActiveCfg = Release|Win32
		{EFC27D9B-68C4-4154-9B1D-08DD800E07AF}.Release|x86.Build.0 = Release|Win32
	EndGlobalSection
	GlobalSection(SolutionProperties) = preSolution
		HideSolutionNode = FALSE
	EndGlobalSection
	GlobalSection(NestedProjects) = preSolution
		{D77C1286-692B-4D92-98A8-D00ED7046FA9} = {DD1383C3-B2EE-49F9-8ADC-088A4769A6C6}
		{2C892575-B425-4531-B6A1-F7843DB7F5D8} = {DD1383C3-B2EE-49F9-8ADC-088A4769A6C6}
		{15EABC36-71EE-4F32-B362-B8D0E2938C69} = {DD1383C3-B2EE-49F9-8ADC-088A4769A6C6}
		{C6924556-7573-40C8-8191-037DEAC00A32} = {DD1383C3-B2EE-49F9-8ADC-088A4769A6C6}
		{82E1BA87-6ACA-451F-B16B-F1F4C7022F86} = {DD1383C3-B2EE-49F9-8ADC-088A4769A6C6}
		{6021C304-5463-47C0-BA27-BC618EBC5479} = {DD1383C3-B2EE-49F9-8ADC-088A4769A6C6}
		{ACA8D4E7-452D-47D3-80B0-72AFD968A2A5} = {DD1383C3-B2EE-49F9-8ADC-088A4769A6C6}
		{900BEC9A-552A-4A0B-9711-26C3383AF406} = {DD1383C3-B2EE-49F9-8ADC-088A4769A6C6}
		{1A7DC208-010E-45EF-980A-934875BD4C3A} = {DD1383C3-B2EE-49F9-8ADC-088A4769A6C6}
		{28DFC905-45BF-4502-8F77-272923F130E3} = {DD1383C3-B2EE-49F9-8ADC-088A4769A6C6}
		{B4750AB5-82A9-45F8-8223-6076FC0A0285} = {DD1383C3-B2EE-49F9-8ADC-088A4769A6C6}
		{5CAD50F5-1FA8-48B9-AC79-192B0221524D} = {DD1383C3-B2EE-49F9-8ADC-088A4769A6C6}
		{9E26298D-BE1F-4929-AFC5-D1F1EB3A39E1} = {1EA201D8-7A5A-49F1-A8D1-E5294CEF4FF0}
		{88F54405-B1BC-4D7E-B64E-E75C08951B0C} = {1EA201D8-7A5A-49F1-A8D1-E5294CEF4FF0}
		{AC614AE0-CEE7-4196-8DB1-D2D90B873FE1} = {1EA201D8-7A5A-49F1-A8D1-E5294CEF4FF0}
		{975A4348-FC67-4EAB-88F4-297C6BADCF9E} = {DD1383C3-B2EE-49F9-8ADC-088A4769A6C6}
		{BA850BE0-C5EE-4A06-A4DE-F4C0C5DFF83F} = {DD1383C3-B2EE-49F9-8ADC-088A4769A6C6}
		{65AAF5E1-7E51-46FC-8A55-62BA44564A53} = {DD1383C3-B2EE-49F9-8ADC-088A4769A6C6}
		{5025EBE5-4D9A-458B-8DA5-C5D0C599ACD1} = {DD1383C3-B2EE-49F9-8ADC-088A4769A6C6}
		{0A4E8AE7-BCA1-4360-B6EB-D0D929505A4E} = {DD1383C3-B2EE-49F9-8ADC-088A4769A6C6}
		{BB58D51F-6AC7-4512-92C6-A1F58993BB2D} = {DD1383C3-B2EE-49F9-8ADC-088A4769A6C6}
		{77EB4E72-A406-44A4-9143-D3E5FD7B6B31} = {DD1383C3-B2EE-49F9-8ADC-088A4769A6C6}
		{A2F8437E-F113-466E-810F-469D45AA1B47} = {1EA201D8-7A5A-49F1-A8D1-E5294CEF4FF0}
		{60C55B64-0051-42DC-9333-F9DC3B596F80} = {DD1383C3-B2EE-49F9-8ADC-088A4769A6C6}
		{580269B6-6F46-456B-A34B-8915054DDEAF} = {DD1383C3-B2EE-49F9-8ADC-088A4769A6C6}
		{EAFA0B07-C253-44A8-A2EB-930CE6E0CAD1} = {DD1383C3-B2EE-49F9-8ADC-088A4769A6C6}
		{E457ED5F-4323-4B28-A161-D199513AA3ED} = {DD1383C3-B2EE-49F9-8ADC-088A4769A6C6}
		{D54EE74F-34FE-4AD4-96DE-ED73898386EC} = {DD1383C3-B2EE-49F9-8ADC-088A4769A6C6}
		{5254C381-434F-4239-8906-BC6DE671154C} = {1EA201D8-7A5A-49F1-A8D1-E5294CEF4FF0}
		{136E787F-F0B0-4C55-B92E-927A948A1C25} = {DD1383C3-B2EE-49F9-8ADC-088A4769A6C6}
		{946D73AC-9164-4998-9597-1CA99011A83F} = {DD1383C3-B2EE-49F9-8ADC-088A4769A6C6}
		{5D395B7E-9E02-49D6-8A32-A4ED10FAA7EF} = {DD1383C3-B2EE-49F9-8ADC-088A4769A6C6}
		{FC8290F0-C057-49FE-A2CF-0AD99094AF2E} = {1EA201D8-7A5A-49F1-A8D1-E5294CEF4FF0}
		{2807E5EB-7B41-44A6-82D3-5DB97B994306} = {1EA201D8-7A5A-49F1-A8D1-E5294CEF4FF0}
		{C963FC81-4BE1-41D0-A0BD-B18A4BC4E082} = {DD1383C3-B2EE-49F9-8ADC-088A4769A6C6}
		{06B843B4-3EBC-48D1-B7CF-2DC857EE72FB} = {DD1383C3-B2EE-49F9-8ADC-088A4769A6C6}
		{30617010-8675-4D94-BEC5-AABE29AF4F55} = {DD1383C3-B2EE-49F9-8ADC-088A4769A6C6}
		{2334854E-CE59-45A2-B3BC-121A394F7E0D} = {DD1383C3-B2EE-49F9-8ADC-088A4769A6C6}
		{DB0A065D-0158-4B21-A895-AAEA9CF45A17} = {DD1383C3-B2EE-49F9-8ADC-088A4769A6C6}
		{6F22EE43-00BD-44D5-9B17-73DFA9150313} = {DCF3AAFB-0876-494E-B804-AE5610B9B4B0}
		{EFC27D9B-68C4-4154-9B1D-08DD800E07AF} = {DCF3AAFB-0876-494E-B804-AE5610B9B4B0}
	EndGlobalSection
	GlobalSection(ExtensibilityGlobals) = postSolution
		SolutionGuid = {363FF8B0-F0BA-49C2-9185-6B26B67E97FE}
	EndGlobalSection
EndGlobal
