<?xml version="1.0" encoding="utf-8"?>
<Project ToolsVersion="4.0" xmlns="http://schemas.microsoft.com/developer/msbuild/2003">
  <ItemGroup>
    <ClCompile Include="Monster.cpp">
      <Filter>Actor</Filter>
    </ClCompile>
    <ClCompile Include="Player.cpp">
      <Filter>Actor</Filter>
    </ClCompile>
    <ClCompile Include="FightUnit.cpp">
      <Filter>Base</Filter>
    </ClCompile>
    <ClCompile Include="StatusUnit.cpp">
      <Filter>Base</Filter>
    </ClCompile>
    <ClCompile Include="Weapon.cpp">
      <Filter>Component</Filter>
    </ClCompile>
    <ClCompile Include="FightZone.cpp">
      <Filter>Map</Filter>
    </ClCompile>
    <ClCompile Include="Town.cpp">
      <Filter>Map</Filter>
    </ClCompile>
    <ClCompile Include="NameUnit.cpp">
      <Filter>Base</Filter>
    </ClCompile>
    <ClCompile Include="MainMenu.cpp">
      <Filter>Map</Filter>
    </ClCompile>
    <ClCompile Include="ZoneBase.cpp">
      <Filter>Map</Filter>
    </ClCompile>
    <ClCompile Include="My_TextRPG.cpp">
      <Filter>Core</Filter>
    </ClCompile>
  </ItemGroup>
  <ItemGroup>
    <ClInclude Include="Monster.h">
      <Filter>Actor</Filter>
    </ClInclude>
    <ClInclude Include="Player.h">
      <Filter>Actor</Filter>
    </ClInclude>
    <ClInclude Include="FightUnit.h">
      <Filter>Base</Filter>
    </ClInclude>
    <ClInclude Include="StatusUnit.h">
      <Filter>Base</Filter>
    </ClInclude>
    <ClInclude Include="Weapon.h">
      <Filter>Component</Filter>
    </ClInclude>
    <ClInclude Include="FightZone.h">
      <Filter>Map</Filter>
    </ClInclude>
    <ClInclude Include="Town.h">
      <Filter>Map</Filter>
    </ClInclude>
    <ClInclude Include="NameUnit.h">
      <Filter>Base</Filter>
    </ClInclude>
    <ClInclude Include="MainMenu.h">
      <Filter>Map</Filter>
    </ClInclude>
    <ClInclude Include="ZoneBase.h">
      <Filter>Map</Filter>
    </ClInclude>
  </ItemGroup>
  <ItemGroup>
    <Filter Include="Actor">
      <UniqueIdentifier>{6427a594-caa3-47e1-ba66-150eb2f0f17c}</UniqueIdentifier>
    </Filter>
    <Filter Include="Base">
      <UniqueIdentifier>{1ae5e486-5718-42f0-bd79-a3aa6b6e30bc}</UniqueIdentifier>
    </Filter>
    <Filter Include="Component">
      <UniqueIdentifier>{785b4387-58cc-4033-be73-55613bab2fed}</UniqueIdentifier>
    </Filter>
    <Filter Include="Map">
      <UniqueIdentifier>{3fa52d72-08eb-42fd-998c-e9d5e43f9c7b}</UniqueIdentifier>
    </Filter>
    <Filter Include="Core">
      <UniqueIdentifier>{f9bcc06b-4fef-4910-af1c-bbe6c1de45a8}</UniqueIdentifier>
    </Filter>
  </ItemGroup>
</Project>